# @generated by Move, please check-in and do not edit manually.

[move]
version = 2
manifest_digest = "4C9B47E7441289AA0D50D87EEB9836BD01CE3604E3B249490E7F2046EAEE3400"
deps_digest = "F8BBB0CCB2491CA29A3DF03D6F92277A4F3574266507ACD77214D37ECA3F3082"
dependencies = [
  { name = "Sui" },
]

[[move.package]]
name = "MoveStdlib"
source = { git = "https://github.com/MystenLabs/sui.git", rev = "framework/testnet", subdir = "crates\\sui-framework\\packages\\move-stdlib" }

[[move.package]]
name = "Sui"
source = { git = "https://github.com/MystenLabs/sui.git", rev = "framework/testnet", subdir = "crates/sui-framework/packages/sui-framework" }

dependencies = [
  { name = "MoveStdlib" },
]

[move.toolchain-version]
compiler-version = "1.28.2"
edition = "2024.beta"
flavor = "sui"

[env]

[env.testnet]
chain-id = "4c78adac"
original-published-id = "0xc37c0f88b0971ecb61416ac3d0d1c85cd08da639c8b0ca1b2a3518faf4825868"
latest-published-id = "0xc37c0f88b0971ecb61416ac3d0d1c85cd08da639c8b0ca1b2a3518faf4825868"
published-version = "1"

[env.mainnet]
chain-id = "35834a8a"
original-published-id = "0xac9826a6f7056a72b60cc11c05639fa3160759a05a3fe3bd719ceaae68694794"
latest-published-id = "0xac9826a6f7056a72b60cc11c05639fa3160759a05a3fe3bd719ceaae68694794"
published-version = "1"
