# @generated by Move, please check-in and do not edit manually.

[move]
version = 2
manifest_digest = "F71E96B68BD8EA642B9A2EFB188A8A85DFF6A2FB439B15868FD0B13E13CA5FE3"
deps_digest = "3C4103934B1E040BB6B23F1D610B4EF9F2F1166A50A104EADCF77467C004C600"
dependencies = [
  { name = "Sui" },
  { name = "task2" },
]

[[move.package]]
name = "MoveStdlib"
source = { git = "https://github.com/MystenLabs/sui.git", rev = "framework/testnet", subdir = "crates/sui-framework/packages/move-stdlib" }

[[move.package]]
name = "Sui"
source = { git = "https://github.com/MystenLabs/sui.git", rev = "framework/testnet", subdir = "crates/sui-framework/packages/sui-framework" }

dependencies = [
  { name = "MoveStdlib" },
]

[[move.package]]
name = "task2"
source = { local = "../task2" }

dependencies = [
  { name = "Sui" },
]

[move.toolchain-version]
compiler-version = "1.30.1"
edition = "2024.beta"
flavor = "sui"

[env]

[env.mainnet]
chain-id = "35834a8a"
original-published-id = "0x842f18b508c738d757e046a8fcde39698ee8e7300040263a30ddea37ea0eb066"
latest-published-id = "0x842f18b508c738d757e046a8fcde39698ee8e7300040263a30ddea37ea0eb066"
published-version = "1"

[env.testnet]
chain-id = "4c78adac"
original-published-id = "0xeb3be74cc43b2323d5beb2f2291a99690e34c14a1b5900c229bb8dd96202176b"
latest-published-id = "0xeb3be74cc43b2323d5beb2f2291a99690e34c14a1b5900c229bb8dd96202176b"
published-version = "1"
