# @generated by Move, please check-in and do not edit manually.

[move]
version = 2
manifest_digest = "AC9AF5916EC91596040D9A9ED2D505ADFFCBE52A7C3BD082424AB04807B7B6FB"
deps_digest = "F8BBB0CCB2491CA29A3DF03D6F92277A4F3574266507ACD77214D37ECA3F3082"
dependencies = [
  { name = "Sui" },
]

[[move.package]]
name = "MoveStdlib"
source = { local = "/home/orcas/framework/sui-testnet/crates/sui-framework/packages/move-stdlib" }

[[move.package]]
name = "Sui"
source = { local = "/home/orcas/framework/sui-testnet/crates/sui-framework/packages/sui-framework" }

dependencies = [
  { name = "MoveStdlib" },
]

[move.toolchain-version]
compiler-version = "1.24.0"
edition = "2024.beta"
flavor = "sui"
