# @generated by Move, please check-in and do not edit manually.

[move]
version = 2
manifest_digest = "46F73B7A5851983A3FA49BE7CF5BC2B76440DC460AD62ED407F5BB2342D62B81"
deps_digest = "F8BBB0CCB2491CA29A3DF03D6F92277A4F3574266507ACD77214D37ECA3F3082"
dependencies = [
  { name = "Sui" },
]

[[move.package]]
name = "MoveStdlib"
source = { git = "https://github.com/MystenLabs/sui.git", rev = "framework/testnet", subdir = "crates/sui-framework/packages/move-stdlib" }

[[move.package]]
name = "Sui"
source = { git = "https://github.com/MystenLabs/sui.git", rev = "framework/testnet", subdir = "crates/sui-framework/packages/sui-framework" }

dependencies = [
  { name = "MoveStdlib" },
]

[move.toolchain-version]
compiler-version = "1.27.0"
edition = "2024.beta"
flavor = "sui"

[env]

[env.mainnet]
chain-id = "35834a8a"
original-published-id = "0xdd839a1e1d7ab1876ab354d2aaed0e896e1917efdf0bb032dccbabadc715b018"
latest-published-id = "0xdd839a1e1d7ab1876ab354d2aaed0e896e1917efdf0bb032dccbabadc715b018"
published-version = "1"
