# @generated by Move, please check-in and do not edit manually.

[move]
version = 3
manifest_digest = "DE30C35B5C1AFB26D08A6E1857A1405AB1D75C07A9246A0F292CB36722DAD80F"
deps_digest = "F8BBB0CCB2491CA29A3DF03D6F92277A4F3574266507ACD77214D37ECA3F3082"
dependencies = [
  { id = "Sui", name = "Sui" },
]

[[move.package]]
id = "MoveStdlib"
source = { git = "https://gitee.com/MystenLabs/sui.git", rev = "framework/testnet", subdir = "crates\\sui-framework\\packages\\move-stdlib" }

[[move.package]]
id = "Sui"
source = { git = "https://gitee.com/MystenLabs/sui.git", rev = "framework/testnet", subdir = "crates/sui-framework/packages/sui-framework" }

dependencies = [
  { id = "MoveStdlib", name = "MoveStdlib" },
]

[move.toolchain-version]
compiler-version = "1.38.0"
edition = "2024.beta"
flavor = "sui"

[env]

[env.testnet]
chain-id = "4c78adac"
original-published-id = "0x7d0ab9893ec23f2f53da7ab64a49998fef56ddc7fb8385d3109d0ef26df5608d"
latest-published-id = "0x7d0ab9893ec23f2f53da7ab64a49998fef56ddc7fb8385d3109d0ef26df5608d"
published-version = "1"
