# @generated by Move, please check-in and do not edit manually.

[move]
version = 2
manifest_digest = "9D6C1171C5F2F6A55E654D1DEE9E1C7CF71AD98A4E9D7A26D658583B5208F045"
deps_digest = "F8BBB0CCB2491CA29A3DF03D6F92277A4F3574266507ACD77214D37ECA3F3082"
dependencies = [
  { name = "Sui" },
]

[[move.package]]
name = "MoveStdlib"
source = { local = "D:\\suix\\crates\\sui-framework\\packages\\move-stdlib" }

[[move.package]]
name = "Sui"
source = { local = "D:\\suix\\crates\\sui-framework\\packages\\sui-framework" }

dependencies = [
  { name = "MoveStdlib" },
]

[move.toolchain-version]
compiler-version = "1.30.1"
edition = "2024.beta"
flavor = "sui"

[env]

[env.testnet]
chain-id = "4c78adac"
original-published-id = "0x4fb508ce046c912de2b79ef063f17fabe96a5fc77d351e223eb1cf09a6219b1f"
latest-published-id = "0x4fb508ce046c912de2b79ef063f17fabe96a5fc77d351e223eb1cf09a6219b1f"
published-version = "1"
