# @generated by Move, please check-in and do not edit manually.

[move]
version = 2
manifest_digest = "4F8B2ADF16745EFF672119836ED6CDFD7B7BBB8C0D3690B4CADFFC23ABF99824"
deps_digest = "F8BBB0CCB2491CA29A3DF03D6F92277A4F3574266507ACD77214D37ECA3F3082"
dependencies = [
  { name = "Sui" },
]

[[move.package]]
name = "MoveStdlib"
source = { git = "https://github.com/MystenLabs/sui.git", rev = "framework/testnet", subdir = "crates/sui-framework/packages/move-stdlib" }

[[move.package]]
name = "Sui"
source = { git = "https://github.com/MystenLabs/sui.git", rev = "framework/testnet", subdir = "crates/sui-framework/packages/sui-framework" }

dependencies = [
  { name = "MoveStdlib" },
]

[move.toolchain-version]
compiler-version = "1.24.0"
edition = "2024.beta"
flavor = "sui"

[env]

[env.dev]
chain-id = "aba66e60"
original-published-id = "0xc5367ab34410bc2d0387f98fdfcf9cf5b2e6c47a6af8c836632727e8e6a0fbbc"
latest-published-id = "0xc5367ab34410bc2d0387f98fdfcf9cf5b2e6c47a6af8c836632727e8e6a0fbbc"
published-version = "1"
