# @generated by Move, please check-in and do not edit manually.

[move]
version = 2
manifest_digest = "4FF88879142BB8E6B8900BE6419FCA29DF1B7F48112750FAC40707DF99228B8A"
deps_digest = "3C4103934B1E040BB6B23F1D610B4EF9F2F1166A50A104EADCF77467C004C600"
dependencies = [
  { name = "Sui" },
  { name = "mycoin" },
]

[[move.package]]
name = "MoveStdlib"
source = { local = "D:\\sui1\\crates\\sui-framework\\packages\\move-stdlib" }

[[move.package]]
name = "Sui"
source = { local = "D:\\sui1\\crates\\sui-framework\\packages\\sui-framework" }

dependencies = [
  { name = "MoveStdlib" },
]

[[move.package]]
name = "mycoin"
source = { local = "D:\\move\\task2\\mycoin" }

dependencies = [
  { name = "Sui" },
]

[move.toolchain-version]
compiler-version = "1.28.0"
edition = "2024.beta"
flavor = "sui"

[env]

[env.testnet]
chain-id = "4c78adac"
original-published-id = "0xf5f9a9ba02dc63ca36ddf032ce7cb71552d6c7626885a015c2da494b69fd4ac8"
latest-published-id = "0xf5f9a9ba02dc63ca36ddf032ce7cb71552d6c7626885a015c2da494b69fd4ac8"
published-version = "1"

[env.mainnet]
chain-id = "35834a8a"
original-published-id = "0xc15c1483fe48ef1aed79376fc78ab5e83441482f909a76f4553dca580edebe61"
latest-published-id = "0xc15c1483fe48ef1aed79376fc78ab5e83441482f909a76f4553dca580edebe61"
published-version = "1"
