# @generated by Move, please check-in and do not edit manually.

[move]
version = 2
manifest_digest = "F1A4089620CCD44FD8BAF022496B9A5F5A62A114FF362C63F1C13D3046C2898C"
deps_digest = "F8BBB0CCB2491CA29A3DF03D6F92277A4F3574266507ACD77214D37ECA3F3082"
dependencies = [
  { name = "Sui" },
]

[[move.package]]
name = "MoveStdlib"
source = { git = "https://github.com/MystenLabs/sui.git", rev = "framework/testnet", subdir = "crates/sui-framework/packages/move-stdlib" }

[[move.package]]
name = "Sui"
source = { git = "https://github.com/MystenLabs/sui.git", rev = "framework/testnet", subdir = "crates/sui-framework/packages/sui-framework" }

dependencies = [
  { name = "MoveStdlib" },
]

[move.toolchain-version]
compiler-version = "1.28.3"
edition = "2024.beta"
flavor = "sui"

[env]

[env.mainnet]
chain-id = "35834a8a"
original-published-id = "0x3c0cc7d21a22fdc588711aa2a33191d6cc7b29cdebc7c20873e2cac0f7dff043"
latest-published-id = "0x3c0cc7d21a22fdc588711aa2a33191d6cc7b29cdebc7c20873e2cac0f7dff043"
published-version = "1"
