# @generated by Move, please check-in and do not edit manually.

[move]
version = 3
manifest_digest = "3F763E853037A66AF9CFB03729689DC537629328F87E17B375CF8C2440647D2C"
deps_digest = "F8BBB0CCB2491CA29A3DF03D6F92277A4F3574266507ACD77214D37ECA3F3082"
dependencies = [
  { id = "Sui", name = "Sui" },
]

[[move.package]]
id = "MoveStdlib"
source = { git = "https://gitee.com/MystenLabs/sui.git", rev = "framework/testnet", subdir = "crates\\sui-framework\\packages\\move-stdlib" }

[[move.package]]
id = "Sui"
source = { git = "https://gitee.com/MystenLabs/sui.git", rev = "framework/testnet", subdir = "crates/sui-framework/packages/sui-framework" }

dependencies = [
  { id = "MoveStdlib", name = "MoveStdlib" },
]

[move.toolchain-version]
compiler-version = "1.37.0"
edition = "2024.beta"
flavor = "sui"

[env]

[env.devnet]
chain-id = "e8c8eaba"
original-published-id = "0x808c08151f326aa453ccd40de9ae7b14e082e4375f4cfd5a80ede9d71d214ebf"
latest-published-id = "0x808c08151f326aa453ccd40de9ae7b14e082e4375f4cfd5a80ede9d71d214ebf"
published-version = "1"
