# @generated by Move, please check-in and do not edit manually.

[move]
version = 3
manifest_digest = "E5ABF5E5436A8EA95EFDC2F4387CB061545632ADE173032CCBDF095EFC2FAABD"
deps_digest = "3C4103934B1E040BB6B23F1D610B4EF9F2F1166A50A104EADCF77467C004C600"
dependencies = [
  { id = "HandsomePuddingFaucet", name = "HandsomePuddingFaucet" },
  { id = "Sui", name = "Sui" },
]

[[move.package]]
id = "HandsomePuddingFaucet"
source = { local = "..\\..\\task02\\HandsomePuddingFaucet" }

dependencies = [
  { id = "Sui", name = "Sui" },
]

[[move.package]]
id = "MoveStdlib"
source = { git = "https://github.com/MystenLabs/sui.git", rev = "framework/testnet", subdir = "crates\\sui-framework\\packages\\move-stdlib" }

[[move.package]]
id = "Sui"
source = { git = "https://github.com/MystenLabs/sui.git", rev = "framework/testnet", subdir = "crates/sui-framework/packages/sui-framework" }

dependencies = [
  { id = "MoveStdlib", name = "MoveStdlib" },
]

[move.toolchain-version]
compiler-version = "1.42.2"
edition = "2024.beta"
flavor = "sui"

[env]

[env.testnet]
chain-id = "4c78adac"
original-published-id = "0x850ebbe416d0f487f7875bb69d696647608faeb52748efbe6542ab51a5572f63"
latest-published-id = "0x850ebbe416d0f487f7875bb69d696647608faeb52748efbe6542ab51a5572f63"
published-version = "1"

[env.mainnet]
chain-id = "35834a8a"
original-published-id = "0x8a79421b75e0a2510ea22b1580620b7f3acc48ac6e79ba21094da50fb748616c"
latest-published-id = "0x8a79421b75e0a2510ea22b1580620b7f3acc48ac6e79ba21094da50fb748616c"
published-version = "1"
