# @generated by Move, please check-in and do not edit manually.

[move]
version = 2
manifest_digest = "DBB4F00371C40E710573C15EF9270D0B4404F5BD39AFF153C33F71BB3CDED676"
deps_digest = "F8BBB0CCB2491CA29A3DF03D6F92277A4F3574266507ACD77214D37ECA3F3082"
dependencies = [
  { name = "Sui" },
]

[[move.package]]
name = "MoveStdlib"
source = { git = "https://github.com/MystenLabs/sui.git", rev = "framework/testnet", subdir = "crates\\sui-framework\\packages\\move-stdlib" }

[[move.package]]
name = "Sui"
source = { git = "https://github.com/MystenLabs/sui.git", rev = "framework/testnet", subdir = "crates/sui-framework/packages/sui-framework" }

dependencies = [
  { name = "MoveStdlib" },
]

[move.toolchain-version]
compiler-version = "1.24.1"
edition = "2024.beta"
flavor = "sui"

[env]

[env.testnet]
chain-id = "4c78adac"
original-published-id = "0x5f6d5213c3cdb56286707ceb714847ac1e1a82bdddc99f7212791f3287826cce"
latest-published-id = "0x5f6d5213c3cdb56286707ceb714847ac1e1a82bdddc99f7212791f3287826cce"
published-version = "1"
