# @generated by Move, please check-in and do not edit manually.

[move]
version = 3
manifest_digest = "D14C61E83213CA2FCDF7323D89D7B77C4189C5FC216D359CDD85BE38CF83D62F"
deps_digest = "F8BBB0CCB2491CA29A3DF03D6F92277A4F3574266507ACD77214D37ECA3F3082"
dependencies = [
  { id = "Sui", name = "Sui" },
]

[[move.package]]
id = "MoveStdlib"
source = { git = "https://github.com/MystenLabs/sui.git", rev = "framework/testnet", subdir = "crates\\sui-framework\\packages\\move-stdlib" }

[[move.package]]
id = "Sui"
source = { git = "https://github.com/MystenLabs/sui.git", rev = "framework/testnet", subdir = "crates/sui-framework/packages/sui-framework" }

dependencies = [
  { id = "MoveStdlib", name = "MoveStdlib" },
]

[move.toolchain-version]
compiler-version = "1.37.1"
edition = "2024.beta"
flavor = "sui"

[env]

[env.testnet]
chain-id = "4c78adac"
original-published-id = "0x1ee1ac7448b211837dbb232dcdc9c18915d3490943082a2368c63506e6e2d3b1"
latest-published-id = "0x1ee1ac7448b211837dbb232dcdc9c18915d3490943082a2368c63506e6e2d3b1"
published-version = "1"
