# @generated by Move, please check-in and do not edit manually.

[move]
version = 2
manifest_digest = "5575CBA6A89F80AD48543033EF2DF881660921C1C0D2386C902D9FCA180E0DC9"
deps_digest = "F8BBB0CCB2491CA29A3DF03D6F92277A4F3574266507ACD77214D37ECA3F3082"
dependencies = [
  { name = "Sui" },
]

[[move.package]]
name = "MoveStdlib"
source = { git = "https://gitee.com/mystenLabs/sui.git", rev = "framework/testnet", subdir = "crates/sui-framework/packages/move-stdlib" }

[[move.package]]
name = "Sui"
source = { git = "https://gitee.com/mystenLabs/sui.git", rev = "framework/testnet", subdir = "crates/sui-framework/packages/sui-framework" }

dependencies = [
  { name = "MoveStdlib" },
]

[move.toolchain-version]
compiler-version = "1.30.1"
edition = "2024.beta"
flavor = "sui"

[env]

[env.test]
chain-id = "4c78adac"
original-published-id = "0xfc07dbf1d2be68de0d398c8f5c51ad87737db12c1f30f8ae20ef38dca00fbe00"
latest-published-id = "0xfc07dbf1d2be68de0d398c8f5c51ad87737db12c1f30f8ae20ef38dca00fbe00"
published-version = "1"
