# @generated by Move, please check-in and do not edit manually.

[move]
version = 2
manifest_digest = "C5C19181C5ACF9AE4B4B608E11E7F5A1768B454ECACB4E50F87E874BFE83362A"
deps_digest = "3C4103934B1E040BB6B23F1D610B4EF9F2F1166A50A104EADCF77467C004C600"
dependencies = [
  { name = "Sui" },
  { name = "task2" },
]

[[move.package]]
name = "MoveStdlib"
source = { git = "https://gitee.com/MystenLabs/sui.git", rev = "framework/testnet", subdir = "crates\\sui-framework\\packages\\move-stdlib" }

[[move.package]]
name = "Sui"
source = { git = "https://gitee.com/MystenLabs/sui.git", rev = "framework/testnet", subdir = "crates/sui-framework/packages/sui-framework" }

dependencies = [
  { name = "MoveStdlib" },
]

[[move.package]]
name = "task2"
source = { local = "..\\task2" }

dependencies = [
  { name = "Sui" },
]

[move.toolchain-version]
compiler-version = "1.30.1"
edition = "2024.beta"
flavor = "sui"

[env]

[env.testnet]
chain-id = "4c78adac"
original-published-id = "0xfe4b94283d33566f3315e73e548169884307cf61ceb4026056d80c7c6b87adbb"
latest-published-id = "0xfe4b94283d33566f3315e73e548169884307cf61ceb4026056d80c7c6b87adbb"
published-version = "1"

