# @generated by Move, please check-in and do not edit manually.

[move]
version = 3
manifest_digest = "6A9EA0C7B2B1375E2F2C241BAE6B953FCD018775846DEDBA226EFBFB2FB6E003"
deps_digest = "F9B494B64F0615AED0E98FC12A85B85ECD2BC5185C22D30E7F67786BB52E507C"
dependencies = [
  { id = "Bridge", name = "Bridge" },
  { id = "MoveStdlib", name = "MoveStdlib" },
  { id = "Sui", name = "Sui" },
  { id = "SuiSystem", name = "SuiSystem" },
]

[[move.package]]
id = "Bridge"
source = { git = "https://github.com/MystenLabs/sui.git", rev = "2c930c25f8d3", subdir = "crates/sui-framework/packages/bridge" }

dependencies = [
  { id = "MoveStdlib", name = "MoveStdlib" },
  { id = "Sui", name = "Sui" },
  { id = "SuiSystem", name = "SuiSystem" },
]

[[move.package]]
id = "MoveStdlib"
source = { git = "https://github.com/MystenLabs/sui.git", rev = "2c930c25f8d3", subdir = "crates/sui-framework/packages/move-stdlib" }

[[move.package]]
id = "Sui"
source = { git = "https://github.com/MystenLabs/sui.git", rev = "2c930c25f8d3", subdir = "crates/sui-framework/packages/sui-framework" }

dependencies = [
  { id = "MoveStdlib", name = "MoveStdlib" },
]

[[move.package]]
id = "SuiSystem"
source = { git = "https://github.com/MystenLabs/sui.git", rev = "2c930c25f8d3", subdir = "crates/sui-framework/packages/sui-system" }

dependencies = [
  { id = "MoveStdlib", name = "MoveStdlib" },
  { id = "Sui", name = "Sui" },
]

[move.toolchain-version]
compiler-version = "1.51.1"
edition = "2024.beta"
flavor = "sui"

[env]

[env.testnet]
chain-id = "4c78adac"
original-published-id = "0xfb82d1fac97c46ca3f478548eae488264042473b9082f88b6096f9492b0ceb08"
latest-published-id = "0xfb82d1fac97c46ca3f478548eae488264042473b9082f88b6096f9492b0ceb08"
published-version = "1"

[env.mainnet]
chain-id = "35834a8a"
original-published-id = "0xd324003f9bd2409e139a24ac0ec2329a6a27e1da847e1dda3927bc78343e940f"
latest-published-id = "0xd324003f9bd2409e139a24ac0ec2329a6a27e1da847e1dda3927bc78343e940f"
published-version = "1"
