# @generated by Move, please check-in and do not edit manually.

[move]
version = 3
manifest_digest = "9D4FCF5807A34E3110DFBA44AD92FEFEC55EE3DE8CF58F3D302F55D3004E70D1"
deps_digest = "F8BBB0CCB2491CA29A3DF03D6F92277A4F3574266507ACD77214D37ECA3F3082"
dependencies = [
  { id = "Sui", name = "Sui" },
]

[[move.package]]
id = "MoveStdlib"
source = { git = "https://github.com/MystenLabs/sui.git", rev = "framework/testnet", subdir = "crates/sui-framework/packages/move-stdlib" }

[[move.package]]
id = "Sui"
source = { git = "https://github.com/MystenLabs/sui.git", rev = "framework/testnet", subdir = "crates/sui-framework/packages/sui-framework" }

dependencies = [
  { id = "MoveStdlib", name = "MoveStdlib" },
]

[move.toolchain-version]
compiler-version = "1.36.2"
edition = "2024.beta"
flavor = "sui"

[env]

[env.testnet]
chain-id = "4c78adac"
original-published-id = "0x1d47e2d3ad1a2b9ef6c292f03ab8ee4674a8ac25ba8e9506e38d25822d1e150f"
latest-published-id = "0x1d47e2d3ad1a2b9ef6c292f03ab8ee4674a8ac25ba8e9506e38d25822d1e150f"
published-version = "1"

[env.mainnet]
chain-id = "35834a8a"
original-published-id = "0x3adb69d9749acdec6662209d9be6300cc0c79988622e6532447b52f4c53b6df1"
latest-published-id = "0x3adb69d9749acdec6662209d9be6300cc0c79988622e6532447b52f4c53b6df1"
published-version = "1"
