# @generated by Move, please check-in and do not edit manually.

[move]
version = 2
manifest_digest = "88B4D47E2DF096F12CBC70CF3F1B82647B4B2F72220ABE37CBB375CB42D38CFC"
deps_digest = "F8BBB0CCB2491CA29A3DF03D6F92277A4F3574266507ACD77214D37ECA3F3082"
dependencies = [
  { name = "Sui" },
]

[[move.package]]
name = "MoveStdlib"
source = { git = "https://github.com/MystenLabs/sui.git", rev = "framework/testnet", subdir = "crates/sui-framework/packages/move-stdlib" }

[[move.package]]
name = "Sui"
source = { git = "https://github.com/MystenLabs/sui.git", rev = "framework/testnet", subdir = "crates/sui-framework/packages/sui-framework" }

dependencies = [
  { name = "MoveStdlib" },
]

[move.toolchain-version]
compiler-version = "1.30.1"
edition = "2024.beta"
flavor = "sui"

[env]

[env.testnet]
chain-id = "4c78adac"
original-published-id = "0xd76a29c9388ae40613825007b360523e8993a830f991885af982b90a275eeff4"
latest-published-id = "0xd76a29c9388ae40613825007b360523e8993a830f991885af982b90a275eeff4"
published-version = "1"

[env.mainnet]
chain-id = "35834a8a"
original-published-id = "0x1f8d02082b92c84d74b4b524d5c425f5db43f2dd5268d22522920c94addbccbc"
latest-published-id = "0x1f8d02082b92c84d74b4b524d5c425f5db43f2dd5268d22522920c94addbccbc"
published-version = "1"
