# @generated by Move, please check-in and do not edit manually.

[move]
version = 2
manifest_digest = "4A25953C74344AC2A5C89A79274BC9ED61CBA2D56D7A75C636383B11FF31DAFC"
deps_digest = "F8BBB0CCB2491CA29A3DF03D6F92277A4F3574266507ACD77214D37ECA3F3082"
dependencies = [
  { name = "Sui" },
]

[[move.package]]
name = "MoveStdlib"
source = { git = "https://gitee.com/mystenLabs/sui.git", rev = "framework/testnet", subdir = "crates/sui-framework/packages/move-stdlib" }

[[move.package]]
name = "Sui"
source = { git = "https://gitee.com/mystenLabs/sui.git", rev = "framework/testnet", subdir = "crates/sui-framework/packages/sui-framework" }

dependencies = [
  { name = "MoveStdlib" },
]

[move.toolchain-version]
compiler-version = "1.23.1"
edition = "2024.beta"
flavor = "sui"

[env]

[env.devnet]
chain-id = "aba66e60"
original-published-id = "0xcf933d1d4a3db9566e8b2f987e65a03def2e123a7d09fe22d6e005491d084d44"
latest-published-id = "0xcf933d1d4a3db9566e8b2f987e65a03def2e123a7d09fe22d6e005491d084d44"
published-version = "1"

[env.test]
chain-id = "4c78adac"
original-published-id = "0xa948d7da03eeb79e35f1d3b1342a6a9ac69ba8c6ffc5d23acc70bbf2b051e7d0"
latest-published-id = "0xa948d7da03eeb79e35f1d3b1342a6a9ac69ba8c6ffc5d23acc70bbf2b051e7d0"
published-version = "1"

[env.mainnet]
chain-id = "35834a8a"
original-published-id = "0x48f4d73684f9b2bc455175dc8e51c43fc6770580569715b29d0fddd9ee7a8f64"
latest-published-id = "0x48f4d73684f9b2bc455175dc8e51c43fc6770580569715b29d0fddd9ee7a8f64"
published-version = "1"
