# @generated by Move, please check-in and do not edit manually.

[move]
version = 2
manifest_digest = "03F23717A4FC4AFAE1B93CE9875F6FB8414031F9DB3A08AD0DFD93C57620E4C5"
deps_digest = "F8BBB0CCB2491CA29A3DF03D6F92277A4F3574266507ACD77214D37ECA3F3082"
dependencies = [
  { name = "Sui" },
]

[[move.package]]
name = "MoveStdlib"
source = { git = "https://gitee.com/MystenLabs/sui.git", rev = "framework/testnet", subdir = "crates/sui-framework/packages/move-stdlib" }

[[move.package]]
name = "Sui"
source = { git = "https://gitee.com/MystenLabs/sui.git", rev = "framework/testnet", subdir = "crates/sui-framework/packages/sui-framework" }

dependencies = [
  { name = "MoveStdlib" },
]

[move.toolchain-version]
compiler-version = "1.26.0"
edition = "2024.beta"
flavor = "sui"

[env]

[env.mainnet]
chain-id = "35834a8a"
original-published-id = "0x1bc8df3c64fcd4c05fad107c1ac3aec18cf09814d6e9e1a2456be56dfc8e6bf9"
latest-published-id = "0x1bc8df3c64fcd4c05fad107c1ac3aec18cf09814d6e9e1a2456be56dfc8e6bf9"
published-version = "1"
