# @generated by Move, please check-in and do not edit manually.

[move]
version = 2
manifest_digest = "F5A4539C9C2E6073DC2B5D8BDEF12177AED4A438A739ABAC0F9672DB02306998"
deps_digest = "3C4103934B1E040BB6B23F1D610B4EF9F2F1166A50A104EADCF77467C004C600"
dependencies = [
  { name = "Sui" },
  { name = "faucet_coin" },
]

[[move.package]]
name = "MoveStdlib"
source = { git = "https://github.com/MystenLabs/sui.git", rev = "framework/testnet", subdir = "crates/sui-framework/packages/move-stdlib" }

[[move.package]]
name = "Sui"
source = { git = "https://github.com/MystenLabs/sui.git", rev = "framework/testnet", subdir = "crates/sui-framework/packages/sui-framework" }

dependencies = [
  { name = "MoveStdlib" },
]

[[move.package]]
name = "faucet_coin"
source = { local = "../../task2/faucet_coin" }

dependencies = [
  { name = "Sui" },
]

[move.toolchain-version]
compiler-version = "1.32.0"
edition = "2024.beta"
flavor = "sui"

[env]

[env.mainnet]
chain-id = "35834a8a"
original-published-id = "0x496748d4d94c241583d915fb6e81f52601dc2c813af3d5e9584d5643d69f1afd"
latest-published-id = "0x496748d4d94c241583d915fb6e81f52601dc2c813af3d5e9584d5643d69f1afd"
published-version = "1"
