# @generated by Move, please check-in and do not edit manually.

[move]
version = 3
manifest_digest = "0A4652D38CF3C3FDB79EC6C1C98FCFF7B2E933E12B84A1DA267DB28F66AFECE3"
deps_digest = "F8BBB0CCB2491CA29A3DF03D6F92277A4F3574266507ACD77214D37ECA3F3082"
dependencies = [
  { id = "Sui", name = "Sui" },
]

[[move.package]]
id = "MoveStdlib"
source = { git = "https://github.com/MystenLabs/sui.git", rev = "framework/testnet", subdir = "crates/sui-framework/packages/move-stdlib" }

[[move.package]]
id = "Sui"
source = { git = "https://github.com/MystenLabs/sui.git", rev = "framework/testnet", subdir = "crates/sui-framework/packages/sui-framework" }

dependencies = [
  { id = "MoveStdlib", name = "MoveStdlib" },
]

[move.toolchain-version]
compiler-version = "1.37.2"
edition = "2024.beta"
flavor = "sui"

[env]

[env.testnet]
chain-id = "4c78adac"
original-published-id = "0xa89c4f59af006f5fee4dfba5f2a9e75547ad5b080c1fddb8a0954104b1a5ecc3"
latest-published-id = "0xa89c4f59af006f5fee4dfba5f2a9e75547ad5b080c1fddb8a0954104b1a5ecc3"
published-version = "1"

[env.mainnet]
chain-id = "35834a8a"
original-published-id = "0x1f85ccfd317c2269b82562acd752f6f339d490f50e09cdc4444d7f54ff4fd875"
latest-published-id = "0x1f85ccfd317c2269b82562acd752f6f339d490f50e09cdc4444d7f54ff4fd875"
published-version = "1"
