# @generated by Move, please check-in and do not edit manually.

[move]
version = 3
manifest_digest = "9CB2A9764C9AB2809173759BD1B9BCC23ADC5896B33F7FAE020C527AE7A23E8D"
deps_digest = "F8BBB0CCB2491CA29A3DF03D6F92277A4F3574266507ACD77214D37ECA3F3082"
dependencies = [
  { id = "Sui", name = "Sui" },
]

[[move.package]]
id = "MoveStdlib"
source = { git = "https://github.com/MystenLabs/sui.git", rev = "framework/testnet", subdir = "crates/sui-framework/packages/move-stdlib" }

[[move.package]]
id = "Sui"
source = { git = "https://github.com/MystenLabs/sui.git", rev = "framework/testnet", subdir = "crates/sui-framework/packages/sui-framework" }

dependencies = [
  { id = "MoveStdlib", name = "MoveStdlib" },
]

[move.toolchain-version]
compiler-version = "1.38.0"
edition = "2024.beta"
flavor = "sui"

[env]

[env.testnet]
chain-id = "4c78adac"
original-published-id = "0xae480532e9cf6e6cf81fca197a2f56fd89942aa1ffa293456bafcf9d47d8052c"
latest-published-id = "0xae480532e9cf6e6cf81fca197a2f56fd89942aa1ffa293456bafcf9d47d8052c"
published-version = "1"

[env.mainnet]
chain-id = "35834a8a"
original-published-id = "0x1966e4a6c3934b69d96ef037602ffb55c7bc088a376760c9abaee7d482156ec9"
latest-published-id = "0x1966e4a6c3934b69d96ef037602ffb55c7bc088a376760c9abaee7d482156ec9"
published-version = "1"
