# @generated by Move, please check-in and do not edit manually.

[move]
version = 3
manifest_digest = "502706A36956E653002EF07D2A9F6E5DC9EBAE1D34DBE3554A144AAE5B257830"
deps_digest = "3C4103934B1E040BB6B23F1D610B4EF9F2F1166A50A104EADCF77467C004C600"
dependencies = [
  { id = "Sui", name = "Sui" },
  { id = "faucetcoin", name = "faucetcoin" },
]

[[move.package]]
id = "MoveStdlib"
source = { git = "https://gitee.com/MystenLabs/sui.git", rev = "framework/testnet", subdir = "crates\\sui-framework\\packages\\move-stdlib" }

[[move.package]]
id = "Sui"
source = { git = "https://gitee.com/MystenLabs/sui.git", rev = "framework/testnet", subdir = "crates/sui-framework/packages/sui-framework" }

dependencies = [
  { id = "MoveStdlib", name = "MoveStdlib" },
]

[[move.package]]
id = "faucetcoin"
source = { local = "..\\task2\\faucetcoin" }

dependencies = [
  { id = "Sui", name = "Sui" },
]

[move.toolchain-version]
compiler-version = "1.37.1"
edition = "2024.beta"
flavor = "sui"

[env]

[env.testnet]
chain-id = "4c78adac"
original-published-id = "0x2469a7a56c5c6354c3885847013bff03d3eeab9a399dae54b51b3e8aaca78df5"
latest-published-id = "0x2469a7a56c5c6354c3885847013bff03d3eeab9a399dae54b51b3e8aaca78df5"
published-version = "1"

[env.mainnet]
chain-id = "35834a8a"
original-published-id = "0x30699f232ac20557d5bac43114fa9db9403c6619ad8faebf6f9d93c09c9fe67c"
latest-published-id = "0x30699f232ac20557d5bac43114fa9db9403c6619ad8faebf6f9d93c09c9fe67c"
published-version = "1"
