# @generated by Move, please check-in and do not edit manually.

[move]
version = 2
manifest_digest = "0FB57D44927A6B68CD99B58A40F77AD8DB83C5E862471F0818F1B5B3F6436228"
deps_digest = "F8BBB0CCB2491CA29A3DF03D6F92277A4F3574266507ACD77214D37ECA3F3082"
dependencies = [
  { name = "Sui" },
]

[[move.package]]
name = "MoveStdlib"
source = { local = "..\\..\\..\\..\\sui\\crates\\sui-framework\\packages\\move-stdlib" }

[[move.package]]
name = "Sui"
source = { local = "..\\..\\..\\..\\sui\\crates\\sui-framework\\packages\\sui-framework" }

dependencies = [
  { name = "MoveStdlib" },
]

[move.toolchain-version]
compiler-version = "1.23.0"
edition = "2024.beta"
flavor = "sui"

[env]

[env.mainnet]
chain-id = "35834a8a"
original-published-id = "0x0c1f99e643a93aa408d55e186c9a7c0656ed497ff710ae56daa9683d4414021a"
latest-published-id = "0x0c1f99e643a93aa408d55e186c9a7c0656ed497ff710ae56daa9683d4414021a"
published-version = "1"
