# @generated by Move, please check-in and do not edit manually.

[move]
version = 2
manifest_digest = "415DBA0C10673A34C2FF9D3BF1D80CB7CF24D560C584F66482D514059CC92ED4"
deps_digest = "F8BBB0CCB2491CA29A3DF03D6F92277A4F3574266507ACD77214D37ECA3F3082"
dependencies = [
  { name = "Sui" },
]

[[move.package]]
name = "MoveStdlib"
source = { local = "/Users/hedong/.move/https___github_com_MystenLabs_sui_git_framework__devnet/crates/sui-framework/packages/move-stdlib" }

[[move.package]]
name = "Sui"
source = { local = "/Users/hedong/.move/https___github_com_MystenLabs_sui_git_framework__devnet/crates/sui-framework/packages/sui-framework" }

dependencies = [
  { name = "MoveStdlib" },
]

[move.toolchain-version]
compiler-version = "1.24.1"
edition = "2024.beta"
flavor = "sui"

[env]

[env.devnet]
chain-id = "d29677eb"
original-published-id = "0xa1d024d2be93cd7e88fdd62bdd983594100c03a519362c947e05bcd8caceca83"
latest-published-id = "0xa1d024d2be93cd7e88fdd62bdd983594100c03a519362c947e05bcd8caceca83"
published-version = "1"
