# @generated by Move, please check-in and do not edit manually.

[move]
version = 2
manifest_digest = "89394AB8ED83F066E26279B2C842CD9371F7C0605EDF6D32EC2BD964DAD8671A"
deps_digest = "F8BBB0CCB2491CA29A3DF03D6F92277A4F3574266507ACD77214D37ECA3F3082"
dependencies = [
  { name = "Sui" },
]

[[move.package]]
name = "MoveStdlib"
source = { git = "https://github.com/MystenLabs/sui.git", rev = "framework/testnet", subdir = "crates/sui-framework/packages/move-stdlib" }

[[move.package]]
name = "Sui"
source = { git = "https://github.com/MystenLabs/sui.git", rev = "framework/testnet", subdir = "crates/sui-framework/packages/sui-framework" }

dependencies = [
  { name = "MoveStdlib" },
]

[move.toolchain-version]
compiler-version = "1.25.3"
edition = "2024.beta"
flavor = "sui"

[env]

[env.testnet]
chain-id = "4c78adac"
original-published-id = "0xadc762018ef909e918db3214fea0c1e7130e57501316aa28d25f889fee109332"
latest-published-id = "0xadc762018ef909e918db3214fea0c1e7130e57501316aa28d25f889fee109332"
published-version = "1"
