# @generated by Move, please check-in and do not edit manually.

[move]
version = 2
manifest_digest = "917E16C3795B3F01271FED120E5CF6A90FC4A63AD087DB58B7C5D6EC50750EEB"
deps_digest = "F8BBB0CCB2491CA29A3DF03D6F92277A4F3574266507ACD77214D37ECA3F3082"
dependencies = [
  { name = "Sui" },
]

[[move.package]]
name = "MoveStdlib"
source = { git = "https://gitee.com/mystenLabs/sui.git", rev = "framework/testnet", subdir = "crates/sui-framework/packages/move-stdlib" }

[[move.package]]
name = "Sui"
source = { git = "https://gitee.com/mystenLabs/sui.git", rev = "framework/testnet", subdir = "crates/sui-framework/packages/sui-framework" }

dependencies = [
  { name = "MoveStdlib" },
]

[move.toolchain-version]
compiler-version = "1.30.0"
edition = "2024.beta"
flavor = "sui"

[env]

[env.testnet]
chain-id = "4c78adac"
original-published-id = "0xe6a7061d928ce12042e7d99c2c95faba18f2fbf99637e209606af88fa618f1eb"
latest-published-id = "0xe6a7061d928ce12042e7d99c2c95faba18f2fbf99637e209606af88fa618f1eb"
published-version = "1"
