# @generated by Move, please check-in and do not edit manually.

[move]
version = 3
manifest_digest = "FD01B187C8C9D6B2D76FCD572FB9AE44B9ABB1F7A415E0BFC56A08244C9E58D4"
deps_digest = "3C4103934B1E040BB6B23F1D610B4EF9F2F1166A50A104EADCF77467C004C600"
dependencies = [
  { id = "Sui", name = "Sui" },
  { id = "task2", name = "task2" },
]

[[move.package]]
id = "MoveStdlib"
source = { git = "https://github.com/MystenLabs/sui.git", rev = "framework/testnet", subdir = "crates/sui-framework/packages/move-stdlib" }

[[move.package]]
id = "Sui"
source = { git = "https://github.com/MystenLabs/sui.git", rev = "framework/testnet", subdir = "crates/sui-framework/packages/sui-framework" }

dependencies = [
  { id = "MoveStdlib", name = "MoveStdlib" },
]

[[move.package]]
id = "task2"
source = { local = "/home/dyingforge/letsmove/mover/dyingforge/code/task2" }

dependencies = [
  { id = "Sui", name = "Sui" },
]

[move.toolchain-version]
compiler-version = "1.37.3"
edition = "2024.beta"
flavor = "sui"

[env]

[env.testnet]
chain-id = "4c78adac"
original-published-id = "0x13e34ba3dcfb7ca0941d6b21c31831ca915f038619c39facd260c9c24936b352"
latest-published-id = "0x13e34ba3dcfb7ca0941d6b21c31831ca915f038619c39facd260c9c24936b352"
published-version = "1"

[env.mainnet]
chain-id = "35834a8a"
original-published-id = "0x2c3faadfbc7176762d563ffbb1375c7d5459b408aa5043b3b4ab7bd22c6b58a7"
latest-published-id = "0x2c3faadfbc7176762d563ffbb1375c7d5459b408aa5043b3b4ab7bd22c6b58a7"
published-version = "1"
