# @generated by Move, please check-in and do not edit manually.

[move]
version = 2
manifest_digest = "0281D3D5E12F756ED253B76CBE387CD2321E552981E81CC49AD2451C80CA0A1C"
deps_digest = "F8BBB0CCB2491CA29A3DF03D6F92277A4F3574266507ACD77214D37ECA3F3082"
dependencies = [
  { name = "Sui" },
]

[[move.package]]
name = "MoveStdlib"
source = { git = "https://gitee.com/MystenLabs/sui.git", rev = "framework/testnet", subdir = "crates\\sui-framework\\packages\\move-stdlib" }

[[move.package]]
name = "Sui"
source = { git = "https://gitee.com/MystenLabs/sui.git", rev = "framework/testnet", subdir = "crates/sui-framework/packages/sui-framework" }

dependencies = [
  { name = "MoveStdlib" },
]

[move.toolchain-version]
compiler-version = "1.31.1"
edition = "2024.beta"
flavor = "sui"

[env]

[env.mainnet]
chain-id = "35834a8a"
original-published-id = "0x102e036dc275164004a8bb7f4dee5d6766a9fa5d977e3b4f401bc1bccd99edde"
latest-published-id = "0x102e036dc275164004a8bb7f4dee5d6766a9fa5d977e3b4f401bc1bccd99edde"
published-version = "1"
