# @generated by Move, please check-in and do not edit manually.

[move]
version = 3
manifest_digest = "8EB223C8F40D0F546D3CD1F4773472F9D95459A9E8E5F61FE9A5E8BE25350372"
deps_digest = "F8BBB0CCB2491CA29A3DF03D6F92277A4F3574266507ACD77214D37ECA3F3082"
dependencies = [
  { id = "Sui", name = "Sui" },
]

[[move.package]]
id = "MoveStdlib"
source = { git = "https://github.com/MystenLabs/sui.git", rev = "framework/testnet", subdir = "crates/sui-framework/packages/move-stdlib" }

[[move.package]]
id = "Sui"
source = { git = "https://github.com/MystenLabs/sui.git", rev = "framework/testnet", subdir = "crates/sui-framework/packages/sui-framework" }

dependencies = [
  { id = "MoveStdlib", name = "MoveStdlib" },
]

[move.toolchain-version]
compiler-version = "1.38.2"
edition = "2024.beta"
flavor = "sui"

[env]

[env.testnet]
chain-id = "4c78adac"
original-published-id = "0xf818b69412b173c0683cdbbdb988c3a4c028dde21343a44b9ee41e7f689c0e90"
latest-published-id = "0xf818b69412b173c0683cdbbdb988c3a4c028dde21343a44b9ee41e7f689c0e90"
published-version = "1"

[env.mainnet]
chain-id = "35834a8a"
original-published-id = "0x2e4d05353d7640db60c3ea4d556a0fcf7b3147c92658a80a7aff8e874f399ece"
latest-published-id = "0x2e4d05353d7640db60c3ea4d556a0fcf7b3147c92658a80a7aff8e874f399ece"
published-version = "1"
