# @generated by Move, please check-in and do not edit manually.

[move]
version = 3
manifest_digest = "38F91517243B65BA1C6310088E81D2A9961A2D05092A4621F67E633D77AE81BF"
deps_digest = "F8BBB0CCB2491CA29A3DF03D6F92277A4F3574266507ACD77214D37ECA3F3082"
dependencies = [
  { id = "Sui", name = "Sui" },
]

[[move.package]]
id = "MoveStdlib"
source = { git = "https://github.com/MystenLabs/sui.git", rev = "framework/testnet", subdir = "crates/sui-framework/packages/move-stdlib" }

[[move.package]]
id = "Sui"
source = { git = "https://github.com/MystenLabs/sui.git", rev = "framework/testnet", subdir = "crates/sui-framework/packages/sui-framework" }

dependencies = [
  { id = "MoveStdlib", name = "MoveStdlib" },
]

[move.toolchain-version]
compiler-version = "1.37.2"
edition = "2024.beta"
flavor = "sui"

[env]

[env.testnet]
chain-id = "4c78adac"
original-published-id = "0x26a47876f0640ad190679ad0307aa60c77b6009b214f867ef7a24be1f084d51d"
latest-published-id = "0x26a47876f0640ad190679ad0307aa60c77b6009b214f867ef7a24be1f084d51d"
published-version = "1"
