# @generated by Move, please check-in and do not edit manually.

[move]
version = 3
manifest_digest = "325AC3AB9BB2E72F7111DF19E9E76883F8557A226690843B7FA418FA4C59F84C"
deps_digest = "F8BBB0CCB2491CA29A3DF03D6F92277A4F3574266507ACD77214D37ECA3F3082"
dependencies = [
  { id = "Sui", name = "Sui" },
]

[[move.package]]
id = "MoveStdlib"
source = { git = "https://github.com/MystenLabs/sui.git", rev = "framework/mainnet", subdir = "crates/sui-framework/packages/move-stdlib" }

[[move.package]]
id = "Sui"
source = { git = "https://github.com/MystenLabs/sui.git", rev = "framework/mainnet", subdir = "crates/sui-framework/packages/sui-framework" }

dependencies = [
  { id = "MoveStdlib", name = "MoveStdlib" },
]

[move.toolchain-version]
compiler-version = "1.44.2"
edition = "2024.beta"
flavor = "sui"

[env]

[env.testnet]
chain-id = "4c78adac"
original-published-id = "0xe4703a8fee8fc3b5740d21dbd5f7a998d853ef4c0cae8be9d2ee502f8927fea3"
latest-published-id = "0xe4703a8fee8fc3b5740d21dbd5f7a998d853ef4c0cae8be9d2ee502f8927fea3"
published-version = "1"

[env.mainnet]
chain-id = "35834a8a"
original-published-id = "0x13f18587ca72d7c7ab22e11946db6a6ab35c02dcff3d4f74886ea4fdee2da9c1"
latest-published-id = "0x13f18587ca72d7c7ab22e11946db6a6ab35c02dcff3d4f74886ea4fdee2da9c1"
published-version = "1"
