# @generated by Move, please check-in and do not edit manually.

[move]
version = 2
manifest_digest = "F3160226C0AED94218CB203614CB2F25C351D851D41460A8D75AC121EBC04518"
deps_digest = "F8BBB0CCB2491CA29A3DF03D6F92277A4F3574266507ACD77214D37ECA3F3082"
dependencies = [
  { name = "Sui" },
]

[[move.package]]
name = "MoveStdlib"
source = { git = "https://github.com/MystenLabs/sui.git", rev = "framework/testnet", subdir = "crates/sui-framework/packages/move-stdlib" }

[[move.package]]
name = "Sui"
source = { git = "https://github.com/MystenLabs/sui.git", rev = "framework/testnet", subdir = "crates/sui-framework/packages/sui-framework" }

dependencies = [
  { name = "MoveStdlib" },
]

[move.toolchain-version]
compiler-version = "1.26.0"
edition = "2024.beta"
flavor = "sui"

[env]

[env.mainnet]
chain-id = "35834a8a"
original-published-id = "0xe42cfc3fce991f4428174116ea1c048821492da54fd65eb8509ba64865b97e78"
latest-published-id = "0xe42cfc3fce991f4428174116ea1c048821492da54fd65eb8509ba64865b97e78"
published-version = "1"
