# @generated by Move, please check-in and do not edit manually.

[move]
version = 1
manifest_digest = "39E0F12BD0ADD1D7AA2278D5F5791C549A05599AF2C1E32CF022303948300733"
deps_digest = "F8BBB0CCB2491CA29A3DF03D6F92277A4F3574266507ACD77214D37ECA3F3082"
dependencies = [
  { name = "Sui" },
]

[[move.package]]
name = "MoveStdlib"
source = { local = "..\\sui\\crates\\sui-framework\\packages\\move-stdlib" }

[[move.package]]
name = "Sui"
source = { local = "..\\sui\\crates\\sui-framework\\packages\\sui-framework" }

dependencies = [
  { name = "MoveStdlib" },
]
