# @generated by Move, please check-in and do not edit manually.

[move]
version = 2
manifest_digest = "98378B9BB927937ADB5C53D0083EBA0196F601EB701E8D2CB6B47ED78717B01D"
deps_digest = "3C4103934B1E040BB6B23F1D610B4EF9F2F1166A50A104EADCF77467C004C600"
dependencies = [
  { name = "Sui" },
  { name = "faucet_coin" },
]

[[move.package]]
name = "MoveStdlib"
source = { git = "https://github.com/MystenLabs/sui.git", rev = "framework/testnet", subdir = "crates\\sui-framework\\packages\\move-stdlib" }

[[move.package]]
name = "Sui"
source = { git = "https://github.com/MystenLabs/sui.git", rev = "framework/testnet", subdir = "crates/sui-framework/packages/sui-framework" }

dependencies = [
  { name = "MoveStdlib" },
]

[[move.package]]
name = "faucet_coin"
source = { local = "..\\..\\task2\\faucet_coin" }

dependencies = [
  { name = "Sui" },
]

[move.toolchain-version]
compiler-version = "1.23.0"
edition = "2024.beta"
flavor = "sui"

[env]

[env.test]
chain-id = "4c78adac"
original-published-id = "0x913f259152bcc4f95a17e39c9476fe6c29322e5d8ad69078f296e71502dd57ad"
latest-published-id = "0x913f259152bcc4f95a17e39c9476fe6c29322e5d8ad69078f296e71502dd57ad"
published-version = "1"

[env.main]
chain-id = "35834a8a"
original-published-id = "0x455aba9281a360c459ac1c4b16bfc8155ce0785f7e14cb06df1147a50eb7f7f8"
latest-published-id = "0x455aba9281a360c459ac1c4b16bfc8155ce0785f7e14cb06df1147a50eb7f7f8"
published-version = "1"
