# @generated by Move, please check-in and do not edit manually.

[move]
version = 3
manifest_digest = "0965565765A92309986AA5AB2D4BD3C270737B9A55DD87C11C7FDD25E8A93F81"
deps_digest = "F9B494B64F0615AED0E98FC12A85B85ECD2BC5185C22D30E7F67786BB52E507C"
dependencies = [
  { id = "Bridge", name = "Bridge" },
  { id = "MoveStdlib", name = "MoveStdlib" },
  { id = "Sui", name = "Sui" },
  { id = "SuiSystem", name = "SuiSystem" },
]

[[move.package]]
id = "Bridge"
source = { git = "https://github.com/MystenLabs/sui.git", rev = "fbb68879cbd1", subdir = "crates/sui-framework/packages/bridge" }

dependencies = [
  { id = "MoveStdlib", name = "MoveStdlib" },
  { id = "Sui", name = "Sui" },
  { id = "SuiSystem", name = "SuiSystem" },
]

[[move.package]]
id = "MoveStdlib"
source = { git = "https://github.com/MystenLabs/sui.git", rev = "fbb68879cbd1", subdir = "crates/sui-framework/packages/move-stdlib" }

[[move.package]]
id = "Sui"
source = { git = "https://github.com/MystenLabs/sui.git", rev = "fbb68879cbd1", subdir = "crates/sui-framework/packages/sui-framework" }

dependencies = [
  { id = "MoveStdlib", name = "MoveStdlib" },
]

[[move.package]]
id = "SuiSystem"
source = { git = "https://github.com/MystenLabs/sui.git", rev = "fbb68879cbd1", subdir = "crates/sui-framework/packages/sui-system" }

dependencies = [
  { id = "MoveStdlib", name = "MoveStdlib" },
  { id = "Sui", name = "Sui" },
]

[move.toolchain-version]
compiler-version = "1.47.0"
edition = "2024.beta"
flavor = "sui"

[env]

[env.testnet]
chain-id = "4c78adac"
original-published-id = "0xacc44eb513363d484b574262c16e046f5d0a24afae83a6ef9a388ca86f21dbfd"
latest-published-id = "0xacc44eb513363d484b574262c16e046f5d0a24afae83a6ef9a388ca86f21dbfd"
published-version = "1"

[env.mainnet]
chain-id = "35834a8a"
original-published-id = "0x872179354fa62e76740dc9d29085223b7e2cb9713ec8ba39e2d959b0a5a4c69b"
latest-published-id = "0x872179354fa62e76740dc9d29085223b7e2cb9713ec8ba39e2d959b0a5a4c69b"
published-version = "1"
