# @generated by Move, please check-in and do not edit manually.

[move]
version = 3
manifest_digest = "7F650876CC9EE67319A968C7F5961F6DD4BC73C61B653A714D28E0C7627AF859"
deps_digest = "060AD7E57DFB13104F21BE5F5C3759D03F0553FC3229247D9A7A6B45F50D03A3"
dependencies = [
  { id = "Sui", name = "Sui" },
  { id = "faucetcoin", name = "faucetcoin" },
  { id = "mycoin", name = "mycoin" },
]

[[move.package]]
id = "MoveStdlib"
source = { git = "https://gitee.com/MystenLabs/sui.git", rev = "framework/mainnet", subdir = "crates/sui-framework/packages/move-stdlib" }

[[move.package]]
id = "Sui"
source = { git = "https://gitee.com/MystenLabs/sui.git", rev = "framework/mainnet", subdir = "crates/sui-framework/packages/sui-framework" }

dependencies = [
  { id = "MoveStdlib", name = "MoveStdlib" },
]

[[move.package]]
id = "faucetcoin"
source = { local = "../../task2/faucetcoin" }

dependencies = [
  { id = "Sui", name = "Sui" },
]

[[move.package]]
id = "mycoin"
source = { local = "../../task2/mycoin" }

dependencies = [
  { id = "Sui", name = "Sui" },
]

[move.toolchain-version]
compiler-version = "1.37.1"
edition = "2024.beta"
flavor = "sui"

[env]

[env.mainnet]
chain-id = "35834a8a"
original-published-id = "0xfef81d348e8902d99597ed2601e187ebc6588c811b4d7da2a45d100ec94552f8"
latest-published-id = "0xfef81d348e8902d99597ed2601e187ebc6588c811b4d7da2a45d100ec94552f8"
published-version = "1"
