# @generated by Move, please check-in and do not edit manually.

[move]
version = 0
manifest_digest = "2E82F460A1646DE69C81E4A8DD0B8C7E94D51DB3001D64C53692E9DC60338CF6"
deps_digest = "F8BBB0CCB2491CA29A3DF03D6F92277A4F3574266507ACD77214D37ECA3F3082"

dependencies = [
  { name = "Sui" },
]

[[move.package]]
name = "MoveStdlib"
source = { git = "https://github.com/MystenLabs/sui.git", rev = "testnet", subdir = "crates/sui-framework/packages/move-stdlib" }

[[move.package]]
name = "Sui"
source = { git = "https://github.com/MystenLabs/sui.git", rev = "testnet", subdir = "crates/sui-framework/packages/sui-framework" }

dependencies = [
  { name = "MoveStdlib" },
]

[move.toolchain-version]
compiler-version = "1.23.0"
edition = "legacy"
flavor = "sui"

[env]

[env.testnet]
chain-id = "4c78adac"
original-published-id = "0xd3d0ed4ca0cba947d88a584fe40d02dd27fbb17176c583192b2f9b01276a5cda"
latest-published-id = "0xd3d0ed4ca0cba947d88a584fe40d02dd27fbb17176c583192b2f9b01276a5cda"
published-version = "1"
