# @generated by Move, please check-in and do not edit manually.

[move]
version = 2
manifest_digest = "40D64CB4624BE494809BF0155CD55FC37174FF90C803063018E3763F71E54784"
deps_digest = "F8BBB0CCB2491CA29A3DF03D6F92277A4F3574266507ACD77214D37ECA3F3082"
dependencies = [
  { name = "Sui" },
]

[[move.package]]
name = "MoveStdlib"
source = { git = "https://github.com/MystenLabs/sui.git", rev = "framework/testnet", subdir = "crates\\sui-framework\\packages\\move-stdlib" }

[[move.package]]
name = "Sui"
source = { git = "https://github.com/MystenLabs/sui.git", rev = "framework/testnet", subdir = "crates/sui-framework/packages/sui-framework" }

dependencies = [
  { name = "MoveStdlib" },
]

[move.toolchain-version]
compiler-version = "1.25.0"
edition = "2024.beta"
flavor = "sui"

[env]

[env.devnet]
chain-id = "f4950f51"
original-published-id = "0x0ee53e11af7a9df0a0ef85a85428e8d23e0a8f75be98d59e39646119841e3caf"
latest-published-id = "0x0ee53e11af7a9df0a0ef85a85428e8d23e0a8f75be98d59e39646119841e3caf"
published-version = "1"
