# @generated by Move, please check-in and do not edit manually.

[move]
version = 3
manifest_digest = "F736B510287895B9E312F466011986BB6BE314FD8023E38FFD53560AA5EFBB84"
deps_digest = "F8BBB0CCB2491CA29A3DF03D6F92277A4F3574266507ACD77214D37ECA3F3082"
dependencies = [
  { id = "Sui", name = "Sui" },
]

[[move.package]]
id = "MoveStdlib"
source = { git = "https://github.com/MystenLabs/sui.git", rev = "framework/mainnet", subdir = "crates\\sui-framework\\packages\\move-stdlib" }

[[move.package]]
id = "Sui"
source = { git = "https://github.com/MystenLabs/sui.git", rev = "framework/mainnet", subdir = "crates/sui-framework/packages/sui-framework" }

dependencies = [
  { id = "MoveStdlib", name = "MoveStdlib" },
]

[move.toolchain-version]
compiler-version = "1.35.2"
edition = "2024.beta"
flavor = "sui"

[env]

[env.testnet]
chain-id = "4c78adac"
original-published-id = "0x6c1e664cc9cab212a59c7d2f8d30554ce8ace9efd2858074bb59fb14c60ef0ff"
latest-published-id = "0x6c1e664cc9cab212a59c7d2f8d30554ce8ace9efd2858074bb59fb14c60ef0ff"
published-version = "1"

[env.mainnet]
chain-id = "35834a8a"
original-published-id = "0x4e393fad36baba534f8cbfa9852665c49a69be64cf5b82576f267007e187d036"
latest-published-id = "0x4e393fad36baba534f8cbfa9852665c49a69be64cf5b82576f267007e187d036"
published-version = "1"
