# @generated by Move, please check-in and do not edit manually.

[move]
version = 2
manifest_digest = "B4FE0D9F6FEEB7612B3ADBB1C7CFAC111CA20B2BDA164838513EDC94875FEBD2"
deps_digest = "F8BBB0CCB2491CA29A3DF03D6F92277A4F3574266507ACD77214D37ECA3F3082"
dependencies = [
  { name = "Sui" },
]

[[move.package]]
name = "MoveStdlib"
source = { git = "https://github.com/MystenLabs/sui.git", rev = "framework/testnet", subdir = "crates/sui-framework/packages/move-stdlib" }

[[move.package]]
name = "Sui"
source = { git = "https://github.com/MystenLabs/sui.git", rev = "framework/testnet", subdir = "crates/sui-framework/packages/sui-framework" }

dependencies = [
  { name = "MoveStdlib" },
]

[move.toolchain-version]
compiler-version = "1.23.0"
edition = "2024.beta"
flavor = "sui"

[env]

[env.devnet]
chain-id = "69a65b6d"
original-published-id = "0x42f4153a73a520bda60d7fe3c444e791a40d1bef6c34ad296193f1251d135afe"
latest-published-id = "0x42f4153a73a520bda60d7fe3c444e791a40d1bef6c34ad296193f1251d135afe"
published-version = "1"
