# @generated by Move, please check-in and do not edit manually.

[move]
version = 2
manifest_digest = "7D6140B33074DEDC48044F195764B064966709C3EF6FE0D3DD1EE2713D415769"
deps_digest = "F8BBB0CCB2491CA29A3DF03D6F92277A4F3574266507ACD77214D37ECA3F3082"
dependencies = [
  { name = "Sui" },
]

[[move.package]]
name = "MoveStdlib"
source = { git = "https://github.com/MystenLabs/sui.git", rev = "mainnet", subdir = "crates/sui-framework/packages/move-stdlib" }

[[move.package]]
name = "Sui"
source = { git = "https://github.com/MystenLabs/sui.git", rev = "mainnet", subdir = "crates/sui-framework/packages/sui-framework" }

dependencies = [
  { name = "MoveStdlib" },
]

[move.toolchain-version]
compiler-version = "1.24.1"
edition = "2024.beta"
flavor = "sui"

[env]

[env.mainnet]
chain-id = "35834a8a"
original-published-id = "0xe438fae1b5fa2142aededfc48449244f235f69f6dc28dcb53080e24809ea3faa"
latest-published-id = "0xe438fae1b5fa2142aededfc48449244f235f69f6dc28dcb53080e24809ea3faa"
published-version = "1"
