# @generated by Move, please check-in and do not edit manually.

[move]
version = 3
manifest_digest = "F4CA1F38F40529BDFBC2213B382651683037CB1DB72E98A6C34DE4C5F712CD61"
deps_digest = "F8BBB0CCB2491CA29A3DF03D6F92277A4F3574266507ACD77214D37ECA3F3082"
dependencies = [
  { id = "Sui", name = "Sui" },
]

[[move.package]]
id = "MoveStdlib"
source = { git = "https://gitee.com/MystenLabs/sui.git", rev = "framework/testnet", subdir = "crates\\sui-framework\\packages\\move-stdlib" }

[[move.package]]
id = "Sui"
source = { git = "https://gitee.com/MystenLabs/sui.git", rev = "framework/testnet", subdir = "crates/sui-framework/packages/sui-framework" }

dependencies = [
  { id = "MoveStdlib", name = "MoveStdlib" },
]

[move.toolchain-version]
compiler-version = "1.37.3"
edition = "2024.beta"
flavor = "sui"

[env]

[env.mainnet]
chain-id = "35834a8a"
original-published-id = "0x72a68fa0606318516b8f5963e428c4e30840dd0116c7a84580809c287241c03a"
latest-published-id = "0x72a68fa0606318516b8f5963e428c4e30840dd0116c7a84580809c287241c03a"
published-version = "1"
