# @generated by Move, please check-in and do not edit manually.

[move]
version = 2
manifest_digest = "2E267C18D553336099CDD31F7063857679825E46CD06EC67CC7F7FB0C20317C1"
deps_digest = "F8BBB0CCB2491CA29A3DF03D6F92277A4F3574266507ACD77214D37ECA3F3082"
dependencies = [
  { name = "Sui" },
]

[[move.package]]
name = "MoveStdlib"
source = { git = "https://github.com/MystenLabs/sui.git", rev = "framework/testnet", subdir = "crates/sui-framework/packages/move-stdlib" }

[[move.package]]
name = "Sui"
source = { git = "https://github.com/MystenLabs/sui.git", rev = "framework/testnet", subdir = "crates/sui-framework/packages/sui-framework" }

dependencies = [
  { name = "MoveStdlib" },
]

[move.toolchain-version]
compiler-version = "1.30.1"
edition = "2024.beta"
flavor = "sui"

[env]

[env.testnet]
chain-id = "4c78adac"
original-published-id = "0xae2b1a9414b088c22fbc6270179da25f1c639454d9e3aa4eec84b0f7c8d6dc12"
latest-published-id = "0xae2b1a9414b088c22fbc6270179da25f1c639454d9e3aa4eec84b0f7c8d6dc12"
published-version = "1"
