# @generated by Move, please check-in and do not edit manually.

[move]
version = 3
manifest_digest = "D00695EA7AD48991ED84455FE34C967D3351124230B6FE11E1F3FCB57B2533F2"
deps_digest = "3C4103934B1E040BB6B23F1D610B4EF9F2F1166A50A104EADCF77467C004C600"
dependencies = [
  { id = "Sui", name = "Sui" },
  { id = "al17er_coin", name = "al17er_coin" },
]

[[move.package]]
id = "MoveStdlib"
source = { git = "https://gitee.com/MystenLabs/sui.git", rev = "framework/testnet", subdir = "crates/sui-framework/packages/move-stdlib" }

[[move.package]]
id = "Sui"
source = { git = "https://gitee.com/MystenLabs/sui.git", rev = "framework/testnet", subdir = "crates/sui-framework/packages/sui-framework" }

dependencies = [
  { id = "MoveStdlib", name = "MoveStdlib" },
]

[[move.package]]
id = "al17er_coin"
source = { local = "../al17er_coin" }

dependencies = [
  { id = "Sui", name = "Sui" },
]

[move.toolchain-version]
compiler-version = "1.37.1"
edition = "2024.beta"
flavor = "sui"

[env]

[env.testnet]
chain-id = "4c78adac"
original-published-id = "0x5967431b7d2ea7ade2a5e9e8e3743516b13c3fb04f83da34ba323e334fa3104e"
latest-published-id = "0x5967431b7d2ea7ade2a5e9e8e3743516b13c3fb04f83da34ba323e334fa3104e"
published-version = "1"
