# @generated by Move, please check-in and do not edit manually.

[move]
version = 2
manifest_digest = "89A11B0FC14064E9F0514545E9387394C0E9EC0B62509F4E47F74C7DE160D0A4"
deps_digest = "F8BBB0CCB2491CA29A3DF03D6F92277A4F3574266507ACD77214D37ECA3F3082"
dependencies = [
  { name = "Sui" },
]

[[move.package]]
name = "MoveStdlib"
source = { git = "https://github.com/MystenLabs/sui.git", rev = "framework/testnet", subdir = "crates/sui-framework/packages/move-stdlib" }

[[move.package]]
name = "Sui"
source = { git = "https://github.com/MystenLabs/sui.git", rev = "framework/testnet", subdir = "crates/sui-framework/packages/sui-framework" }

dependencies = [
  { name = "MoveStdlib" },
]

[move.toolchain-version]
compiler-version = "1.28.2"
edition = "2024.beta"
flavor = "sui"

[env]

[env.testnet]
chain-id = "4c78adac"
original-published-id = "0xe61cd33b44cec19f85d8c68dbdfad3ffaaecb6fc1cbaa6246717bed540adf5a3"
latest-published-id = "0xe61cd33b44cec19f85d8c68dbdfad3ffaaecb6fc1cbaa6246717bed540adf5a3"
published-version = "1"
