# @generated by Move, please check-in and do not edit manually.

[move]
version = 2
manifest_digest = "B9AE3A5520AB41898507ABCCED0C43258D72FC61F869AE2FFD003FEF3BA88F45"
deps_digest = "F8BBB0CCB2491CA29A3DF03D6F92277A4F3574266507ACD77214D37ECA3F3082"
dependencies = [
  { name = "Sui" },
]

[[move.package]]
name = "MoveStdlib"
source = { local = "D:\\sui1\\crates\\sui-framework\\packages\\move-stdlib" }

[[move.package]]
name = "Sui"
source = { local = "D:\\sui1\\crates\\sui-framework\\packages\\sui-framework" }

dependencies = [
  { name = "MoveStdlib" },
]

[move.toolchain-version]
compiler-version = "1.25.0"
edition = "2024.beta"
flavor = "sui"

[env]

[env.devnet]
chain-id = "f4950f51"
original-published-id = "0x5eb8275d50599a8cd54aa5c52fa1f8a0f29fbbb22b05e95b889e2a370f4832b1"
latest-published-id = "0x5eb8275d50599a8cd54aa5c52fa1f8a0f29fbbb22b05e95b889e2a370f4832b1"
published-version = "1"

[env.mainnet]
chain-id = "35834a8a"
original-published-id = "0xe24d1dd5860dd4466d1f8f2da1fa8f3c3b37b007ff7be7865a6f8a6a1242c830"
latest-published-id = "0xe24d1dd5860dd4466d1f8f2da1fa8f3c3b37b007ff7be7865a6f8a6a1242c830"
published-version = "1"
