# @generated by Move, please check-in and do not edit manually.

[move]
version = 2
manifest_digest = "E214024A5F497B9980F8144B0D518157D02998C7609283A19896F9C4FA67E130"
deps_digest = "F8BBB0CCB2491CA29A3DF03D6F92277A4F3574266507ACD77214D37ECA3F3082"
dependencies = [
  { name = "Sui" },
]

[[move.package]]
name = "MoveStdlib"
source = { local = "D:\\suix\\crates\\sui-framework\\packages\\move-stdlib" }

[[move.package]]
name = "Sui"
source = { local = "D:\\suix\\crates\\sui-framework\\packages\\sui-framework" }

dependencies = [
  { name = "MoveStdlib" },
]

[move.toolchain-version]
compiler-version = "1.30.1"
edition = "2024.beta"
flavor = "sui"

[env]

[env.testnet]
chain-id = "4c78adac"
original-published-id = "0x9556cb6df647fe44532acee02b3e57de3dba25ca8ee257993097262fb98a2910"
latest-published-id = "0x9556cb6df647fe44532acee02b3e57de3dba25ca8ee257993097262fb98a2910"
published-version = "1"
