# @generated by Move, please check-in and do not edit manually.

[move]
version = 2
manifest_digest = "954803A4E4D0F3B9D09380C69CD35DA3C00498847713BEC127AC1FC11B5C687C"
deps_digest = "F8BBB0CCB2491CA29A3DF03D6F92277A4F3574266507ACD77214D37ECA3F3082"
dependencies = [
  { name = "Sui" },
]

[[move.package]]
name = "MoveStdlib"
source = { git = "https://github.com/MystenLabs/sui.git", rev = "framework/mainnet", subdir = "crates/sui-framework/packages/move-stdlib" }

[[move.package]]
name = "Sui"
source = { git = "https://github.com/MystenLabs/sui.git", rev = "framework/mainnet", subdir = "crates/sui-framework/packages/sui-framework" }

dependencies = [
  { name = "MoveStdlib" },
]

[move.toolchain-version]
compiler-version = "1.25.1"
edition = "2024.beta"
flavor = "sui"

[env]

[env.mainnet]
chain-id = "35834a8a"
original-published-id = "0x34c13155276a9ccee1638abc1c25b259e4ce32d3917249386908a115d85f8f2f"
latest-published-id = "0x34c13155276a9ccee1638abc1c25b259e4ce32d3917249386908a115d85f8f2f"
published-version = "1"
