# @generated by Move, please check-in and do not edit manually.

[move]
version = 3
manifest_digest = "4E971D11829F98340648D2F25518B72BCDAA6177AB819FAD2B594529A8844A2A"
deps_digest = "F8BBB0CCB2491CA29A3DF03D6F92277A4F3574266507ACD77214D37ECA3F3082"
dependencies = [
  { id = "Sui", name = "Sui" },
]

[[move.package]]
id = "MoveStdlib"
source = { git = "https://github.com/MystenLabs/sui.git", rev = "framework/testnet", subdir = "crates/sui-framework/packages/move-stdlib" }

[[move.package]]
id = "Sui"
source = { git = "https://github.com/MystenLabs/sui.git", rev = "framework/testnet", subdir = "crates/sui-framework/packages/sui-framework" }

dependencies = [
  { id = "MoveStdlib", name = "MoveStdlib" },
]

[move.toolchain-version]
compiler-version = "1.48.1"
edition = "2024.beta"
flavor = "sui"

[env]

[env.mainnet]
chain-id = "35834a8a"
original-published-id = "0xc5db2d26d6070aed753616e160a92dcbc1b9fa49c5badc8b08883f13b2954622"
latest-published-id = "0xc5db2d26d6070aed753616e160a92dcbc1b9fa49c5badc8b08883f13b2954622"
published-version = "1"
