# @generated by Move, please check-in and do not edit manually.

[move]
version = 2
manifest_digest = "FC7FB786F37485291C6214E1C271ECD43DF2F2BE484C8E3F661B1E381A388E80"
deps_digest = "F8BBB0CCB2491CA29A3DF03D6F92277A4F3574266507ACD77214D37ECA3F3082"
dependencies = [
  { name = "Sui" },
]

[[move.package]]
name = "MoveStdlib"
source = { git = "https://github.com/MystenLabs/sui.git", rev = "framework/testnet", subdir = "crates\\sui-framework\\packages\\move-stdlib" }

[[move.package]]
name = "Sui"
source = { git = "https://github.com/MystenLabs/sui.git", rev = "framework/testnet", subdir = "crates/sui-framework/packages/sui-framework" }

dependencies = [
  { name = "MoveStdlib" },
]

[move.toolchain-version]
compiler-version = "1.31.1"
edition = "2024.beta"
flavor = "sui"

[env]

[env.testnet]
chain-id = "4c78adac"
original-published-id = "0x0b74d4ae2ccf56fb2664a04349ffbc216e0ba933aa8a176ad0a341a5269d9260"
latest-published-id = "0x0b74d4ae2ccf56fb2664a04349ffbc216e0ba933aa8a176ad0a341a5269d9260"
published-version = "1"

[env.mainnet]
chain-id = "35834a8a"
original-published-id = "0x849624658265f290237bb1c7bf8d369f29127f5b2d797c28c3940dc9207a9cef"
latest-published-id = "0x849624658265f290237bb1c7bf8d369f29127f5b2d797c28c3940dc9207a9cef"
published-version = "1"
