# @generated by Move, please check-in and do not edit manually.

[move]
version = 2
manifest_digest = "3F4233CEAD65F5A1427B386410580A1ACC58CB8608E5118FADB8DD9E8DA91066"
deps_digest = "F8BBB0CCB2491CA29A3DF03D6F92277A4F3574266507ACD77214D37ECA3F3082"
dependencies = [
  { name = "Sui" },
]

[[move.package]]
name = "MoveStdlib"
source = { git = "https://github.com/MystenLabs/sui.git", rev = "framework/mainnet", subdir = "crates/sui-framework/packages/move-stdlib" }

[[move.package]]
name = "Sui"
source = { git = "https://github.com/MystenLabs/sui.git", rev = "framework/mainnet", subdir = "crates/sui-framework/packages/sui-framework" }

dependencies = [
  { name = "MoveStdlib" },
]

[move.toolchain-version]
compiler-version = "1.27.4"
edition = "2024.beta"
flavor = "sui"

[env]

[env.mainnet]
chain-id = "35834a8a"
original-published-id = "0x5db5229e7d4d518e03a217774b72da4059c5d0275f75da28edf929cc4a41c491"
latest-published-id = "0x5db5229e7d4d518e03a217774b72da4059c5d0275f75da28edf929cc4a41c491"
published-version = "1"
