# @generated by Move, please check-in and do not edit manually.

[move]
version = 2
manifest_digest = "6CA6BA8684E52C7425AB87DEB7B8D2BFF9FE2442552828717AC503B9C50DD72B"
deps_digest = "F8BBB0CCB2491CA29A3DF03D6F92277A4F3574266507ACD77214D37ECA3F3082"
dependencies = [
  { name = "Sui" },
]

[[move.package]]
name = "MoveStdlib"
source = { git = "https://gitee.com/MystenLabs/sui.git", rev = "framework/testnet", subdir = "crates\\sui-framework\\packages\\move-stdlib" }

[[move.package]]
name = "Sui"
source = { git = "https://gitee.com/MystenLabs/sui.git", rev = "framework/testnet", subdir = "crates/sui-framework/packages/sui-framework" }

dependencies = [
  { name = "MoveStdlib" },
]

[move.toolchain-version]
compiler-version = "1.31.1"
edition = "2024.beta"
flavor = "sui"

[env]

[env.mainnet]
chain-id = "35834a8a"
original-published-id = "0x875714b2340bf21d20af5dab41827eefe8482e169116d1cf37c1b20a10edcb87"
latest-published-id = "0x875714b2340bf21d20af5dab41827eefe8482e169116d1cf37c1b20a10edcb87"
published-version = "1"
