# @generated by Move, please check-in and do not edit manually.

[move]
version = 3
manifest_digest = "ABFF912E02E5E1D0C70ACDE9D6579AADDEBB71A7EB0011105336DDCD0604A203"
deps_digest = "3C4103934B1E040BB6B23F1D610B4EF9F2F1166A50A104EADCF77467C004C600"
dependencies = [
  { id = "Sui", name = "Sui" },
  { id = "faucet_coin", name = "faucet_coin" },
]

[[move.package]]
id = "MoveStdlib"
source = { git = "https://github.com/MystenLabs/sui.git", rev = "framework/testnet", subdir = "crates/sui-framework/packages/move-stdlib" }

[[move.package]]
id = "Sui"
source = { git = "https://github.com/MystenLabs/sui.git", rev = "framework/testnet", subdir = "crates/sui-framework/packages/sui-framework" }

dependencies = [
  { id = "MoveStdlib", name = "MoveStdlib" },
]

[[move.package]]
id = "faucet_coin"
source = { local = "../../task2/faucet_coin" }

dependencies = [
  { id = "Sui", name = "Sui" },
]

[move.toolchain-version]
compiler-version = "1.36.2"
edition = "2024.beta"
flavor = "sui"

[env]

[env.testnet]
chain-id = "4c78adac"
original-published-id = "0x56a7257f9f296157d2bed41e7640e5075df2820d9b789c02c31eb2a57224f7f4"
latest-published-id = "0x56a7257f9f296157d2bed41e7640e5075df2820d9b789c02c31eb2a57224f7f4"
published-version = "1"

[env.mainnet]
chain-id = "35834a8a"
original-published-id = "0x49b7e2f1587b5150f3ec99349f6f78c831521ccea0824d0c543a77aa909c8f03"
latest-published-id = "0x49b7e2f1587b5150f3ec99349f6f78c831521ccea0824d0c543a77aa909c8f03"
published-version = "1"
