# @generated by Move, please check-in and do not edit manually.

[move]
version = 2
manifest_digest = "66EEE44035E771DAF75F632AA74CEF393F17EB7B01C37ADEFB9E055D2DF5CE3F"
deps_digest = "F8BBB0CCB2491CA29A3DF03D6F92277A4F3574266507ACD77214D37ECA3F3082"
dependencies = [
  { name = "Sui" },
]

[[move.package]]
name = "MoveStdlib"
source = { git = "https://gitee.com/MystenLabs/sui.git", rev = "framework/testnet", subdir = "crates/sui-framework/packages/move-stdlib" }

[[move.package]]
name = "Sui"
source = { git = "https://gitee.com/MystenLabs/sui.git", rev = "framework/testnet", subdir = "crates/sui-framework/packages/sui-framework" }

dependencies = [
  { name = "MoveStdlib" },
]

[move.toolchain-version]
compiler-version = "1.30.1"
edition = "2024.beta"
flavor = "sui"

[env]

[env.main]
chain-id = "35834a8a"
original-published-id = "0x36223154170f3d9c3bc569abe5f9558b3cc133069feb4073d7a9a5a8fd1b8921"
latest-published-id = "0x36223154170f3d9c3bc569abe5f9558b3cc133069feb4073d7a9a5a8fd1b8921"
published-version = "1"

[env.test]
chain-id = "4c78adac"
original-published-id = "0x5c333854f80f944105fa9eeea7f8b6ace57d30ca608009f1bed1d2ff2fce7bc0"
latest-published-id = "0x5c333854f80f944105fa9eeea7f8b6ace57d30ca608009f1bed1d2ff2fce7bc0"
published-version = "1"
