# @generated by Move, please check-in and do not edit manually.

[move]
version = 2
manifest_digest = "EF056C66EEE508B6EC2E707C8EE589CCDB7921A5D84D629B3320552FD653CA71"
deps_digest = "F8BBB0CCB2491CA29A3DF03D6F92277A4F3574266507ACD77214D37ECA3F3082"
dependencies = [
  { name = "Sui" },
]

[[move.package]]
name = "MoveStdlib"
source = { git = "https://gitee.com/mystenLabs/sui.git", rev = "framework/devnet", subdir = "crates/sui-framework/packages/move-stdlib" }

[[move.package]]
name = "Sui"
source = { git = "https://gitee.com/mystenLabs/sui.git", rev = "framework/devnet", subdir = "crates/sui-framework/packages/sui-framework" }

dependencies = [
  { name = "MoveStdlib" },
]

[move.toolchain-version]
compiler-version = "1.23.1"
edition = "2024.beta"
flavor = "sui"

[env]

[env.suidev]
chain-id = "aba66e60"
original-published-id = "0xda3b3d49f1cac2d7c2c451b7532c82c9fe20728fe03f912a79963c6dcf7651d8"
latest-published-id = "0xda3b3d49f1cac2d7c2c451b7532c82c9fe20728fe03f912a79963c6dcf7651d8"
published-version = "1"
