# @generated by Move, please check-in and do not edit manually.

[move]
version = 2
manifest_digest = "FA396A565B3168DB8037A81F97DE7C8CD2E4E5B56F26B57AAB4CD8D5C7E1675C"
deps_digest = "F8BBB0CCB2491CA29A3DF03D6F92277A4F3574266507ACD77214D37ECA3F3082"
dependencies = [
  { name = "Sui" },
]

[[move.package]]
name = "MoveStdlib"
source = { git = "https://gitee.com/fuhaoliang/sui.git", rev = "framework/testnet", subdir = "crates/sui-framework/packages/move-stdlib" }

[[move.package]]
name = "Sui"
source = { git = "https://gitee.com/fuhaoliang/sui.git", rev = "framework/testnet", subdir = "crates/sui-framework/packages/sui-framework" }

dependencies = [
  { name = "MoveStdlib" },
]

[move.toolchain-version]
compiler-version = "1.23.1"
edition = "2024.beta"
flavor = "sui"

[env]

[env.devnet]
chain-id = "a96e98d2"
original-published-id = "0xab7bddc739c8fb63a988b6d8327eb4901d8233a7f9b1d5db272be05af52d480a"
latest-published-id = "0xab7bddc739c8fb63a988b6d8327eb4901d8233a7f9b1d5db272be05af52d480a"
published-version = "1"

[env.testnet]
chain-id = "4c78adac"
original-published-id = "0xe23b213ad149f87b0110d8c5f2b69da2b887cf8cd1c89eab6e4a4a4008fa896e"
latest-published-id = "0xe23b213ad149f87b0110d8c5f2b69da2b887cf8cd1c89eab6e4a4a4008fa896e"
published-version = "1"
