# @generated by Move, please check-in and do not edit manually.

[move]
version = 1
manifest_digest = "8B7DC3EDF1D81F9E2D46D8251E70F4B8D7097878F02438454C30AEF9F05D81D0"
deps_digest = "F8BBB0CCB2491CA29A3DF03D6F92277A4F3574266507ACD77214D37ECA3F3082"
dependencies = [
  { name = "Sui" },
]

[[move.package]]
name = "MoveStdlib"
source = { git = "https://github.com/MystenLabs/sui.git", rev = "framework/testnet", subdir = "crates\\sui-framework\\packages\\move-stdlib" }

[[move.package]]
name = "Sui"
source = { git = "https://github.com/MystenLabs/sui.git", rev = "framework/testnet", subdir = "crates/sui-framework/packages/sui-framework" }

dependencies = [
  { name = "MoveStdlib" },
]

[move.toolchain-version]
compiler-version = "1.23.0"
edition = "2024.beta"
flavor = "sui"

[env]

[env.devnet]
chain-id = "f1c1a0c0"
original-published-id = "0x2420e72cba6fc9a00fb6d8947ac7af642646aae66bcea88b048167e07245765c"
latest-published-id = "0x2420e72cba6fc9a00fb6d8947ac7af642646aae66bcea88b048167e07245765c"
published-version = "1"
