# @generated by Move, please check-in and do not edit manually.

[move]
version = 2
manifest_digest = "781D10BAC6910E826D6C18E1B5C381E8183574D53B2889831037BB0B2AB0CA56"
deps_digest = "F8BBB0CCB2491CA29A3DF03D6F92277A4F3574266507ACD77214D37ECA3F3082"
dependencies = [
  { name = "Sui" },
]

[[move.package]]
name = "MoveStdlib"
source = { git = "https://github.com/MystenLabs/sui.git", rev = "framework/testnet", subdir = "crates/sui-framework/packages/move-stdlib" }

[[move.package]]
name = "Sui"
source = { git = "https://github.com/MystenLabs/sui.git", rev = "framework/testnet", subdir = "crates/sui-framework/packages/sui-framework" }

dependencies = [
  { name = "MoveStdlib" },
]

[move.toolchain-version]
compiler-version = "1.27.0"
edition = "2024.beta"
flavor = "sui"

[env]

[env.mainnet]
chain-id = "35834a8a"
original-published-id = "0x98ac605b268d267fce113e916e7e11f0807908f79f85e709589466f993f3be2d"
latest-published-id = "0x98ac605b268d267fce113e916e7e11f0807908f79f85e709589466f993f3be2d"
published-version = "1"
