# @generated by Move, please check-in and do not edit manually.

[move]
version = 2
manifest_digest = "F5BFF01F3340B11EDB8620D3DBD4F63E23EC85588AFB820F35E17F5AE0E195E9"
deps_digest = "3C4103934B1E040BB6B23F1D610B4EF9F2F1166A50A104EADCF77467C004C600"
dependencies = [
  { name = "Sui" },
  { name = "mycoin" },
]

[[move.package]]
name = "MoveStdlib"
source = { local = "D:\\sui1\\crates\\sui-framework\\packages\\move-stdlib" }

[[move.package]]
name = "Sui"
source = { local = "D:\\sui1\\crates\\sui-framework\\packages\\sui-framework" }

dependencies = [
  { name = "MoveStdlib" },
]

[[move.package]]
name = "mycoin"
source = { local = "D:\\move\\task2\\mycoin" }

dependencies = [
  { name = "Sui" },
]

[move.toolchain-version]
compiler-version = "1.26.2"
edition = "2024.beta"
flavor = "sui"

[env]

[env.testnet]
chain-id = "4c78adac"
original-published-id = "0xc8f1bc31bb1cb8c61c34304b29c37707a043ac37044c52620ce64b3ac88d013a"
latest-published-id = "0xc8f1bc31bb1cb8c61c34304b29c37707a043ac37044c52620ce64b3ac88d013a"
published-version = "1"

[env.devnet]
chain-id = "ddb98719"
original-published-id = "0x0d64291469b9e67fb1417c53b16a9676403178969fee16ce928bf7bd58434a58"
latest-published-id = "0x0d64291469b9e67fb1417c53b16a9676403178969fee16ce928bf7bd58434a58"
published-version = "1"

[env.mainnet]
chain-id = "35834a8a"
original-published-id = "0xbb0e8bfd4ef25edffb060c1b7b9d94c5b47703006ac8642564aa9d12fd3910c8"
latest-published-id = "0xbb0e8bfd4ef25edffb060c1b7b9d94c5b47703006ac8642564aa9d12fd3910c8"
published-version = "1"
