# @generated by Move, please check-in and do not edit manually.

[move]
version = 2
manifest_digest = "6759EDE6218DA517C25426BAA7CEC8E72CA82A53765B4E17DE19A8C6CC1367A2"
deps_digest = "060AD7E57DFB13104F21BE5F5C3759D03F0553FC3229247D9A7A6B45F50D03A3"
dependencies = [
  { name = "Sui" },
  { name = "faucet_coin" },
  { name = "my_coin" },
]

[[move.package]]
name = "MoveStdlib"
source = { git = "https://github.com/MystenLabs/sui.git", rev = "framework/testnet", subdir = "crates/sui-framework/packages/move-stdlib" }

[[move.package]]
name = "Sui"
source = { git = "https://github.com/MystenLabs/sui.git", rev = "framework/testnet", subdir = "crates/sui-framework/packages/sui-framework" }

dependencies = [
  { name = "MoveStdlib" },
]

[[move.package]]
name = "faucet_coin"
source = { local = "../faucet_coin" }

dependencies = [
  { name = "Sui" },
]

[[move.package]]
name = "my_coin"
source = { local = "../my_coin" }

dependencies = [
  { name = "Sui" },
]

[move.toolchain-version]
compiler-version = "1.30.0"
edition = "2024.beta"
flavor = "sui"

[env]

[env.mainnet]
chain-id = "35834a8a"
original-published-id = "0xe13406c97851b94b9cc3121ff0b01719677dc6442009a95c062fbc5713de9f57"
latest-published-id = "0xe13406c97851b94b9cc3121ff0b01719677dc6442009a95c062fbc5713de9f57"
published-version = "1"
