# @generated by Move, please check-in and do not edit manually.

[move]
version = 2
manifest_digest = "32C852B7F617646F53FF9172D44A10EE006EB62AA7C80E741F41150FC772C54D"
deps_digest = "F8BBB0CCB2491CA29A3DF03D6F92277A4F3574266507ACD77214D37ECA3F3082"
dependencies = [
  { name = "Sui" },
]

[[move.package]]
name = "MoveStdlib"
source = { git = "https://github.com/MystenLabs/sui.git", rev = "framework/testnet", subdir = "crates/sui-framework/packages/move-stdlib" }

[[move.package]]
name = "Sui"
source = { git = "https://github.com/MystenLabs/sui.git", rev = "framework/testnet", subdir = "crates/sui-framework/packages/sui-framework" }

dependencies = [
  { name = "MoveStdlib" },
]

[move.toolchain-version]
compiler-version = "1.23.0"
edition = "2024.beta"
flavor = "sui"

[env]

[env.devnet]
chain-id = "69a65b6d"
original-published-id = "0xf3d8725a6cd7b8fa35dd2af9035cfe7f3b95c79b8e25ea732d70d3a801e51a35"
latest-published-id = "0xf3d8725a6cd7b8fa35dd2af9035cfe7f3b95c79b8e25ea732d70d3a801e51a35"
published-version = "1"

[env.testnet]
chain-id = "4c78adac"
original-published-id = "0x40f2411577de62c60491b0427a54560aa4a692b4329304678e3fdf4baafa1f7c"
latest-published-id = "0x40f2411577de62c60491b0427a54560aa4a692b4329304678e3fdf4baafa1f7c"
published-version = "1"

[env.mainnet]
chain-id = "35834a8a"
original-published-id = "0x0a122fdbdab2e5c9a0ada8d4ebb025fd7b6b7d419593eb1468c14f13ba6c92f3"
latest-published-id = "0x0a122fdbdab2e5c9a0ada8d4ebb025fd7b6b7d419593eb1468c14f13ba6c92f3"
published-version = "1"
