# @generated by Move, please check-in and do not edit manually.

[move]
version = 3
manifest_digest = "727F9231DFA38FBC242FB6758B4A86DA5519A25C5953A62C6834005875817EA1"
deps_digest = "F8BBB0CCB2491CA29A3DF03D6F92277A4F3574266507ACD77214D37ECA3F3082"
dependencies = [
  { id = "Sui", name = "Sui" },
]

[[move.package]]
id = "MoveStdlib"
source = { git = "https://github.com/MystenLabs/sui.git", rev = "framework/mainnet", subdir = "crates\\sui-framework\\packages\\move-stdlib" }

[[move.package]]
id = "Sui"
source = { git = "https://github.com/MystenLabs/sui.git", rev = "framework/mainnet", subdir = "crates/sui-framework/packages/sui-framework" }

dependencies = [
  { id = "MoveStdlib", name = "MoveStdlib" },
]

[move.toolchain-version]
compiler-version = "1.38.2"
edition = "2024.beta"
flavor = "sui"

[env]

[env.testnet]
chain-id = "4c78adac"
original-published-id = "0x6723d64d46ff1abfcc2c6ed4558ab99a0d4b13f60d83d015bb203b67d174b6af"
latest-published-id = "0x6723d64d46ff1abfcc2c6ed4558ab99a0d4b13f60d83d015bb203b67d174b6af"
published-version = "1"

[env.mainnet]
chain-id = "35834a8a"
original-published-id = "0x7e8741cbf64779d0c83971b756bc153926d89f2882be3b08ec6946f503c4e669"
latest-published-id = "0x7e8741cbf64779d0c83971b756bc153926d89f2882be3b08ec6946f503c4e669"
published-version = "1"
