# @generated by Move, please check-in and do not edit manually.

[move]
version = 3
manifest_digest = "2CDAAD741F4367BD6DF078A4E6BC7FB9603FFFB05F37913F5424AB5CCB466330"
deps_digest = "3C4103934B1E040BB6B23F1D610B4EF9F2F1166A50A104EADCF77467C004C600"
dependencies = [
  { id = "Sui", name = "Sui" },
  { id = "task2", name = "task2" },
]

[[move.package]]
id = "MoveStdlib"
source = { git = "https://gitee.com/MystenLabs/sui.git", rev = "framework/testnet", subdir = "crates/sui-framework/packages/move-stdlib" }

[[move.package]]
id = "Sui"
source = { git = "https://gitee.com/MystenLabs/sui.git", rev = "framework/testnet", subdir = "crates/sui-framework/packages/sui-framework" }

dependencies = [
  { id = "MoveStdlib", name = "MoveStdlib" },
]

[[move.package]]
id = "task2"
source = { local = "../task2" }

dependencies = [
  { id = "Sui", name = "Sui" },
]

[move.toolchain-version]
compiler-version = "1.43.1"
edition = "2024.beta"
flavor = "sui"

[env]

[env.test]
chain-id = "4c78adac"
original-published-id = "0x42592a2b9443407290b640748f1875761f7cf420f8798861588a561692c4098f"
latest-published-id = "0x42592a2b9443407290b640748f1875761f7cf420f8798861588a561692c4098f"
published-version = "1"

[env.main]
chain-id = "35834a8a"
original-published-id = "0x60b2e8e63d77b8e743f6a4496cdadcc1e48a60ca1f680d459b54696703b144eb"
latest-published-id = "0x60b2e8e63d77b8e743f6a4496cdadcc1e48a60ca1f680d459b54696703b144eb"
published-version = "1"
