# @generated by Move, please check-in and do not edit manually.

[move]
version = 3
manifest_digest = "32D7EB84BA787C940966B7A39297C6EBED4C791C1FA0B5BC5D5C7657B965FB0B"
deps_digest = "3C4103934B1E040BB6B23F1D610B4EF9F2F1166A50A104EADCF77467C004C600"
dependencies = [
  { id = "Sui", name = "Sui" },
  { id = "fish_yan_faucet", name = "fish_yan_faucet" },
]

[[move.package]]
id = "MoveStdlib"
source = { git = "https://github.com/MystenLabs/sui.git", rev = "framework/testnet", subdir = "crates/sui-framework/packages/move-stdlib" }

[[move.package]]
id = "Sui"
source = { git = "https://github.com/MystenLabs/sui.git", rev = "framework/testnet", subdir = "crates/sui-framework/packages/sui-framework" }

dependencies = [
  { id = "MoveStdlib", name = "MoveStdlib" },
]

[[move.package]]
id = "fish_yan_faucet"
source = { local = "../../task2/fish_yan_faucet" }

dependencies = [
  { id = "Sui", name = "Sui" },
]

[move.toolchain-version]
compiler-version = "1.38.3"
edition = "2024.beta"
flavor = "sui"

[env]

[env.mainnet]
chain-id = "35834a8a"
original-published-id = "0xd184632ebf05fa28b23e46ae5d6306c70a7badbe4a01a45896608e197ac8fe52"
latest-published-id = "0xd184632ebf05fa28b23e46ae5d6306c70a7badbe4a01a45896608e197ac8fe52"
published-version = "1"
