# @generated by Move, please check-in and do not edit manually.

[move]
version = 2
manifest_digest = "B5DFE43F250BB938EE9828C717632F7F086718850E759E21E47F987E609B9DFF"
deps_digest = "F8BBB0CCB2491CA29A3DF03D6F92277A4F3574266507ACD77214D37ECA3F3082"
dependencies = [
  { name = "Sui" },
]

[[move.package]]
name = "MoveStdlib"
source = { git = "https://gitee.com/mystenLabs/sui.git", rev = "framework/mainnet", subdir = "crates/sui-framework/packages/move-stdlib" }

[[move.package]]
name = "Sui"
source = { git = "https://gitee.com/mystenLabs/sui.git", rev = "framework/mainnet", subdir = "crates/sui-framework/packages/sui-framework" }

dependencies = [
  { name = "MoveStdlib" },
]

[move.toolchain-version]
compiler-version = "1.29.0"
edition = "2024.beta"
flavor = "sui"

[env]

[env.mainnet]
chain-id = "35834a8a"
original-published-id = "0x045eff3eaf7a574b1607fb8fd930adfa634e06c2e9cffe28b8963ddb499dedde"
latest-published-id = "0x045eff3eaf7a574b1607fb8fd930adfa634e06c2e9cffe28b8963ddb499dedde"
published-version = "1"
