# @generated by Move, please check-in and do not edit manually.

[move]
version = 2
manifest_digest = "9F0ACDB72F69D379F69038470CE168DBB6CF74230E1D31955DC333500D41CB7D"
deps_digest = "F8BBB0CCB2491CA29A3DF03D6F92277A4F3574266507ACD77214D37ECA3F3082"
dependencies = [
  { name = "Sui" },
]

[[move.package]]
name = "MoveStdlib"
source = { local = "..\\sui\\crates\\sui-framework\\packages\\move-stdlib" }

[[move.package]]
name = "Sui"
source = { local = "..\\sui\\crates\\sui-framework\\packages\\sui-framework" }

dependencies = [
  { name = "MoveStdlib" },
]

[move.toolchain-version]
compiler-version = "1.26.0"
edition = "2024.beta"
flavor = "sui"

[env]

[env.testnet]
chain-id = "4c78adac"
original-published-id = "0xe6e1a62f94d8c20a0cc117fe3e59d4c8c48d4cde9414929ee1155e839efbdb04"
latest-published-id = "0xe6e1a62f94d8c20a0cc117fe3e59d4c8c48d4cde9414929ee1155e839efbdb04"
published-version = "1"
