# @generated by Move, please check-in and do not edit manually.

[move]
version = 2
manifest_digest = "C7AD5E3D8C0C7D5797B782BA2F195CCCEA9BCAE8D838BC4CD1D0EAE8FBD0B456"
deps_digest = "F8BBB0CCB2491CA29A3DF03D6F92277A4F3574266507ACD77214D37ECA3F3082"
dependencies = [
  { name = "Sui" },
]

[[move.package]]
name = "MoveStdlib"
source = { git = "https://github.com/MystenLabs/sui.git", rev = "framework/testnet", subdir = "crates/sui-framework/packages/move-stdlib" }

[[move.package]]
name = "Sui"
source = { git = "https://github.com/MystenLabs/sui.git", rev = "framework/testnet", subdir = "crates/sui-framework/packages/sui-framework" }

dependencies = [
  { name = "MoveStdlib" },
]

[move.toolchain-version]
compiler-version = "1.26.0"
edition = "2024.beta"
flavor = "sui"

[env]

[env.testnet0]
chain-id = "4c78adac"
original-published-id = "0xe77481bd53ba649cf040b3d2fce0626de295bc40053803925af79fbcf41762dc"
latest-published-id = "0xe77481bd53ba649cf040b3d2fce0626de295bc40053803925af79fbcf41762dc"
published-version = "1"

[env.mainnet0]
chain-id = "35834a8a"
original-published-id = "0xe3503fc01d7a3f1ae10cf300fc798c0be6b4d414a083272a834c201e373dde4c"
latest-published-id = "0xe3503fc01d7a3f1ae10cf300fc798c0be6b4d414a083272a834c201e373dde4c"
published-version = "1"
