# @generated by Move, please check-in and do not edit manually.

[move]
version = 2
manifest_digest = "A8567275DF5F68B21560122669EB354BBCA2045CC2921D6F9B8505983172F3F9"
deps_digest = "3C4103934B1E040BB6B23F1D610B4EF9F2F1166A50A104EADCF77467C004C600"
dependencies = [
  { name = "Sui" },
  { name = "task2" },
]

[[move.package]]
name = "MoveStdlib"
source = { git = "https://github.com/MystenLabs/sui.git", rev = "framework/testnet", subdir = "crates/sui-framework/packages/move-stdlib" }

[[move.package]]
name = "Sui"
source = { git = "https://github.com/MystenLabs/sui.git", rev = "framework/testnet", subdir = "crates/sui-framework/packages/sui-framework" }

dependencies = [
  { name = "MoveStdlib" },
]

[[move.package]]
name = "task2"
source = { local = "../task2" }

dependencies = [
  { name = "Sui" },
]

[move.toolchain-version]
compiler-version = "1.25.0"
edition = "2024.beta"
flavor = "sui"

[env]

[env.testnet]
chain-id = "4c78adac"
original-published-id = "0xf7028fa160751cd6d635c7098326e8c60790ca891646458dd53270a69a2519a8"
latest-published-id = "0xf7028fa160751cd6d635c7098326e8c60790ca891646458dd53270a69a2519a8"
published-version = "1"

[env.mainnet]
chain-id = "35834a8a"
original-published-id = "0xc75e52a7d2aa9853e4ec40a780722aaa82a028ea8f76fa73da86de7d835add5e"
latest-published-id = "0xc75e52a7d2aa9853e4ec40a780722aaa82a028ea8f76fa73da86de7d835add5e"
published-version = "1"
