# @generated by Move, please check-in and do not edit manually.

[move]
version = 2
manifest_digest = "1FB1D1BFE8E76B572230DECF3B031ADFB9C71266F56FB18C9D4637185205D5CE"
deps_digest = "F8BBB0CCB2491CA29A3DF03D6F92277A4F3574266507ACD77214D37ECA3F3082"
dependencies = [
  { name = "Sui" },
]

[[move.package]]
name = "MoveStdlib"
source = { local = "..\\sui\\crates\\sui-framework\\packages\\move-stdlib" }

[[move.package]]
name = "Sui"
source = { local = "..\\sui\\crates\\sui-framework\\packages\\sui-framework" }

dependencies = [
  { name = "MoveStdlib" },
]

[move.toolchain-version]
compiler-version = "1.26.0"
edition = "2024.beta"
flavor = "sui"

[env]

[env.testnet]
chain-id = "4c78adac"
original-published-id = "0x04ec1bb3565c88005735dbea60bb836314bc9010311f0a3dd66ff6202efd31dd"
latest-published-id = "0x04ec1bb3565c88005735dbea60bb836314bc9010311f0a3dd66ff6202efd31dd"
published-version = "1"
