# @generated by Move, please check-in and do not edit manually.

[move]
version = 3
manifest_digest = "401E2831D93BD2F0A84435F5CB9F34A459452FC8E907C8927156759F751DA6F8"
deps_digest = "F8BBB0CCB2491CA29A3DF03D6F92277A4F3574266507ACD77214D37ECA3F3082"
dependencies = [
  { id = "Sui", name = "Sui" },
]

[[move.package]]
id = "MoveStdlib"
source = { git = "https://github.com/MystenLabs/sui.git", rev = "framework/testnet", subdir = "crates/sui-framework/packages/move-stdlib" }

[[move.package]]
id = "Sui"
source = { git = "https://github.com/MystenLabs/sui.git", rev = "framework/testnet", subdir = "crates/sui-framework/packages/sui-framework" }

dependencies = [
  { id = "MoveStdlib", name = "MoveStdlib" },
]

[move.toolchain-version]
compiler-version = "1.37.1"
edition = "2024.beta"
flavor = "sui"

[env]

[env.mainnet]
chain-id = "35834a8a"
original-published-id = "0x948aa00b27fbce58b5a7288acff28b845f8b5bbb214152832e3ba3267dcca2bc"
latest-published-id = "0x948aa00b27fbce58b5a7288acff28b845f8b5bbb214152832e3ba3267dcca2bc"
published-version = "1"
