# @generated by Move, please check-in and do not edit manually.

[move]
version = 2
manifest_digest = "1D0A53A1FA5B18B04B42F8CEDEAB25EF5C2A0DF3CE2E331E7FC2071B0D62389D"
deps_digest = "F8BBB0CCB2491CA29A3DF03D6F92277A4F3574266507ACD77214D37ECA3F3082"
dependencies = [
  { name = "Sui" },
]

[[move.package]]
name = "MoveStdlib"
source = { git = "https://github.com/MystenLabs/sui.git", rev = "framework/testnet", subdir = "crates/sui-framework/packages/move-stdlib" }

[[move.package]]
name = "Sui"
source = { git = "https://github.com/MystenLabs/sui.git", rev = "framework/testnet", subdir = "crates/sui-framework/packages/sui-framework" }

dependencies = [
  { name = "MoveStdlib" },
]

[move.toolchain-version]
compiler-version = "1.27.0"
edition = "2024.beta"
flavor = "sui"

[env]

[env.mainnet]
chain-id = "35834a8a"
original-published-id = "0xb0687b83e5d37b7f3e27474ecca0a89b8871699fcd1869a845c172a56e52803d"
latest-published-id = "0xb0687b83e5d37b7f3e27474ecca0a89b8871699fcd1869a845c172a56e52803d"
published-version = "1"
