# @generated by Move, please check-in and do not edit manually.

[move]
version = 2
manifest_digest = "D7BC29A1E9562FD26E5A7D49E0F5D1CB7E4A68FF37CDC026B64900E309E81094"
deps_digest = "F8BBB0CCB2491CA29A3DF03D6F92277A4F3574266507ACD77214D37ECA3F3082"
dependencies = [
  { name = "Sui" },
]

[[move.package]]
name = "MoveStdlib"
source = { git = "https://github.com/MystenLabs/sui.git", rev = "framework/testnet", subdir = "crates/sui-framework/packages/move-stdlib" }

[[move.package]]
name = "Sui"
source = { git = "https://github.com/MystenLabs/sui.git", rev = "framework/testnet", subdir = "crates/sui-framework/packages/sui-framework" }

dependencies = [
  { name = "MoveStdlib" },
]

[move.toolchain-version]
compiler-version = "1.24.0"
edition = "2024.beta"
flavor = "sui"

[env]

[env.testnet]
chain-id = "4c78adac"
original-published-id = "0x69ad06d4540f4970f37ae630f546308315413de4c41c0f67b1198f0eb2eb74f5"
latest-published-id = "0x69ad06d4540f4970f37ae630f546308315413de4c41c0f67b1198f0eb2eb74f5"
published-version = "1"

[env.mainnet]
chain-id = "35834a8a"
original-published-id = "0x508ad168492aa2c45764df4e3109b218f529db6a2cf6f94e07ee1c1759e11baf"
latest-published-id = "0x508ad168492aa2c45764df4e3109b218f529db6a2cf6f94e07ee1c1759e11baf"
published-version = "1"
