# @generated by Move, please check-in and do not edit manually.

[move]
version = 3
manifest_digest = "1402037AE6D6F6388A4E9E3496E9BAF1193923BABE84544D78161FB56A48D209"
deps_digest = "F8BBB0CCB2491CA29A3DF03D6F92277A4F3574266507ACD77214D37ECA3F3082"
dependencies = [
  { id = "Sui", name = "Sui" },
]

[[move.package]]
id = "MoveStdlib"
source = { git = "https://github.com/MystenLabs/sui.git", rev = "framework/testnet", subdir = "crates\\sui-framework\\packages\\move-stdlib" }

[[move.package]]
id = "Sui"
source = { git = "https://github.com/MystenLabs/sui.git", rev = "framework/testnet", subdir = "crates/sui-framework/packages/sui-framework" }

dependencies = [
  { id = "MoveStdlib", name = "MoveStdlib" },
]

[move.toolchain-version]
compiler-version = "1.36.0"
edition = "2024.beta"
flavor = "sui"

[env]

[env.mainnet]
chain-id = "35834a8a"
original-published-id = "0x85e54e8e7842ddd71710109c5dec3c10142418475ea078927219a4700477f0a6"
latest-published-id = "0x85e54e8e7842ddd71710109c5dec3c10142418475ea078927219a4700477f0a6"
published-version = "1"
