# @generated by Move, please check-in and do not edit manually.

[move]
version = 3
manifest_digest = "631D71D64640D411A0A651627D182D827D415B67DE6F94B3C8A2311D1CC43A75"
deps_digest = "F8BBB0CCB2491CA29A3DF03D6F92277A4F3574266507ACD77214D37ECA3F3082"
dependencies = [
  { id = "Sui", name = "Sui" },
]

[[move.package]]
id = "MoveStdlib"
source = { git = "https://gitee.com/MystenLabs/sui.git", rev = "framework/testnet", subdir = "crates/sui-framework/packages/move-stdlib" }

[[move.package]]
id = "Sui"
source = { git = "https://gitee.com/MystenLabs/sui.git", rev = "framework/testnet", subdir = "crates/sui-framework/packages/sui-framework" }

dependencies = [
  { id = "MoveStdlib", name = "MoveStdlib" },
]

[move.toolchain-version]
compiler-version = "1.37.1"
edition = "2024.beta"
flavor = "sui"

[env]

[env.mainnet]
chain-id = "35834a8a"
original-published-id = "0x25f9b3ccc1cb677d5bd40a0375df3cca37fd333e1bc25bfbd1f3802986dd2638"
latest-published-id = "0x25f9b3ccc1cb677d5bd40a0375df3cca37fd333e1bc25bfbd1f3802986dd2638"
published-version = "1"

[env.testnet]
chain-id = "4c78adac"
original-published-id = "0x4ceddf4c998593ca5b8d21f29b8d8770eb730617f0770beaf776c99c72177e04"
latest-published-id = "0x4ceddf4c998593ca5b8d21f29b8d8770eb730617f0770beaf776c99c72177e04"
published-version = "1"
