# @generated by Move, please check-in and do not edit manually.

[move]
version = 2
manifest_digest = "EC0CC78D64110412ADFEF34766E0AA263A5DEB8CD6B5852A6ADC431FEB43A8F5"
deps_digest = "060AD7E57DFB13104F21BE5F5C3759D03F0553FC3229247D9A7A6B45F50D03A3"
dependencies = [
  { name = "Sui" },
  { name = "faucet_coin" },
  { name = "my_coin" },
]

[[move.package]]
name = "MoveStdlib"
source = { git = "https://gitee.com/MystenLabs/sui.git", rev = "framework/testnet", subdir = "crates/sui-framework/packages/move-stdlib" }

[[move.package]]
name = "Sui"
source = { git = "https://gitee.com/MystenLabs/sui.git", rev = "framework/testnet", subdir = "crates/sui-framework/packages/sui-framework" }

dependencies = [
  { name = "MoveStdlib" },
]

[[move.package]]
name = "faucet_coin"
source = { local = "../../task2/faucet_coin" }

dependencies = [
  { name = "Sui" },
]

[[move.package]]
name = "my_coin"
source = { local = "../../task2/my_coin" }

dependencies = [
  { name = "Sui" },
]

[move.toolchain-version]
compiler-version = "1.30.1"
edition = "2024.beta"
flavor = "sui"

[env]

[env.mainnet]
chain-id = "35834a8a"
original-published-id = "0x74909d0331afcc1c9f8777d4d06cc3e540cd53e60659436cad2d588ab1f41008"
latest-published-id = "0x74909d0331afcc1c9f8777d4d06cc3e540cd53e60659436cad2d588ab1f41008"
published-version = "1"
