# @generated by Move, please check-in and do not edit manually.

[move]
version = 2
manifest_digest = "59CAAC2F62DDFFFF6F14AD3158F70B0759BE4CE15323C88BA1EAC5550B94976E"
deps_digest = "3C4103934B1E040BB6B23F1D610B4EF9F2F1166A50A104EADCF77467C004C600"
dependencies = [
  { name = "Sui" },
  { name = "lihuazhang_coin" },
]

[[move.package]]
name = "MoveStdlib"
source = { git = "https://github.com/MystenLabs/sui.git", rev = "framework/testnet", subdir = "crates/sui-framework/packages/move-stdlib" }

[[move.package]]
name = "Sui"
source = { git = "https://github.com/MystenLabs/sui.git", rev = "framework/testnet", subdir = "crates/sui-framework/packages/sui-framework" }

dependencies = [
  { name = "MoveStdlib" },
]

[[move.package]]
name = "lihuazhang_coin"
source = { git = "https://github.com/lihuazhang/letsmove.git", rev = "main", subdir = "mover/lihuazhang/code/lihuazhang_coin" }

dependencies = [
  { name = "Sui" },
]

[move.toolchain-version]
compiler-version = "1.23.1"
edition = "2024.beta"
flavor = "sui"

[env]

[env.testnet]
chain-id = "4c78adac"
original-published-id = "0x5476e6b23ac1123b4dc6436258fced325d95cb4d5adfa73c8f76d6103c5c9a88"
latest-published-id = "0x5476e6b23ac1123b4dc6436258fced325d95cb4d5adfa73c8f76d6103c5c9a88"
published-version = "1"

[env.mainnet]
chain-id = "35834a8a"
original-published-id = "0x03ae976ef1345716195c811464ea8957499fcda338211ca0e65e68a58ca7c774"
latest-published-id = "0x03ae976ef1345716195c811464ea8957499fcda338211ca0e65e68a58ca7c774"
published-version = "1"
