# @generated by Move, please check-in and do not edit manually.

[move]
version = 2
manifest_digest = "C4C44B822EF179AE160CAC80B7613F1725FE4507D6BC68B5B64D5FE5854D7280"
deps_digest = "F8BBB0CCB2491CA29A3DF03D6F92277A4F3574266507ACD77214D37ECA3F3082"
dependencies = [
  { name = "Sui" },
]

[[move.package]]
name = "MoveStdlib"
source = { git = "https://github.com/MystenLabs/sui.git", rev = "framework/testnet", subdir = "crates/sui-framework/packages/move-stdlib" }

[[move.package]]
name = "Sui"
source = { git = "https://github.com/MystenLabs/sui.git", rev = "framework/testnet", subdir = "crates/sui-framework/packages/sui-framework" }

dependencies = [
  { name = "MoveStdlib" },
]

[move.toolchain-version]
compiler-version = "1.27.2"
edition = "2024.beta"
flavor = "sui"

[env]

[env.testnet]
chain-id = "4c78adac"
original-published-id = "0x32c601e3781a3d908bfbac3a77ae3f91184e4c841ade2c2d6ad758bf50175dc6"
latest-published-id = "0x32c601e3781a3d908bfbac3a77ae3f91184e4c841ade2c2d6ad758bf50175dc6"
published-version = "1"
