# @generated by Move, please check-in and do not edit manually.

[move]
version = 2
manifest_digest = "1B240EFE1DF4B46347B0750B8D24AB4139C44ADDB7143ED7844C6644FE840620"
deps_digest = "F8BBB0CCB2491CA29A3DF03D6F92277A4F3574266507ACD77214D37ECA3F3082"
dependencies = [
  { name = "Sui" },
]

[[move.package]]
name = "MoveStdlib"
source = { git = "https://github.com/MystenLabs/sui.git", rev = "framework/testnet", subdir = "crates\\sui-framework\\packages\\move-stdlib" }

[[move.package]]
name = "Sui"
source = { git = "https://github.com/MystenLabs/sui.git", rev = "framework/testnet", subdir = "crates/sui-framework/packages/sui-framework" }

dependencies = [
  { name = "MoveStdlib" },
]

[move.toolchain-version]
compiler-version = "1.34.0"
edition = "2024.beta"
flavor = "sui"

[env]

[env.mainnet]
chain-id = "35834a8a"
original-published-id = "0xe7366828123241f6ec15bbd77b03a02bbe308ab9d95781c6bb82d3f66ea5e444"
latest-published-id = "0xe7366828123241f6ec15bbd77b03a02bbe308ab9d95781c6bb82d3f66ea5e444"
published-version = "1"
