# @generated by Move, please check-in and do not edit manually.

[move]
version = 3
manifest_digest = "758D4C2815335F873527363FEF81373ABE545087EB1A7F474F16D2D75C2670FE"
deps_digest = "060AD7E57DFB13104F21BE5F5C3759D03F0553FC3229247D9A7A6B45F50D03A3"
dependencies = [
  { id = "Sui", name = "Sui" },
  { id = "chainrex_coin", name = "chainrex_coin" },
  { id = "chainrex_faucet_coin", name = "chainrex_faucet_coin" },
]

[[move.package]]
id = "MoveStdlib"
source = { git = "https://github.com/MystenLabs/sui.git", rev = "framework/testnet", subdir = "crates/sui-framework/packages/move-stdlib" }

[[move.package]]
id = "Sui"
source = { git = "https://github.com/MystenLabs/sui.git", rev = "framework/testnet", subdir = "crates/sui-framework/packages/sui-framework" }

dependencies = [
  { id = "MoveStdlib", name = "MoveStdlib" },
]

[[move.package]]
id = "chainrex_coin"
source = { local = "../../task2/chainrex_coin" }

dependencies = [
  { id = "Sui", name = "Sui" },
]

[[move.package]]
id = "chainrex_faucet_coin"
source = { local = "../../task2/chainrex_faucet_coin" }

dependencies = [
  { id = "Sui", name = "Sui" },
]

[move.toolchain-version]
compiler-version = "1.37.1"
edition = "2024.beta"
flavor = "sui"

[env]

[env.mainnet]
chain-id = "35834a8a"
original-published-id = "0xb510dd237d2e18682968ef3bd6c423b337c312be2466f76702148f9500adc7f3"
latest-published-id = "0xb510dd237d2e18682968ef3bd6c423b337c312be2466f76702148f9500adc7f3"
published-version = "1"
