# @generated by Move, please check-in and do not edit manually.

[move]
version = 2
manifest_digest = "F0DEB65095CDEEEE4E947FA4F1B69479AC6E9CF0C4D23EC457F4DA679DD03A0E"
deps_digest = "F8BBB0CCB2491CA29A3DF03D6F92277A4F3574266507ACD77214D37ECA3F3082"
dependencies = [
  { name = "Sui" },
]

[[move.package]]
name = "MoveStdlib"
source = { git = "https://gitee.com/MystenLabs/sui.git", rev = "framework/testnet", subdir = "crates\\sui-framework\\packages\\move-stdlib" }

[[move.package]]
name = "Sui"
source = { git = "https://gitee.com/MystenLabs/sui.git", rev = "framework/testnet", subdir = "crates/sui-framework/packages/sui-framework" }

dependencies = [
  { name = "MoveStdlib" },
]

[move.toolchain-version]
compiler-version = "1.24.1"
edition = "2024.beta"
flavor = "sui"

[env]

[env.mainnet]
chain-id = "35834a8a"
original-published-id = "0x4e8512cb40dcf967f19010d2f9bfa2c3051468a0ab64edf0447c88e7af1cb83f"
latest-published-id = "0x4e8512cb40dcf967f19010d2f9bfa2c3051468a0ab64edf0447c88e7af1cb83f"
published-version = "1"
