# @generated by Move, please check-in and do not edit manually.

[move]
version = 2
manifest_digest = "2E4B7A11C0E2162023A3C6245398FB82A6EEC87A7CE8EBE135BA09047EFDCB8F"
deps_digest = "3C4103934B1E040BB6B23F1D610B4EF9F2F1166A50A104EADCF77467C004C600"
dependencies = [
  { name = "Sui" },
  { name = "coin" },
]

[[move.package]]
name = "MoveStdlib"
source = { git = "https://github.com/MystenLabs/sui.git", rev = "framework/devnet", subdir = "crates/sui-framework/packages/move-stdlib" }

[[move.package]]
name = "Sui"
source = { git = "https://github.com/MystenLabs/sui.git", rev = "framework/devnet", subdir = "crates/sui-framework/packages/sui-framework" }

dependencies = [
  { name = "MoveStdlib" },
]

[[move.package]]
name = "coin"
source = { local = "../coin" }

dependencies = [
  { name = "Sui" },
]

[move.toolchain-version]
compiler-version = "1.25.1"
edition = "2024.beta"
flavor = "sui"

[env]

[env.mainnet]
chain-id = "35834a8a"
original-published-id = "0x317cbce842ec95f3112a0591981c85a0af8083ae49a7e371ee468dab0e7e4f6f"
latest-published-id = "0x317cbce842ec95f3112a0591981c85a0af8083ae49a7e371ee468dab0e7e4f6f"
published-version = "1"

[env.devnet]
chain-id = "bd665407"
original-published-id = "0x79421c39d87ff13fa46fb8d4d623b899a29f42ea5d9be5833d49235ed27627ad"
latest-published-id = "0x79421c39d87ff13fa46fb8d4d623b899a29f42ea5d9be5833d49235ed27627ad"
published-version = "1"
