# @generated by Move, please check-in and do not edit manually.

[move]
version = 2
manifest_digest = "8B39E6FB7C5BBC1F2D72078A44E36603A17CBD36C3978AB74D9AACF7A9B2949A"
deps_digest = "F8BBB0CCB2491CA29A3DF03D6F92277A4F3574266507ACD77214D37ECA3F3082"
dependencies = [
  { name = "Sui" },
]

[[move.package]]
name = "MoveStdlib"
source = { git = "https://gitee.com/mystenLabs/sui.git", rev = "framework/devnet", subdir = "crates\\sui-framework\\packages\\move-stdlib" }

[[move.package]]
name = "Sui"
source = { git = "https://gitee.com/mystenLabs/sui.git", rev = "framework/devnet", subdir = "crates/sui-framework/packages/sui-framework" }

dependencies = [
  { name = "MoveStdlib" },
]

[move.toolchain-version]
compiler-version = "1.23.0"
edition = "2024.beta"
flavor = "sui"

[env]

[env.dev]
chain-id = "69a65b6d"
original-published-id = "0xb8b8fce18f6f0ce049185daecbba7ea55a0af1e0617284225c164dc93afb9510"
latest-published-id = "0xb8b8fce18f6f0ce049185daecbba7ea55a0af1e0617284225c164dc93afb9510"
published-version = "1"
