# @generated by Move, please check-in and do not edit manually.

[move]
version = 2
manifest_digest = "8013ADBF1C82620F56DD9AED025097CEF441DFB348691825FDC2E34EBB117D05"
deps_digest = "3C4103934B1E040BB6B23F1D610B4EF9F2F1166A50A104EADCF77467C004C600"
dependencies = [
  { name = "Sui" },
  { name = "task2" },
]

[[move.package]]
name = "MoveStdlib"
source = { git = "https://github.com/MystenLabs/sui.git", rev = "framework/mainnet", subdir = "crates/sui-framework/packages/move-stdlib" }

[[move.package]]
name = "Sui"
source = { git = "https://github.com/MystenLabs/sui.git", rev = "framework/mainnet", subdir = "crates/sui-framework/packages/sui-framework" }

dependencies = [
  { name = "MoveStdlib" },
]

[[move.package]]
name = "task2"
source = { local = "../task2" }

dependencies = [
  { name = "Sui" },
]

[move.toolchain-version]
compiler-version = "1.34.2"
edition = "2024.beta"
flavor = "sui"

[env]

[env.mainnet]
chain-id = "35834a8a"
original-published-id = "0x1fea56e4daa15322f678ce0bb1498fa5eb0c4d36c3076e8bb58b595a4d3889c5"
latest-published-id = "0x1fea56e4daa15322f678ce0bb1498fa5eb0c4d36c3076e8bb58b595a4d3889c5"
published-version = "1"
