# @generated by Move, please check-in and do not edit manually.

[move]
version = 2
manifest_digest = "27DD7BC746561D95E7730229BBF8F649651139D2EF58F5B7E04F6E79274DE5F9"
deps_digest = "F8BBB0CCB2491CA29A3DF03D6F92277A4F3574266507ACD77214D37ECA3F3082"
dependencies = [
  { name = "Sui" },
]

[[move.package]]
name = "MoveStdlib"
source = { git = "https://github.com/MystenLabs/sui.git", rev = "framework/testnet", subdir = "crates/sui-framework/packages/move-stdlib" }

[[move.package]]
name = "Sui"
source = { git = "https://github.com/MystenLabs/sui.git", rev = "framework/testnet", subdir = "crates/sui-framework/packages/sui-framework" }

dependencies = [
  { name = "MoveStdlib" },
]

[move.toolchain-version]
compiler-version = "1.23.0"
edition = "2024.beta"
flavor = "sui"

[env]

[env.devnet]
chain-id = "69a65b6d"
original-published-id = "0x432784d02451a8836556253c85b511b4668586da125f3c804a063bc030843e4e"
latest-published-id = "0x432784d02451a8836556253c85b511b4668586da125f3c804a063bc030843e4e"
published-version = "1"
