# @generated by Move, please check-in and do not edit manually.

[move]
version = 3
manifest_digest = "CE2EDF5B58EA08E2CADA21E038448E37D59CE0D3273C12FF2CBD79B06D1910CD"
deps_digest = "F8BBB0CCB2491CA29A3DF03D6F92277A4F3574266507ACD77214D37ECA3F3082"
dependencies = [
  { id = "Sui", name = "Sui" },
]

[[move.package]]
id = "MoveStdlib"
source = { git = "https://github.com/MystenLabs/sui.git", rev = "framework/testnet", subdir = "crates/sui-framework/packages/move-stdlib" }

[[move.package]]
id = "Sui"
source = { git = "https://github.com/MystenLabs/sui.git", rev = "framework/testnet", subdir = "crates/sui-framework/packages/sui-framework" }

dependencies = [
  { id = "MoveStdlib", name = "MoveStdlib" },
]

[move.toolchain-version]
compiler-version = "1.44.1"
edition = "2024.beta"
flavor = "sui"

[env]

[env.testnet]
chain-id = "4c78adac"
original-published-id = "0xb3782fc626eca6225ef28b3296bb294843828a25b0cc1cc334f7bc511e7457d3"
latest-published-id = "0xb3782fc626eca6225ef28b3296bb294843828a25b0cc1cc334f7bc511e7457d3"
published-version = "1"

[env.mainnet]
chain-id = "35834a8a"
original-published-id = "0x66f2e0ccf81da4bdf48f6e65728b04ab5b2356571d0a524e3c830e28ffc4e527"
latest-published-id = "0x66f2e0ccf81da4bdf48f6e65728b04ab5b2356571d0a524e3c830e28ffc4e527"
published-version = "1"
