# @generated by Move, please check-in and do not edit manually.

[move]
version = 2
manifest_digest = "3352B3FF1FD84097E75B63CC4473E887B52A48F8D22A6754B0DCDF26CD0C2D58"
deps_digest = "F8BBB0CCB2491CA29A3DF03D6F92277A4F3574266507ACD77214D37ECA3F3082"
dependencies = [
  { name = "Sui" },
]

[[move.package]]
name = "MoveStdlib"
source = { git = "https://github.com/MystenLabs/sui.git", rev = "framework/testnet", subdir = "crates/sui-framework/packages/move-stdlib" }

[[move.package]]
name = "Sui"
source = { git = "https://github.com/MystenLabs/sui.git", rev = "framework/testnet", subdir = "crates/sui-framework/packages/sui-framework" }

dependencies = [
  { name = "MoveStdlib" },
]

[move.toolchain-version]
compiler-version = "1.23.0"
edition = "2024.beta"
flavor = "sui"

[env]

[env.mainnet]
chain-id = "35834a8a"
original-published-id = "0x7961437babb116662cb51f99d80b410219142a8c179317cd5e0c78fa0b156b09"
latest-published-id = "0x7961437babb116662cb51f99d80b410219142a8c179317cd5e0c78fa0b156b09"
published-version = "1"
