# @generated by Move, please check-in and do not edit manually.

[move]
version = 2
manifest_digest = "595254CBB9A72AD3D48CC9FCE491F0106E5230A719423568EA6632F23CA64A31"
deps_digest = "F8BBB0CCB2491CA29A3DF03D6F92277A4F3574266507ACD77214D37ECA3F3082"
dependencies = [
  { name = "Sui" },
]

[[move.package]]
name = "MoveStdlib"
source = { git = "https://github.com/MystenLabs/sui.git", rev = "framework/testnet", subdir = "crates\\sui-framework\\packages\\move-stdlib" }

[[move.package]]
name = "Sui"
source = { git = "https://github.com/MystenLabs/sui.git", rev = "framework/testnet", subdir = "crates/sui-framework/packages/sui-framework" }

dependencies = [
  { name = "MoveStdlib" },
]

[move.toolchain-version]
compiler-version = "1.34.0"
edition = "2024.beta"
flavor = "sui"

[env]

[env.mainnet]
chain-id = "35834a8a"
original-published-id = "0x7e15b359c7fb72be1f6467c9c3db1f216b6e5b72eb7b4a259ff896ad4fcf508f"
latest-published-id = "0x7e15b359c7fb72be1f6467c9c3db1f216b6e5b72eb7b4a259ff896ad4fcf508f"
published-version = "1"
