# @generated by Move, please check-in and do not edit manually.

[move]
version = 2
manifest_digest = "5D45B7D837E70321104CC57B675BF9145D0DE0601D786E50960B7C3DEC7D48F4"
deps_digest = "F8BBB0CCB2491CA29A3DF03D6F92277A4F3574266507ACD77214D37ECA3F3082"
dependencies = [
  { name = "Sui" },
]

[[move.package]]
name = "MoveStdlib"
source = { git = "https://github.com/MystenLabs/sui.git", rev = "framework/testnet", subdir = "crates/sui-framework/packages/move-stdlib" }

[[move.package]]
name = "Sui"
source = { git = "https://github.com/MystenLabs/sui.git", rev = "framework/testnet", subdir = "crates/sui-framework/packages/sui-framework" }

dependencies = [
  { name = "MoveStdlib" },
]

[move.toolchain-version]
compiler-version = "1.23.1"
edition = "2024.beta"
flavor = "sui"

[env]

[env.testnet]
chain-id = "4c78adac"
original-published-id = "0x09f359b821c09b2769c63f25464532037523331959e94b5fc708a108fa191287"
latest-published-id = "0x09f359b821c09b2769c63f25464532037523331959e94b5fc708a108fa191287"
published-version = "1"
