# @generated by Move, please check-in and do not edit manually.

[move]
version = 2
manifest_digest = "CFE6637E6DEF820CDE315969976708CC39D73183C8925020774B503F604431EB"
deps_digest = "F8BBB0CCB2491CA29A3DF03D6F92277A4F3574266507ACD77214D37ECA3F3082"
dependencies = [
  { name = "Sui" },
]

[[move.package]]
name = "MoveStdlib"
source = { git = "https://github.com/MystenLabs/sui.git", rev = "framework/testnet", subdir = "crates/sui-framework/packages/move-stdlib" }

[[move.package]]
name = "Sui"
source = { git = "https://github.com/MystenLabs/sui.git", rev = "framework/testnet", subdir = "crates/sui-framework/packages/sui-framework" }

dependencies = [
  { name = "MoveStdlib" },
]

[move.toolchain-version]
compiler-version = "1.23.1"
edition = "2024.beta"
flavor = "sui"

[env]

[env.mainnet]
chain-id = "35834a8a"
original-published-id = "0x009de30a7dd77012b2bdc05d1fad38bb61c5f7040d2de71514e80eb4f7a49111"
latest-published-id = "0x009de30a7dd77012b2bdc05d1fad38bb61c5f7040d2de71514e80eb4f7a49111"
published-version = "1"

[env.testnet]
chain-id = "4c78adac"
original-published-id = "0x5eb7dd59e7245769bbeb5ecbe12f4c809b164c55f8e161778d26d0ec1793ef76"
latest-published-id = "0x5eb7dd59e7245769bbeb5ecbe12f4c809b164c55f8e161778d26d0ec1793ef76"
published-version = "1"
