# @generated by Move, please check-in and do not edit manually.

[move]
version = 2
manifest_digest = "58D7B0E7664CEA139CDBAB34A559A365DF527DBF8D458A83A1C9B31F9F343093"
deps_digest = "F8BBB0CCB2491CA29A3DF03D6F92277A4F3574266507ACD77214D37ECA3F3082"
dependencies = [
  { name = "Sui" },
]

[[move.package]]
name = "MoveStdlib"
source = { git = "https://gitee.com/MystenLabs/sui.git", rev = "framework/testnet", subdir = "crates\\sui-framework\\packages\\move-stdlib" }

[[move.package]]
name = "Sui"
source = { git = "https://gitee.com/MystenLabs/sui.git", rev = "framework/testnet", subdir = "crates/sui-framework/packages/sui-framework" }

dependencies = [
  { name = "MoveStdlib" },
]

[move.toolchain-version]
compiler-version = "1.30.1"
edition = "2024.beta"
flavor = "sui"

[env]

[env.mainnet]
chain-id = "35834a8a"
original-published-id = "0xaf670ea2220ea05286d87724392a8b848f9cf6e42bf61a28f957ecffda8f253e"
latest-published-id = "0xaf670ea2220ea05286d87724392a8b848f9cf6e42bf61a28f957ecffda8f253e"
published-version = "1"
