# @generated by Move, please check-in and do not edit manually.

[move]
version = 2
manifest_digest = "6A31F880F25415D0316A4F330F5FBC80DDB7775FD45AA2485CB8AB24AFF22DBE"
deps_digest = "F8BBB0CCB2491CA29A3DF03D6F92277A4F3574266507ACD77214D37ECA3F3082"
dependencies = [
  { name = "Sui" },
]

[[move.package]]
name = "MoveStdlib"
source = { git = "https://gitee.com/MystenLabs/sui.git", rev = "framework/testnet", subdir = "crates/sui-framework/packages/move-stdlib" }

[[move.package]]
name = "Sui"
source = { git = "https://gitee.com/MystenLabs/sui.git", rev = "framework/testnet", subdir = "crates/sui-framework/packages/sui-framework" }

dependencies = [
  { name = "MoveStdlib" },
]

[move.toolchain-version]
compiler-version = "1.24.1"
edition = "2024.beta"
flavor = "sui"

[env]

[env.testnet]
chain-id = "4c78adac"
original-published-id = "0xf5825bf235a5ac62f175db690db606ef905843d0ccd87ff65bd23e5142243193"
latest-published-id = "0xf5825bf235a5ac62f175db690db606ef905843d0ccd87ff65bd23e5142243193"
published-version = "1"

[env.devnet]
chain-id = "d29677eb"
original-published-id = "0x56d5be8a02cda3d771df9b01da7420eb751ecc66b711631230dfc376cedafcf5"
latest-published-id = "0x56d5be8a02cda3d771df9b01da7420eb751ecc66b711631230dfc376cedafcf5"
published-version = "1"
