# @generated by Move, please check-in and do not edit manually.

[move]
version = 2
manifest_digest = "69491E363E92BA6032730D7B0B73E321A0B151179CE57FA2E85E2BAC02848398"
deps_digest = "F8BBB0CCB2491CA29A3DF03D6F92277A4F3574266507ACD77214D37ECA3F3082"
dependencies = [
  { name = "Sui" },
]

[[move.package]]
name = "MoveStdlib"
source = { git = "https://github.com/MystenLabs/sui.git", rev = "framework/testnet", subdir = "crates/sui-framework/packages/move-stdlib" }

[[move.package]]
name = "Sui"
source = { git = "https://github.com/MystenLabs/sui.git", rev = "framework/testnet", subdir = "crates/sui-framework/packages/sui-framework" }

dependencies = [
  { name = "MoveStdlib" },
]

[move.toolchain-version]
compiler-version = "1.31.1"
edition = "2024.beta"
flavor = "sui"

[env]

[env.testnet]
chain-id = "4c78adac"
original-published-id = "0x8f60f69ea4f4e9a5589fbb000ce19dd23de052115b843d68c8f6039800c93743"
latest-published-id = "0x8f60f69ea4f4e9a5589fbb000ce19dd23de052115b843d68c8f6039800c93743"
published-version = "1"

[env.mainnet]
chain-id = "35834a8a"
original-published-id = "0x80ef91e852cd82453fd465d59a7025230215d1e6a54909440a2b5be594fba85b"
latest-published-id = "0x80ef91e852cd82453fd465d59a7025230215d1e6a54909440a2b5be594fba85b"
published-version = "1"
