# @generated by Move, please check-in and do not edit manually.

[move]
version = 3
manifest_digest = "E26BEBB27F66F53FA9D1C32850A50980E38DCC850804D386C811677F6A8C93A1"
deps_digest = "F8BBB0CCB2491CA29A3DF03D6F92277A4F3574266507ACD77214D37ECA3F3082"
dependencies = [
  { id = "Sui", name = "Sui" },
]

[[move.package]]
id = "MoveStdlib"
source = { git = "https://github.com/MystenLabs/sui.git", rev = "framework/testnet", subdir = "crates/sui-framework/packages/move-stdlib" }

[[move.package]]
id = "Sui"
source = { git = "https://github.com/MystenLabs/sui.git", rev = "framework/testnet", subdir = "crates/sui-framework/packages/sui-framework" }

dependencies = [
  { id = "MoveStdlib", name = "MoveStdlib" },
]

[move.toolchain-version]
compiler-version = "1.48.1"
edition = "2024.beta"
flavor = "sui"

[env]

[env.testnet]
chain-id = "4c78adac"
original-published-id = "0x88af90a1d47b3d12fadb3162cdb209802ac1030748378ae5eddfd6b0f88fa25e"
latest-published-id = "0x88af90a1d47b3d12fadb3162cdb209802ac1030748378ae5eddfd6b0f88fa25e"
published-version = "1"
