# @generated by Move, please check-in and do not edit manually.

[move]
version = 3
manifest_digest = "8998FE02595AF11435D6C36BE58F5DF8AACF5895C67F31A3235B956C401997A3"
deps_digest = "F8BBB0CCB2491CA29A3DF03D6F92277A4F3574266507ACD77214D37ECA3F3082"
dependencies = [
  { id = "Sui", name = "Sui" },
]

[[move.package]]
id = "MoveStdlib"
source = { git = "https://github.com/MystenLabs/sui.git", rev = "framework/mainnet", subdir = "crates/sui-framework/packages/move-stdlib" }

[[move.package]]
id = "Sui"
source = { git = "https://github.com/MystenLabs/sui.git", rev = "framework/mainnet", subdir = "crates/sui-framework/packages/sui-framework" }

dependencies = [
  { id = "MoveStdlib", name = "MoveStdlib" },
]

[move.toolchain-version]
compiler-version = "1.36.1"
edition = "2024.beta"
flavor = "sui"

[env]

[env.mainnet]
chain-id = "35834a8a"
original-published-id = "0xbee30b1d98fe6ce6d6483e8fa5339f588de61215ac6b4a158269fb03d5d583d3"
latest-published-id = "0xbee30b1d98fe6ce6d6483e8fa5339f588de61215ac6b4a158269fb03d5d583d3"
published-version = "1"
