# @generated by Move, please check-in and do not edit manually.

[move]
version = 2
manifest_digest = "8209A3C8926A98F3270D1D87A0FC49E0E5502B53EC47BA3DB60F5FC0ABB57788"
deps_digest = "F8BBB0CCB2491CA29A3DF03D6F92277A4F3574266507ACD77214D37ECA3F3082"
dependencies = [
  { name = "Sui" },
]

[[move.package]]
name = "MoveStdlib"
source = { local = "F:\\GitCode\\Move\\sui\\crates\\sui-framework\\packages\\move-stdlib" }

[[move.package]]
name = "Sui"
source = { local = "F:\\GitCode\\Move\\sui\\crates\\sui-framework\\packages\\sui-framework" }

dependencies = [
  { name = "MoveStdlib" },
]

[move.toolchain-version]
compiler-version = "1.23.0"
edition = "2024.beta"
flavor = "sui"

[env]

[env.testnet]
chain-id = "4c78adac"
original-published-id = "0x193452b4288caed0e35a8a1470753d722e41ece22d8da082183179fd2896db83"
latest-published-id = "0x193452b4288caed0e35a8a1470753d722e41ece22d8da082183179fd2896db83"
published-version = "1"
