# @generated by Move, please check-in and do not edit manually.

[move]
version = 2
manifest_digest = "C5BC55738C1ABD858CB5A9B98EECE48FC4F05C8DDFF1AE2332CDF9ACA432262C"
deps_digest = "F8BBB0CCB2491CA29A3DF03D6F92277A4F3574266507ACD77214D37ECA3F3082"
dependencies = [
  { name = "Sui" },
]

[[move.package]]
name = "MoveStdlib"
source = { git = "https://github.com/MystenLabs/sui.git", rev = "framework/testnet", subdir = "crates/sui-framework/packages/move-stdlib" }

[[move.package]]
name = "Sui"
source = { git = "https://github.com/MystenLabs/sui.git", rev = "framework/testnet", subdir = "crates/sui-framework/packages/sui-framework" }

dependencies = [
  { name = "MoveStdlib" },
]

[move.toolchain-version]
compiler-version = "1.24.0"
edition = "2024.beta"
flavor = "sui"

[env]

[env.testnet]
chain-id = "4c78adac"
original-published-id = "0x146e658b98453a0d5f97b3a741c29550494164f026c14b4af44631befe749595"
latest-published-id = "0x146e658b98453a0d5f97b3a741c29550494164f026c14b4af44631befe749595"
published-version = "1"

[env.mainnet]
chain-id = "35834a8a"
original-published-id = "0x76ffcac1b87abe1ea1e83c9786f00759d6084458b8bea94fa1a7b1790281af9e"
latest-published-id = "0x76ffcac1b87abe1ea1e83c9786f00759d6084458b8bea94fa1a7b1790281af9e"
published-version = "1"
