lockfileVersion: '9.0'

settings:
  autoInstallPeers: true
  excludeLinksFromLockfile: false

importers:

  .:
    dependencies:
      '@mysten/sui':
        specifier: ^1.7.0
        version: 1.7.0(typescript@5.5.4)
      sha3:
        specifier: ^2.1.4
        version: 2.1.4

packages:

  '@0no-co/graphql.web@1.0.8':
    resolution: {integrity: sha512-8BG6woLtDMvXB9Ajb/uE+Zr/U7y4qJ3upXi0JQHZmsKUJa7HjF/gFvmL2f3/mSmfZoQGRr9VoY97LCX2uaFMzA==}
    peerDependencies:
      graphql: ^14.0.0 || ^15.0.0 || ^16.0.0
    peerDependenciesMeta:
      graphql:
        optional: true

  '@0no-co/graphqlsp@1.12.13':
    resolution: {integrity: sha512-/C9yXft+mq+VdoniBgWvA+iK5X6cB50KKThg1je4bFIhhBNccLJlNbWFxOglXseKuisq+h5oIY4ELTVKs6GhRQ==}
    peerDependencies:
      graphql: ^15.5.0 || ^16.0.0 || ^17.0.0
      typescript: ^5.0.0

  '@gql.tada/cli-utils@1.6.1':
    resolution: {integrity: sha512-ZfYa5+rbK51c6ociTUL66qW1lyB9dXoAKNZMEAp2pWgPp16qZVBwopUaYxSKq4BML9eSiv0ocoJ7H6VW51ud7w==}
    peerDependencies:
      '@0no-co/graphqlsp': ^1.12.13
      '@gql.tada/svelte-support': 1.0.1
      '@gql.tada/vue-support': 1.0.1
      graphql: ^15.5.0 || ^16.0.0 || ^17.0.0
      typescript: ^5.0.0
    peerDependenciesMeta:
      '@gql.tada/svelte-support':
        optional: true
      '@gql.tada/vue-support':
        optional: true

  '@gql.tada/internal@1.0.7':
    resolution: {integrity: sha512-mI/7l7If7YR4rBlgnkXihh1qxD7eO41o8nf5ZYjwYl4s6FGFQFZY1E1reV3AgRy8tDXbiuMz1bIVLpnxPXxKIQ==}
    peerDependencies:
      graphql: ^15.5.0 || ^16.0.0 || ^17.0.0
      typescript: ^5.0.0

  '@graphql-typed-document-node/core@3.2.0':
    resolution: {integrity: sha512-mB9oAsNCm9aM3/SOv4YtBMqZbYj10R7dkq8byBqxGY/ncFwhf2oQzMV+LCRlWoDSEBJ3COiR1yeDvMtsoOsuFQ==}
    peerDependencies:
      graphql: ^0.8.0 || ^0.9.0 || ^0.10.0 || ^0.11.0 || ^0.12.0 || ^0.13.0 || ^14.0.0 || ^15.0.0 || ^16.0.0 || ^17.0.0

  '@mysten/bcs@1.0.4':
    resolution: {integrity: sha512-6JoQi59GN/dVEBCNq8Rj4uOR0niDrJqDx/2gNQWXANwJakHIGH0AMniHrXP41B2dF+mZ3HVmh9Hi3otiEVQTrQ==}

  '@mysten/sui@1.7.0':
    resolution: {integrity: sha512-g88beCeYH7WVZbNW541j+Vusdxn1yd9X9TiQ8kGHbXKNIPFmc0Pf26kPwlAVnCbXslFflUgN6q4CWpAsBUIA3A==}
    engines: {node: '>=18'}

  '@noble/curves@1.4.2':
    resolution: {integrity: sha512-TavHr8qycMChk8UwMld0ZDRvatedkzWfH8IiaeGCfymOP5i0hSCozz9vHOL0nkwk7HRMlFnAiKpS2jrUmSybcw==}

  '@noble/curves@1.5.0':
    resolution: {integrity: sha512-J5EKamIHnKPyClwVrzmaf5wSdQXgdHcPZIZLu3bwnbeCx8/7NPK5q2ZBWF+5FvYGByjiQQsJYX6jfgB2wDPn3A==}

  '@noble/hashes@1.4.0':
    resolution: {integrity: sha512-V1JJ1WTRUqHHrOSh597hURcMqVKVGL/ea3kv0gSnEdsEZ0/+VyPghM1lMNGc00z7CIQorSvbKpuJkxvuHbvdbg==}
    engines: {node: '>= 16'}

  '@scure/base@1.1.7':
    resolution: {integrity: sha512-PPNYBslrLNNUQ/Yad37MHYsNQtK67EhWb6WtSvNLLPo7SdVZgkUjD6Dg+5On7zNwmskf8OX7I7Nx5oN+MIWE0g==}

  '@scure/bip32@1.4.0':
    resolution: {integrity: sha512-sVUpc0Vq3tXCkDGYVWGIZTRfnvu8LoTDaev7vbwh0omSvVORONr960MQWdKqJDCReIEmTj3PAr73O3aoxz7OPg==}

  '@scure/bip39@1.3.0':
    resolution: {integrity: sha512-disdg7gHuTDZtY+ZdkmLpPCk7fxZSu3gBiEGuoC1XYxv9cGx3Z6cpTggCgW6odSOOIXCiDjuGejW+aJKCY/pIQ==}

  '@suchipi/femver@1.0.0':
    resolution: {integrity: sha512-bprE8+K5V+DPX7q2e2K57ImqNBdfGHDIWaGI5xHxZoxbKOuQZn4wzPiUxOAHnsUr3w3xHrWXwN7gnG/iIuEMIg==}

  base-x@5.0.0:
    resolution: {integrity: sha512-sMW3VGSX1QWVFA6l8U62MLKz29rRfpTlYdCqLdpLo1/Yd4zZwSbnUaDfciIAowAqvq7YFnWq9hrhdg1KYgc1lQ==}

  base64-js@1.5.1:
    resolution: {integrity: sha512-AKpaYlHn8t4SVbOHCy+b5+KKgvR4vrsD8vbvrbiQJps7fKDTkjkDry6ji0rUJjC0kzbNePLwzxq8iypo41qeWA==}

  bech32@2.0.0:
    resolution: {integrity: sha512-LcknSilhIGatDAsY1ak2I8VtGaHNhgMSYVxFrGLXv+xLHytaKZKcaUJJUE7qmBr7h33o5YQwP55pMI0xmkpJwg==}

  bs58@6.0.0:
    resolution: {integrity: sha512-PD0wEnEYg6ijszw/u8s+iI3H17cTymlrwkKhDhPZq+Sokl3AU4htyBFTjAeNAlCCmg0f53g6ih3jATyCKftTfw==}

  buffer@6.0.3:
    resolution: {integrity: sha512-FTiCpNxtwiZZHEZbcbTIcZjERVICn9yq/pDFkTl95/AxzD1naBctN7YO68riM/gLSDY7sdrMby8hofADYuuqOA==}

  gql.tada@1.8.6:
    resolution: {integrity: sha512-XyN/BkZVEJ5kxgK8oDjHluLwXBLdlUO6P4+u/AmYfknFDj5M5AnaZMm3pntMDO9tpaaEczy9pfXDEJ6tYuTlyA==}
    hasBin: true
    peerDependencies:
      typescript: ^5.0.0

  graphql@16.9.0:
    resolution: {integrity: sha512-GGTKBX4SD7Wdb8mqeDLni2oaRGYQWjWHGKPQ24ZMnUtKfcsVoiv4uX8+LJr1K6U5VW2Lu1BwJnj7uiori0YtRw==}
    engines: {node: ^12.22.0 || ^14.16.0 || ^16.0.0 || >=17.0.0}

  ieee754@1.2.1:
    resolution: {integrity: sha512-dcyqhDvX1C46lXZcVqCpK+FtMRQVdIMN6/Df5js2zouUsqG7I6sFxitIC+7KYK29KdXOLHdu9zL4sFnoVQnqaA==}

  sha3@2.1.4:
    resolution: {integrity: sha512-S8cNxbyb0UGUM2VhRD4Poe5N58gJnJsLJ5vC7FYWGUmGhcsj4++WaIOBFVDxlG0W3To6xBuiRh+i0Qp2oNCOtg==}

  tweetnacl@1.0.3:
    resolution: {integrity: sha512-6rt+RN7aOi1nGMyC4Xa5DdYiukl2UWCbcJft7YhxReBGQD7OAM8Pbxw6YMo4r2diNEA8FEmu32YOn9rhaiE5yw==}

  typescript@5.5.4:
    resolution: {integrity: sha512-Mtq29sKDAEYP7aljRgtPOpTvOfbwRWlS6dPRzwjdE+C0R4brX/GUyhHSecbHMFLNBLcJIPt9nl9yG5TZ1weH+Q==}
    engines: {node: '>=14.17'}
    hasBin: true

  valibot@0.36.0:
    resolution: {integrity: sha512-CjF1XN4sUce8sBK9TixrDqFM7RwNkuXdJu174/AwmQUB62QbCQADg5lLe8ldBalFgtj1uKj+pKwDJiNo4Mn+eQ==}

snapshots:

  '@0no-co/graphql.web@1.0.8(graphql@16.9.0)':
    optionalDependencies:
      graphql: 16.9.0

  '@0no-co/graphqlsp@1.12.13(graphql@16.9.0)(typescript@5.5.4)':
    dependencies:
      '@gql.tada/internal': 1.0.7(graphql@16.9.0)(typescript@5.5.4)
      graphql: 16.9.0
      typescript: 5.5.4

  '@gql.tada/cli-utils@1.6.1(@0no-co/graphqlsp@1.12.13(graphql@16.9.0)(typescript@5.5.4))(graphql@16.9.0)(typescript@5.5.4)':
    dependencies:
      '@0no-co/graphqlsp': 1.12.13(graphql@16.9.0)(typescript@5.5.4)
      '@gql.tada/internal': 1.0.7(graphql@16.9.0)(typescript@5.5.4)
      graphql: 16.9.0
      typescript: 5.5.4

  '@gql.tada/internal@1.0.7(graphql@16.9.0)(typescript@5.5.4)':
    dependencies:
      '@0no-co/graphql.web': 1.0.8(graphql@16.9.0)
      graphql: 16.9.0
      typescript: 5.5.4

  '@graphql-typed-document-node/core@3.2.0(graphql@16.9.0)':
    dependencies:
      graphql: 16.9.0

  '@mysten/bcs@1.0.4':
    dependencies:
      bs58: 6.0.0

  '@mysten/sui@1.7.0(typescript@5.5.4)':
    dependencies:
      '@graphql-typed-document-node/core': 3.2.0(graphql@16.9.0)
      '@mysten/bcs': 1.0.4
      '@noble/curves': 1.5.0
      '@noble/hashes': 1.4.0
      '@scure/bip32': 1.4.0
      '@scure/bip39': 1.3.0
      '@suchipi/femver': 1.0.0
      bech32: 2.0.0
      gql.tada: 1.8.6(graphql@16.9.0)(typescript@5.5.4)
      graphql: 16.9.0
      tweetnacl: 1.0.3
      valibot: 0.36.0
    transitivePeerDependencies:
      - '@gql.tada/svelte-support'
      - '@gql.tada/vue-support'
      - typescript

  '@noble/curves@1.4.2':
    dependencies:
      '@noble/hashes': 1.4.0

  '@noble/curves@1.5.0':
    dependencies:
      '@noble/hashes': 1.4.0

  '@noble/hashes@1.4.0': {}

  '@scure/base@1.1.7': {}

  '@scure/bip32@1.4.0':
    dependencies:
      '@noble/curves': 1.4.2
      '@noble/hashes': 1.4.0
      '@scure/base': 1.1.7

  '@scure/bip39@1.3.0':
    dependencies:
      '@noble/hashes': 1.4.0
      '@scure/base': 1.1.7

  '@suchipi/femver@1.0.0': {}

  base-x@5.0.0: {}

  base64-js@1.5.1: {}

  bech32@2.0.0: {}

  bs58@6.0.0:
    dependencies:
      base-x: 5.0.0

  buffer@6.0.3:
    dependencies:
      base64-js: 1.5.1
      ieee754: 1.2.1

  gql.tada@1.8.6(graphql@16.9.0)(typescript@5.5.4):
    dependencies:
      '@0no-co/graphql.web': 1.0.8(graphql@16.9.0)
      '@0no-co/graphqlsp': 1.12.13(graphql@16.9.0)(typescript@5.5.4)
      '@gql.tada/cli-utils': 1.6.1(@0no-co/graphqlsp@1.12.13(graphql@16.9.0)(typescript@5.5.4))(graphql@16.9.0)(typescript@5.5.4)
      '@gql.tada/internal': 1.0.7(graphql@16.9.0)(typescript@5.5.4)
      typescript: 5.5.4
    transitivePeerDependencies:
      - '@gql.tada/svelte-support'
      - '@gql.tada/vue-support'
      - graphql

  graphql@16.9.0: {}

  ieee754@1.2.1: {}

  sha3@2.1.4:
    dependencies:
      buffer: 6.0.3

  tweetnacl@1.0.3: {}

  typescript@5.5.4: {}

  valibot@0.36.0: {}
