# @generated by Move, please check-in and do not edit manually.

[move]
version = 2
manifest_digest = "46F6744B038786D008067EC09E70D0F147FC7321CCB75B14BDF339397E2EE2AD"
deps_digest = "F8BBB0CCB2491CA29A3DF03D6F92277A4F3574266507ACD77214D37ECA3F3082"
dependencies = [
  { name = "Sui" },
]

[[move.package]]
name = "MoveStdlib"
source = { git = "https://gitee.com/mystenLabs/sui.git", rev = "framework/testnet", subdir = "crates\\sui-framework\\packages\\move-stdlib" }

[[move.package]]
name = "Sui"
source = { git = "https://gitee.com/mystenLabs/sui.git", rev = "framework/testnet", subdir = "crates/sui-framework/packages/sui-framework" }

dependencies = [
  { name = "MoveStdlib" },
]

[move.toolchain-version]
compiler-version = "1.26.1"
edition = "2024.beta"
flavor = "sui"

[env]

[env.testnet]
chain-id = "4c78adac"
original-published-id = "0x2299deb75d6eae684a164dd1aa8f8ec2592dc6d1f769acafc0c9e486bc988a11"
latest-published-id = "0x2299deb75d6eae684a164dd1aa8f8ec2592dc6d1f769acafc0c9e486bc988a11"
published-version = "1"
