# @generated by Move, please check-in and do not edit manually.

[move]
version = 2
manifest_digest = "3C86BFD4202677796913842DD74F2CADEC64576984C779EEB0EBAC278DC3CC92"
deps_digest = "F8BBB0CCB2491CA29A3DF03D6F92277A4F3574266507ACD77214D37ECA3F3082"
dependencies = [
  { name = "Sui" },
]

[[move.package]]
name = "MoveStdlib"
source = { git = "https://gitee.com/mystenLabs/sui.git", rev = "framework/testnet", subdir = "crates/sui-framework/packages/move-stdlib" }

[[move.package]]
name = "Sui"
source = { git = "https://gitee.com/mystenLabs/sui.git", rev = "framework/testnet", subdir = "crates/sui-framework/packages/sui-framework" }

dependencies = [
  { name = "MoveStdlib" },
]

[move.toolchain-version]
compiler-version = "1.23.1"
edition = "2024.beta"
flavor = "sui"

[env]

[env.test]
chain-id = "4c78adac"
original-published-id = "0x4dc411fc9fa8c55eba7f1eb4af057bf32a2313e136fc17548f12d4523f4e43b1"
latest-published-id = "0x4dc411fc9fa8c55eba7f1eb4af057bf32a2313e136fc17548f12d4523f4e43b1"
published-version = "1"

[env.mainnet]
chain-id = "35834a8a"
original-published-id = "0x8f38bb37c49a726d8032f7a66765d2703c19f1354a1f163fba1ce5775103e596"
latest-published-id = "0x8f38bb37c49a726d8032f7a66765d2703c19f1354a1f163fba1ce5775103e596"
published-version = "1"
