# @generated by Move, please check-in and do not edit manually.

[move]
version = 3
manifest_digest = "8B11B2576E69D1F37BADA83991D43DF83689ABCB4E49AAA7C7BC12BBEE03F84A"
deps_digest = "3C4103934B1E040BB6B23F1D610B4EF9F2F1166A50A104EADCF77467C004C600"
dependencies = [
  { id = "Sui", name = "Sui" },
  { id = "coin_faucet", name = "coin_faucet" },
]

[[move.package]]
id = "MoveStdlib"
source = { local = "/home/ljl/sui-devnet/sui/crates/sui-framework/packages/move-stdlib" }

[[move.package]]
id = "Sui"
source = { local = "/home/ljl/sui-devnet/sui/crates/sui-framework/packages/sui-framework" }

dependencies = [
  { id = "MoveStdlib", name = "MoveStdlib" },
]

[[move.package]]
id = "coin_faucet"
source = { local = "../../task2/coin_faucet" }

dependencies = [
  { id = "Sui", name = "Sui" },
]

[move.toolchain-version]
compiler-version = "1.38.0"
edition = "2024.beta"
flavor = "sui"

[env]

[env.testnet]
chain-id = "4c78adac"
original-published-id = "0xd2b6739f08e1f2f764ea4c6e643edfd16752762665334147b3da6ac951ed895e"
latest-published-id = "0xd2b6739f08e1f2f764ea4c6e643edfd16752762665334147b3da6ac951ed895e"
published-version = "1"

[env.mainnet]
chain-id = "35834a8a"
original-published-id = "0x80f3da6457c89720ca6de5474d2d130b5d7b2c5a443bfad3daa36299d77c4d25"
latest-published-id = "0x80f3da6457c89720ca6de5474d2d130b5d7b2c5a443bfad3daa36299d77c4d25"
published-version = "1"
