# @generated by Move, please check-in and do not edit manually.

[move]
version = 2
manifest_digest = "4C9B47E7441289AA0D50D87EEB9836BD01CE3604E3B249490E7F2046EAEE3400"
deps_digest = "F8BBB0CCB2491CA29A3DF03D6F92277A4F3574266507ACD77214D37ECA3F3082"
dependencies = [
  { name = "Sui" },
]

[[move.package]]
name = "MoveStdlib"
source = { git = "https://github.com/MystenLabs/sui.git", rev = "framework/testnet", subdir = "crates/sui-framework/packages/move-stdlib" }

[[move.package]]
name = "Sui"
source = { git = "https://github.com/MystenLabs/sui.git", rev = "framework/testnet", subdir = "crates/sui-framework/packages/sui-framework" }

dependencies = [
  { name = "MoveStdlib" },
]

[move.toolchain-version]
compiler-version = "1.30.1"
edition = "2024.beta"
flavor = "sui"

[env]

[env.mainnet]
chain-id = "35834a8a"
original-published-id = "0x7cdcbc1a971df65993698d6d5a67e4fad62c323a5609a8cb1fafd9a3c956d4cb"
latest-published-id = "0x7cdcbc1a971df65993698d6d5a67e4fad62c323a5609a8cb1fafd9a3c956d4cb"
published-version = "1"
