# @generated by Move, please check-in and do not edit manually.

[move]
version = 2
manifest_digest = "53B904C1E18EE8E434E11319C5F915F29BA8948E46671DB3569A2E60FD65B950"
deps_digest = "3C4103934B1E040BB6B23F1D610B4EF9F2F1166A50A104EADCF77467C004C600"
dependencies = [
  { name = "Sui" },
  { name = "task2" },
]

[[move.package]]
name = "MoveStdlib"
source = { git = "https://github.com/MystenLabs/sui.git", rev = "framework/testnet", subdir = "crates/sui-framework/packages/move-stdlib" }

[[move.package]]
name = "Sui"
source = { git = "https://github.com/MystenLabs/sui.git", rev = "framework/testnet", subdir = "crates/sui-framework/packages/sui-framework" }

dependencies = [
  { name = "MoveStdlib" },
]

[[move.package]]
name = "task2"
source = { local = "../task2" }

dependencies = [
  { name = "Sui" },
]

[move.toolchain-version]
compiler-version = "1.30.1"
edition = "2024.beta"
flavor = "sui"

[env]

[env.mainnet]
chain-id = "35834a8a"
original-published-id = "0x60753f8477069f5de50c72453eff0c5fda851b01a299a4b137a1e4450bc2a45c"
latest-published-id = "0x60753f8477069f5de50c72453eff0c5fda851b01a299a4b137a1e4450bc2a45c"
published-version = "1"
