# @generated by Move, please check-in and do not edit manually.

[move]
version = 2
manifest_digest = "D6DB79AEB5505ABBF548CAB1932565066B5D8AE99D0A8F5560A08EF5B919EC19"
deps_digest = "F8BBB0CCB2491CA29A3DF03D6F92277A4F3574266507ACD77214D37ECA3F3082"
dependencies = [
  { name = "Sui" },
]

[[move.package]]
name = "MoveStdlib"
source = { git = "https://gitee.com/WGB5445/sui.git", rev = "framework/testnet", subdir = "crates\\sui-framework\\packages\\move-stdlib" }

[[move.package]]
name = "Sui"
source = { git = "https://gitee.com/WGB5445/sui.git", rev = "framework/testnet", subdir = "crates/sui-framework/packages/sui-framework" }

dependencies = [
  { name = "MoveStdlib" },
]

[move.toolchain-version]
compiler-version = "1.34.1"
edition = "2024.beta"
flavor = "sui"

[env]

[env.testnet]
chain-id = "4c78adac"
original-published-id = "0x8ac2d573f667e765bf7e0eb1c3e780d1e08438335a7834669919c9a683680cc9"
latest-published-id = "0x8ac2d573f667e765bf7e0eb1c3e780d1e08438335a7834669919c9a683680cc9"
published-version = "1"
