# @generated by Move, please check-in and do not edit manually.

[move]
version = 1
manifest_digest = "386B5369AF581E209D7832C803A8548BC27ADEEEA8D702BFFB273BD3B1FC5CE3"
deps_digest = "F8BBB0CCB2491CA29A3DF03D6F92277A4F3574266507ACD77214D37ECA3F3082"
dependencies = [
  { name = "Sui" },
]

[[move.package]]
name = "MoveStdlib"
source = { git = "https://github.com/MystenLabs/sui.git", rev = "framework/testnet", subdir = "crates/sui-framework/packages/move-stdlib" }

[[move.package]]
name = "Sui"
source = { git = "https://github.com/MystenLabs/sui.git", rev = "framework/testnet", subdir = "crates/sui-framework/packages/sui-framework" }

dependencies = [
  { name = "MoveStdlib" },
]

[move.toolchain-version]
compiler-version = "1.23.0"
edition = "2024.beta"
flavor = "sui"

[env]

[env.testnet]
chain-id = "4c78adac"
original-published-id = "0x6a8d4ff869a8957c73021f4c29b37c1aaf3680bc0e48f8dcb415c2e8fe3b273d"
latest-published-id = "0x6a8d4ff869a8957c73021f4c29b37c1aaf3680bc0e48f8dcb415c2e8fe3b273d"
published-version = "1"
