# @generated by Move, please check-in and do not edit manually.

[move]
version = 3
manifest_digest = "B5A77A333DC3F7BD30BC9A07606ADD376E7FD96A1EB5F757CF60769AF8A69720"
deps_digest = "3C4103934B1E040BB6B23F1D610B4EF9F2F1166A50A104EADCF77467C004C600"
dependencies = [
  { id = "Sui", name = "Sui" },
  { id = "faucet_coin", name = "faucet_coin" },
]

[[move.package]]
id = "MoveStdlib"
source = { git = "https://github.com/MystenLabs/sui.git", rev = "framework/mainnet", subdir = "crates/sui-framework/packages/move-stdlib" }

[[move.package]]
id = "Sui"
source = { git = "https://github.com/MystenLabs/sui.git", rev = "framework/mainnet", subdir = "crates/sui-framework/packages/sui-framework" }

dependencies = [
  { id = "MoveStdlib", name = "MoveStdlib" },
]

[[move.package]]
id = "faucet_coin"
source = { local = "../../task2/faucet_coin" }

dependencies = [
  { id = "Sui", name = "Sui" },
]

[move.toolchain-version]
compiler-version = "1.38.1"
edition = "2024.beta"
flavor = "sui"

[env]

[env.testnet]
chain-id = "4c78adac"
original-published-id = "0xdffa7bf8e922e0e0888e270e2f4dafb0afc8faa5384fe8dc6966a173b124e07d"
latest-published-id = "0xdffa7bf8e922e0e0888e270e2f4dafb0afc8faa5384fe8dc6966a173b124e07d"
published-version = "1"

[env.mainnet]
chain-id = "35834a8a"
original-published-id = "0xa0874140d8ddd624ba37142f0e9ca89c180a7affb311ee041a6e97f05253eff7"
latest-published-id = "0xa0874140d8ddd624ba37142f0e9ca89c180a7affb311ee041a6e97f05253eff7"
published-version = "1"
