# @generated by Move, please check-in and do not edit manually.

[move]
version = 3
manifest_digest = "DE414B5EE294FCFEBA926027F45048BF3E051BC28A0BAFB4C1160A8947D0060E"
deps_digest = "F8BBB0CCB2491CA29A3DF03D6F92277A4F3574266507ACD77214D37ECA3F3082"
dependencies = [
  { id = "Sui", name = "Sui" },
]

[[move.package]]
id = "MoveStdlib"
source = { git = "https://github.com/MystenLabs/sui.git", rev = "framework/testnet", subdir = "crates/sui-framework/packages/move-stdlib" }

[[move.package]]
id = "Sui"
source = { git = "https://github.com/MystenLabs/sui.git", rev = "framework/testnet", subdir = "crates/sui-framework/packages/sui-framework" }

dependencies = [
  { id = "MoveStdlib", name = "MoveStdlib" },
]

[move.toolchain-version]
compiler-version = "1.45.0"
edition = "2024.beta"
flavor = "sui"

[env]

[env.testnet]
chain-id = "4c78adac"
original-published-id = "0x6fbf61608abc33e7216b71b3b38c08fa6073ed4f92d82ae3c21658d291406fe2"
latest-published-id = "0x6fbf61608abc33e7216b71b3b38c08fa6073ed4f92d82ae3c21658d291406fe2"
published-version = "1"
