# @generated by Move, please check-in and do not edit manually.

[move]
version = 2
manifest_digest = "9787EC7B3F0B631FD328C6E69F0E6D1B03DD3363C3819C95ACE51411F0B92394"
deps_digest = "F8BBB0CCB2491CA29A3DF03D6F92277A4F3574266507ACD77214D37ECA3F3082"
dependencies = [
  { name = "Sui" },
]

[[move.package]]
name = "MoveStdlib"
source = { git = "https://github.com/MystenLabs/sui.git", rev = "framework/testnet", subdir = "crates/sui-framework/packages/move-stdlib" }

[[move.package]]
name = "Sui"
source = { git = "https://github.com/MystenLabs/sui.git", rev = "framework/testnet", subdir = "crates/sui-framework/packages/sui-framework" }

dependencies = [
  { name = "MoveStdlib" },
]

[move.toolchain-version]
compiler-version = "1.29.2"
edition = "2024.beta"
flavor = "sui"

[env]

[env.testnet]
chain-id = "4c78adac"
original-published-id = "0x2248d5ab22fd89d3790742f6182307f53b3c42872e4b28147e8c749808ecf67e"
latest-published-id = "0x2248d5ab22fd89d3790742f6182307f53b3c42872e4b28147e8c749808ecf67e"
published-version = "1"

[env.mainnet]
chain-id = "35834a8a"
original-published-id = "0xae98f7099f2417d0a32e1089d6ea36f138926a62a7eba85f57cda01815a530cf"
latest-published-id = "0xae98f7099f2417d0a32e1089d6ea36f138926a62a7eba85f57cda01815a530cf"
published-version = "1"
