# @generated by Move, please check-in and do not edit manually.

[move]
version = 3
manifest_digest = "EE1F76C6FE60CAFA64EAAF0DC41FBB9535F13F6BD9A6BA7AA6B695AE423513B4"
deps_digest = "F8BBB0CCB2491CA29A3DF03D6F92277A4F3574266507ACD77214D37ECA3F3082"
dependencies = [
  { id = "Sui", name = "Sui" },
]

[[move.package]]
id = "MoveStdlib"
source = { git = "https://github.com/MystenLabs/sui.git", rev = "framework/testnet", subdir = "crates/sui-framework/packages/move-stdlib" }

[[move.package]]
id = "Sui"
source = { git = "https://github.com/MystenLabs/sui.git", rev = "framework/testnet", subdir = "crates/sui-framework/packages/sui-framework" }

dependencies = [
  { id = "MoveStdlib", name = "MoveStdlib" },
]

[move.toolchain-version]
compiler-version = "1.37.1"
edition = "2024.beta"
flavor = "sui"

[env]

[env.suiscan-testnet-rpc]
chain-id = "4c78adac"
original-published-id = "0xbb3e0dc4f7eb83409e917506725d9bf1c579678fa4393a40c85a98279328a4c4"
latest-published-id = "0xbb3e0dc4f7eb83409e917506725d9bf1c579678fa4393a40c85a98279328a4c4"
published-version = "1"

[env.suiscan-mainnet-rpc]
chain-id = "35834a8a"
original-published-id = "0x1db724adfe00d5e36262f31a4ba4f1227ee11d2e8ecbfe9a5b20497f32d4c4af"
latest-published-id = "0x1db724adfe00d5e36262f31a4ba4f1227ee11d2e8ecbfe9a5b20497f32d4c4af"
published-version = "1"
