# @generated by Move, please check-in and do not edit manually.

[move]
version = 3
manifest_digest = "698441E7FB7F265C628B950969BF5928C4E8E7C824061FF6C5BC1C7C990093BB"
deps_digest = "F8BBB0CCB2491CA29A3DF03D6F92277A4F3574266507ACD77214D37ECA3F3082"
dependencies = [
  { id = "Sui", name = "Sui" },
]

[[move.package]]
id = "MoveStdlib"
source = { git = "https://gitee.com/MystenLabs/sui.git", rev = "framework/testnet", subdir = "crates\\sui-framework\\packages\\move-stdlib" }

[[move.package]]
id = "Sui"
source = { git = "https://gitee.com/MystenLabs/sui.git", rev = "framework/testnet", subdir = "crates/sui-framework/packages/sui-framework" }

dependencies = [
  { id = "MoveStdlib", name = "MoveStdlib" },
]

[move.toolchain-version]
compiler-version = "1.45.0"
edition = "2024.beta"
flavor = "sui"

[env]

[env.testnet]
chain-id = "4c78adac"
original-published-id = "0x5e99a4b430f83e6a5b7d3ff235355a8f5e293d4c5a15441ce44fcc06980e07c8"
latest-published-id = "0x5e99a4b430f83e6a5b7d3ff235355a8f5e293d4c5a15441ce44fcc06980e07c8"
published-version = "1"

[env.mainnet]
chain-id = "35834a8a"
original-published-id = "0x3e7e0d65aa6bd6395143c0624f09b2d02245a6b1a2e1a9964b3a919bbc346631"
latest-published-id = "0x3e7e0d65aa6bd6395143c0624f09b2d02245a6b1a2e1a9964b3a919bbc346631"
published-version = "1"
