# @generated by Move, please check-in and do not edit manually.

[move]
version = 0
manifest_digest = "DB651B7120B7D6C38B752DECBCF64248D031EA6BB1A4497EB4B7C2C378A73A3A"
deps_digest = "F8BBB0CCB2491CA29A3DF03D6F92277A4F3574266507ACD77214D37ECA3F3082"

dependencies = [
  { name = "Sui" },
]

[[move.package]]
name = "MoveStdlib"
source = { local = "C:\\A\\sui-main\\crates\\sui-framework\\packages\\move-stdlib" }

[[move.package]]
name = "Sui"
source = { local = "C:\\A\\sui-main\\crates\\sui-framework\\packages\\sui-framework" }

dependencies = [
  { name = "MoveStdlib" },
]

[move.toolchain-version]
compiler-version = "1.24.0"
edition = "2024.beta"
flavor = "sui"

[env]

[env.devnet]
chain-id = "f4950f51"
original-published-id = "0x204966c685c8abcd6c10b9f106d0241638ab360a8217d8a68d866e0141d713ec"
latest-published-id = "0x204966c685c8abcd6c10b9f106d0241638ab360a8217d8a68d866e0141d713ec"
published-version = "1"
