# @generated by Move, please check-in and do not edit manually.

[move]
version = 3
manifest_digest = "F24C2AAA5C9E84B35A405C6AF857F3B3F61B78EAD864B143E3A91E5987AAFC4E"
deps_digest = "F8BBB0CCB2491CA29A3DF03D6F92277A4F3574266507ACD77214D37ECA3F3082"
dependencies = [
  { id = "Sui", name = "Sui" },
]

[[move.package]]
id = "MoveStdlib"
source = { git = "https://gitee.com/MystenLabs/sui.git", rev = "framework/testnet", subdir = "crates/sui-framework/packages/move-stdlib" }

[[move.package]]
id = "Sui"
source = { git = "https://gitee.com/MystenLabs/sui.git", rev = "framework/testnet", subdir = "crates/sui-framework/packages/sui-framework" }

dependencies = [
  { id = "MoveStdlib", name = "MoveStdlib" },
]

[move.toolchain-version]
compiler-version = "1.43.1"
edition = "2024.beta"
flavor = "sui"

[env]

[env.dev]
chain-id = "b7899290"
original-published-id = "0x80f8000af840066ef1c5e4a85f413861f047709044490bf1404e430a3b8b1f88"
latest-published-id = "0x80f8000af840066ef1c5e4a85f413861f047709044490bf1404e430a3b8b1f88"
published-version = "1"

[env.main]
chain-id = "35834a8a"
original-published-id = "0x2b0ff39ca9dc1dfd37daf3370872e60d0bb6aad87121cddb488a0aa9042ac002"
latest-published-id = "0x2b0ff39ca9dc1dfd37daf3370872e60d0bb6aad87121cddb488a0aa9042ac002"
published-version = "1"
