# @generated by Move, please check-in and do not edit manually.

[move]
version = 2
manifest_digest = "C2545450F86F9F0816515C6CA9CAD815332C15900F18D7C9F3423A345A1F7847"
deps_digest = "F8BBB0CCB2491CA29A3DF03D6F92277A4F3574266507ACD77214D37ECA3F3082"
dependencies = [
  { name = "Sui" },
]

[[move.package]]
name = "MoveStdlib"
source = { git = "https://github.com/MystenLabs/sui.git", rev = "framework/testnet", subdir = "crates/sui-framework/packages/move-stdlib" }

[[move.package]]
name = "Sui"
source = { git = "https://github.com/MystenLabs/sui.git", rev = "framework/testnet", subdir = "crates/sui-framework/packages/sui-framework" }

dependencies = [
  { name = "MoveStdlib" },
]

[move.toolchain-version]
compiler-version = "1.23.0"
edition = "2024.beta"
flavor = "sui"

[env]

[env.devnet]
chain-id = "69a65b6d"
original-published-id = "0xdb18a62fe5e6e98216ad75708546a2240288c06c0ae4b44076da153399442924"
latest-published-id = "0xdb18a62fe5e6e98216ad75708546a2240288c06c0ae4b44076da153399442924"
published-version = "1"
