# @generated by Move, please check-in and do not edit manually.

[move]
version = 2
manifest_digest = "6A773DAC75508F81BAB797954A51DED62E07FDB5CA905DEECCDEA03CEA687A9B"
deps_digest = "3C4103934B1E040BB6B23F1D610B4EF9F2F1166A50A104EADCF77467C004C600"
dependencies = [
  { name = "Faucet" },
  { name = "Sui" },
]

[[move.package]]
name = "Faucet"
source = { local = "../../task2/Faucet" }

dependencies = [
  { name = "Sui" },
]

[[move.package]]
name = "MoveStdlib"
source = { git = "https://github.com/MystenLabs/sui.git", rev = "framework/testnet", subdir = "crates/sui-framework/packages/move-stdlib" }

[[move.package]]
name = "Sui"
source = { git = "https://github.com/MystenLabs/sui.git", rev = "framework/testnet", subdir = "crates/sui-framework/packages/sui-framework" }

dependencies = [
  { name = "MoveStdlib" },
]

[move.toolchain-version]
compiler-version = "1.25.1"
edition = "2024.beta"
flavor = "sui"

[env]

[env.devnet]
chain-id = "bd665407"
original-published-id = "0x70399eaafab25d70c790a021137aef094952753f4532ad5c4fa079ee2f3ff7a1"
latest-published-id = "0x70399eaafab25d70c790a021137aef094952753f4532ad5c4fa079ee2f3ff7a1"
published-version = "1"
