# @generated by Move, please check-in and do not edit manually.

[move]
version = 2
manifest_digest = "0845F5EC479820E8F40AE9E35F9D969E3191EDBDC4D8461F328F084E82EE134C"
deps_digest = "3C4103934B1E040BB6B23F1D610B4EF9F2F1166A50A104EADCF77467C004C600"
dependencies = [
  { name = "Sui" },
  { name = "hello_coins" },
]

[[move.package]]
name = "MoveStdlib"
source = { git = "https://gitee.com/mystenLabs/sui.git", rev = "framework/testnet", subdir = "crates\\sui-framework\\packages\\move-stdlib" }

[[move.package]]
name = "Sui"
source = { git = "https://gitee.com/mystenLabs/sui.git", rev = "framework/testnet", subdir = "crates/sui-framework/packages/sui-framework" }

dependencies = [
  { name = "MoveStdlib" },
]

[[move.package]]
name = "hello_coins"
source = { local = "..\\hello_coins" }

dependencies = [
  { name = "Sui" },
]

[move.toolchain-version]
compiler-version = "1.25.0"
edition = "2024.beta"
flavor = "sui"

[env]

[env.testnet]
chain-id = "4c78adac"
original-published-id = "0x3d55653d8fd98ae221bf676783466223cf344824c9238df0a0551ef11bb2f8e1"
latest-published-id = "0x3d55653d8fd98ae221bf676783466223cf344824c9238df0a0551ef11bb2f8e1"
published-version = "1"
