# @generated by Move, please check-in and do not edit manually.

[move]
version = 1
manifest_digest = "FC6CBC0FFD88C0F32A52401663A333F24178EB086A37E42FDE185325FC780136"
deps_digest = "F8BBB0CCB2491CA29A3DF03D6F92277A4F3574266507ACD77214D37ECA3F3082"
dependencies = [
  { name = "Sui" },
]

[[move.package]]
name = "MoveStdlib"
source = { git = "https://github.com/mystenLabs/sui.git", rev = "framework/mainnet", subdir = "crates\\sui-framework\\packages\\move-stdlib" }

[[move.package]]
name = "Sui"
source = { git = "https://github.com/mystenLabs/sui.git", rev = "framework/mainnet", subdir = "crates/sui-framework/packages/sui-framework" }

dependencies = [
  { name = "MoveStdlib" },
]

[move.toolchain-version]
compiler-version = "1.22.0"
edition = "legacy"
flavor = "sui"
