# @generated by Move, please check-in and do not edit manually.

[move]
version = 2
manifest_digest = "0D4694D75894912FF7FBB1D195C9837FE5766F35334250D162589DF8957FEFEA"
deps_digest = "F8BBB0CCB2491CA29A3DF03D6F92277A4F3574266507ACD77214D37ECA3F3082"
dependencies = [
  { name = "Sui" },
]

[[move.package]]
name = "MoveStdlib"
source = { git = "https://github.com/MystenLabs/sui.git", rev = "framework/testnet", subdir = "crates/sui-framework/packages/move-stdlib" }

[[move.package]]
name = "Sui"
source = { git = "https://github.com/MystenLabs/sui.git", rev = "framework/testnet", subdir = "crates/sui-framework/packages/sui-framework" }

dependencies = [
  { name = "MoveStdlib" },
]

[move.toolchain-version]
compiler-version = "1.27.1"
edition = "2024.beta"
flavor = "sui"

[env]

[env.testnet]
chain-id = "4c78adac"
original-published-id = "0xf86301feab284326c49427efb5bfa27810d028e424517e83cac886fa6ab9c987"
latest-published-id = "0xf86301feab284326c49427efb5bfa27810d028e424517e83cac886fa6ab9c987"
published-version = "1"
