# @generated by Move, please check-in and do not edit manually.

[move]
version = 3
manifest_digest = "527040C9D4064960C3424E12CA1A4F4392E2423DACC0F0C922968A9DD971B4D0"
deps_digest = "F8BBB0CCB2491CA29A3DF03D6F92277A4F3574266507ACD77214D37ECA3F3082"
dependencies = [
  { id = "Sui", name = "Sui" },
]

[[move.package]]
id = "MoveStdlib"
source = { git = "https://github.com/MystenLabs/sui.git", rev = "framework/testnet", subdir = "crates\\sui-framework\\packages\\move-stdlib" }

[[move.package]]
id = "Sui"
source = { git = "https://github.com/MystenLabs/sui.git", rev = "framework/testnet", subdir = "crates/sui-framework/packages/sui-framework" }

dependencies = [
  { id = "MoveStdlib", name = "MoveStdlib" },
]

[move.toolchain-version]
compiler-version = "1.37.1"
edition = "2024.beta"
flavor = "sui"

[env]

[env.testnet]
chain-id = "4c78adac"
original-published-id = "0x71d67141b2c06e7abdf6829aa2ca8e36cb469fe304519e084c3f29e9e6244824"
latest-published-id = "0x71d67141b2c06e7abdf6829aa2ca8e36cb469fe304519e084c3f29e9e6244824"
published-version = "1"
