# @generated by Move, please check-in and do not edit manually.

[move]
version = 3
manifest_digest = "145C7D299747EEC9125E0BDCD0FB7179618BA59B1C6BBECAF1CE32638715C713"
deps_digest = "F8BBB0CCB2491CA29A3DF03D6F92277A4F3574266507ACD77214D37ECA3F3082"
dependencies = [
  { id = "Sui", name = "Sui" },
]

[[move.package]]
id = "MoveStdlib"
source = { git = "https://github.com/MystenLabs/sui.git", rev = "framework/testnet", subdir = "crates/sui-framework/packages/move-stdlib" }

[[move.package]]
id = "Sui"
source = { git = "https://github.com/MystenLabs/sui.git", rev = "framework/testnet", subdir = "crates/sui-framework/packages/sui-framework" }

dependencies = [
  { id = "MoveStdlib", name = "MoveStdlib" },
]

[move.toolchain-version]
compiler-version = "1.44.2"
edition = "2024.beta"
flavor = "sui"

[env]

[env.testnet]
chain-id = "4c78adac"
original-published-id = "0x0601711156a090787715e50ae00aee592b7600d9ad0ce41ad912c2d3ef683917"
latest-published-id = "0x0601711156a090787715e50ae00aee592b7600d9ad0ce41ad912c2d3ef683917"
published-version = "1"
