# @generated by Move, please check-in and do not edit manually.

[move]
version = 2
manifest_digest = "BC2E72F3CE7F18F371ABB3166D3B73140D3BD2330B366ECD5A1BDC6CE46496BB"
deps_digest = "F8BBB0CCB2491CA29A3DF03D6F92277A4F3574266507ACD77214D37ECA3F3082"
dependencies = [
  { name = "Sui" },
]

[[move.package]]
name = "MoveStdlib"
source = { git = "https://github.com/MystenLabs/sui.git", rev = "devnet", subdir = "crates/sui-framework/packages/move-stdlib" }

[[move.package]]
name = "Sui"
source = { git = "https://github.com/MystenLabs/sui.git", rev = "devnet", subdir = "crates/sui-framework/packages/sui-framework" }

dependencies = [
  { name = "MoveStdlib" },
]

[move.toolchain-version]
compiler-version = "1.25.0"
edition = "2024.beta"
flavor = "sui"

[env]

[env.testnet]
chain-id = "4c78adac"
original-published-id = "0x0ea92304a9e9af1bced7223a00800eb2935914df47a5c8e3f12509f8b32ae152"
latest-published-id = "0x0ea92304a9e9af1bced7223a00800eb2935914df47a5c8e3f12509f8b32ae152"
published-version = "1"
