# @generated by Move, please check-in and do not edit manually.

[move]
version = 3
manifest_digest = "FD7281619B1D5F46D8575E8C43537192F9D6B8E63A32E0E4989C0014A7678C17"
deps_digest = "3C4103934B1E040BB6B23F1D610B4EF9F2F1166A50A104EADCF77467C004C600"
dependencies = [
  { id = "Sui", name = "Sui" },
  { id = "lets_move", name = "lets_move" },
]

[[move.package]]
id = "MoveStdlib"
source = { git = "https://github.com/MystenLabs/sui.git", rev = "framework/testnet", subdir = "crates/sui-framework/packages/move-stdlib" }

[[move.package]]
id = "Sui"
source = { git = "https://github.com/MystenLabs/sui.git", rev = "framework/testnet", subdir = "crates/sui-framework/packages/sui-framework" }

dependencies = [
  { id = "MoveStdlib", name = "MoveStdlib" },
]

[[move.package]]
id = "lets_move"
source = { local = "../lets_move" }

dependencies = [
  { id = "Sui", name = "Sui" },
]

[move.toolchain-version]
compiler-version = "1.37.2"
edition = "2024.beta"
flavor = "sui"

[env]

[env.testnet]
chain-id = "4c78adac"
original-published-id = "0x1df6e78eb65ec032e83bf7a7070cd5f41f1d72e9c52fbdad3cddc18590fc3325"
latest-published-id = "0x1df6e78eb65ec032e83bf7a7070cd5f41f1d72e9c52fbdad3cddc18590fc3325"
published-version = "1"
