# @generated by Move, please check-in and do not edit manually.

[move]
version = 3
manifest_digest = "89C35C75B0788DEA5B3494CF20F6D9C3C851D572DB0705FF55ABA5C7A16C3996"
deps_digest = "52B406A7A21811BEF51751CF88DA0E76DAEFFEAC888D4F4060B1A72BBE7D8D35"
dependencies = [
  { id = "Bridge", name = "Bridge" },
  { id = "DeepBook", name = "DeepBook" },
  { id = "MoveStdlib", name = "MoveStdlib" },
  { id = "Sui", name = "Sui" },
  { id = "SuiSystem", name = "SuiSystem" },
  { id = "move_coin", name = "move_coin" },
]

[[move.package]]
id = "Bridge"
source = { git = "https://github.com/MystenLabs/sui.git", rev = "9c04e1840eb5", subdir = "crates/sui-framework/packages/bridge" }

dependencies = [
  { id = "MoveStdlib", name = "MoveStdlib" },
  { id = "Sui", name = "Sui" },
  { id = "SuiSystem", name = "SuiSystem" },
]

[[move.package]]
id = "DeepBook"
source = { git = "https://github.com/MystenLabs/sui.git", rev = "9c04e1840eb5", subdir = "crates/sui-framework/packages/deepbook" }

dependencies = [
  { id = "MoveStdlib", name = "MoveStdlib" },
  { id = "Sui", name = "Sui" },
]

[[move.package]]
id = "MoveStdlib"
source = { git = "https://github.com/MystenLabs/sui.git", rev = "9c04e1840eb5", subdir = "crates/sui-framework/packages/move-stdlib" }

[[move.package]]
id = "Sui"
source = { git = "https://github.com/MystenLabs/sui.git", rev = "9c04e1840eb5", subdir = "crates/sui-framework/packages/sui-framework" }

dependencies = [
  { id = "MoveStdlib", name = "MoveStdlib" },
]

[[move.package]]
id = "SuiSystem"
source = { git = "https://github.com/MystenLabs/sui.git", rev = "9c04e1840eb5", subdir = "crates/sui-framework/packages/sui-system" }

dependencies = [
  { id = "MoveStdlib", name = "MoveStdlib" },
  { id = "Sui", name = "Sui" },
]

[[move.package]]
id = "move_coin"
source = { local = "../../task2/move_coin" }

dependencies = [
  { id = "Sui", name = "Sui" },
]

[move.toolchain-version]
compiler-version = "1.45.0"
edition = "2024.beta"
flavor = "sui"

[env]

[env.testnet]
chain-id = "4c78adac"
original-published-id = "0x1eb4a3da789d825f7d702a01af11cf0c74d35c9b65596e734071a88242b2edf9"
latest-published-id = "0x1eb4a3da789d825f7d702a01af11cf0c74d35c9b65596e734071a88242b2edf9"
published-version = "1"

[env.mainnet]
chain-id = "35834a8a"
original-published-id = "0xb5b71b776a14601c58e17a246efe02ce4546b9f8980c89b39ad3c5fe1a43f5b0"
latest-published-id = "0xb5b71b776a14601c58e17a246efe02ce4546b9f8980c89b39ad3c5fe1a43f5b0"
published-version = "1"
