# @generated by Move, please check-in and do not edit manually.

[move]
version = 3
manifest_digest = "0A4652D38CF3C3FDB79EC6C1C98FCFF7B2E933E12B84A1DA267DB28F66AFECE3"
deps_digest = "F8BBB0CCB2491CA29A3DF03D6F92277A4F3574266507ACD77214D37ECA3F3082"
dependencies = [
  { id = "Sui", name = "Sui" },
]

[[move.package]]
id = "MoveStdlib"
source = { git = "https://github.com/MystenLabs/sui.git", rev = "framework/testnet", subdir = "crates\\sui-framework\\packages\\move-stdlib" }

[[move.package]]
id = "Sui"
source = { git = "https://github.com/MystenLabs/sui.git", rev = "framework/testnet", subdir = "crates/sui-framework/packages/sui-framework" }

dependencies = [
  { id = "MoveStdlib", name = "MoveStdlib" },
]

[move.toolchain-version]
compiler-version = "1.35.2"
edition = "2024.beta"
flavor = "sui"

[env]

[env.mainnet]
chain-id = "35834a8a"
original-published-id = "0x42d09c92dc048f5753f6c7960c8dbb92934dc7e69b4b59bbf89f4e2e0ad4525d"
latest-published-id = "0x42d09c92dc048f5753f6c7960c8dbb92934dc7e69b4b59bbf89f4e2e0ad4525d"
published-version = "1"
