# @generated by Move, please check-in and do not edit manually.

[move]
version = 3
manifest_digest = "BC44E409996020AED60F7FC5D1763F5B6545434CE20672D2F1A2985C0E7A1E56"
deps_digest = "3C4103934B1E040BB6B23F1D610B4EF9F2F1166A50A104EADCF77467C004C600"
dependencies = [
  { id = "Sui", name = "Sui" },
  { id = "hwen_faucet_coin", name = "hwen_faucet_coin" },
]

[[move.package]]
id = "MoveStdlib"
source = { git = "https://github.com/MystenLabs/sui.git", rev = "framework/testnet", subdir = "crates\\sui-framework\\packages\\move-stdlib" }

[[move.package]]
id = "Sui"
source = { git = "https://github.com/MystenLabs/sui.git", rev = "framework/testnet", subdir = "crates/sui-framework/packages/sui-framework" }

dependencies = [
  { id = "MoveStdlib", name = "MoveStdlib" },
]

[[move.package]]
id = "hwen_faucet_coin"
source = { local = "..\\..\\task2\\hwen_faucet_coin" }

dependencies = [
  { id = "Sui", name = "Sui" },
]

[move.toolchain-version]
compiler-version = "1.36.2"
edition = "2024.beta"
flavor = "sui"

[env]

[env.mainnet]
chain-id = "35834a8a"
original-published-id = "0x5d530517d4fee43180fd1ea82ea1f6c7afc8dbde3e052cc24e2942b382fbb82a"
latest-published-id = "0x5d530517d4fee43180fd1ea82ea1f6c7afc8dbde3e052cc24e2942b382fbb82a"
published-version = "1"
