# @generated by Move, please check-in and do not edit manually.

[move]
version = 2
manifest_digest = "1393B3A86BC22B7FE61E23DBB2EF7BE1A330BF07AB402600F7E7CFF6E9DC82F9"
deps_digest = "F8BBB0CCB2491CA29A3DF03D6F92277A4F3574266507ACD77214D37ECA3F3082"
dependencies = [
  { name = "Sui" },
]

[[move.package]]
name = "MoveStdlib"
source = { git = "https://github.com/MystenLabs/sui.git", rev = "framework/testnet", subdir = "crates/sui-framework/packages/move-stdlib" }

[[move.package]]
name = "Sui"
source = { git = "https://github.com/MystenLabs/sui.git", rev = "framework/testnet", subdir = "crates/sui-framework/packages/sui-framework" }

dependencies = [
  { name = "MoveStdlib" },
]

[move.toolchain-version]
compiler-version = "1.26.0"
edition = "2024.beta"
flavor = "sui"

[env]

[env.mainnet]
chain-id = "35834a8a"
original-published-id = "0xdb72c319d00dbffb1df12aef51e7ffca3a3254d986fc53e4ef410f0f452bb48f"
latest-published-id = "0xdb72c319d00dbffb1df12aef51e7ffca3a3254d986fc53e4ef410f0f452bb48f"
published-version = "1"
