# @generated by Move, please check-in and do not edit manually.

[move]
version = 1
manifest_digest = "73EDECDB242C4A184456365C014C4F7EABFE04A333A534FEA0953813B86FF223"
deps_digest = "F8BBB0CCB2491CA29A3DF03D6F92277A4F3574266507ACD77214D37ECA3F3082"
dependencies = [
  { name = "Sui" },
]

[[move.package]]
name = "MoveStdlib"
source = { git = "https://github.com/MystenLabs/sui.git", rev = "framework/testnet", subdir = "crates/sui-framework/packages/move-stdlib" }

[[move.package]]
name = "Sui"
source = { git = "https://github.com/MystenLabs/sui.git", rev = "framework/testnet", subdir = "crates/sui-framework/packages/sui-framework" }

dependencies = [
  { name = "MoveStdlib" },
]

[move.toolchain-version]
compiler-version = "1.27.0"
edition = "2024.beta"
flavor = "sui"

[env]

[env.testnet]
chain-id = "4c78adac"
original-published-id = "0xe43565c32957c9c433a129466038e58b91a1f5eab67ea23c508e8cf33581bfec"
latest-published-id = "0xe43565c32957c9c433a129466038e58b91a1f5eab67ea23c508e8cf33581bfec"
published-version = "1"
