# @generated by Move, please check-in and do not edit manually.

[move]
version = 3
manifest_digest = "4F66AA612C1F8560D7DFDD72235DC39320965AC223181C13A03763083E35ABD0"
deps_digest = "3C4103934B1E040BB6B23F1D610B4EF9F2F1166A50A104EADCF77467C004C600"
dependencies = [
  { id = "Sui", name = "Sui" },
  { id = "faucet_coin", name = "faucet_coin" },
]

[[move.package]]
id = "MoveStdlib"
source = { git = "https://github.com/MystenLabs/sui.git", rev = "framework/testnet", subdir = "crates\\sui-framework\\packages\\move-stdlib" }

[[move.package]]
id = "Sui"
source = { git = "https://github.com/MystenLabs/sui.git", rev = "framework/testnet", subdir = "crates/sui-framework/packages/sui-framework" }

dependencies = [
  { id = "MoveStdlib", name = "MoveStdlib" },
]

[[move.package]]
id = "faucet_coin"
source = { local = "..\\..\\task2\\faucet_coin" }

dependencies = [
  { id = "Sui", name = "Sui" },
]

[move.toolchain-version]
compiler-version = "1.44.0"
edition = "2024.beta"
flavor = "sui"

[env]

[env.mainnet]
chain-id = "35834a8a"
original-published-id = "0x3a4760a8d362d49e81a6b3e98c3c5f3360e861d1c1546b15bc8d987830f73767"
latest-published-id = "0x3a4760a8d362d49e81a6b3e98c3c5f3360e861d1c1546b15bc8d987830f73767"
published-version = "1"
