# @generated by Move, please check-in and do not edit manually.

[move]
version = 2
manifest_digest = "1F66728AACEC78B05D3B80E45561ED977E97307993E00DF067148628AA659932"
deps_digest = "F8BBB0CCB2491CA29A3DF03D6F92277A4F3574266507ACD77214D37ECA3F3082"
dependencies = [
  { name = "Sui" },
]

[[move.package]]
name = "MoveStdlib"
source = { git = "https://github.com/MystenLabs/sui.git", rev = "framework/testnet", subdir = "crates/sui-framework/packages/move-stdlib" }

[[move.package]]
name = "Sui"
source = { git = "https://github.com/MystenLabs/sui.git", rev = "framework/testnet", subdir = "crates/sui-framework/packages/sui-framework" }

dependencies = [
  { name = "MoveStdlib" },
]

[move.toolchain-version]
compiler-version = "1.26.1"
edition = "2024.beta"
flavor = "sui"

[env]

[env.testnet]
chain-id = "4c78adac"
original-published-id = "0x53829e8f97dd3ee7c9954c1743d6c386ecc86a8e5cd76ed590e8c8bea83c56a6"
latest-published-id = "0x53829e8f97dd3ee7c9954c1743d6c386ecc86a8e5cd76ed590e8c8bea83c56a6"
published-version = "1"
