# @generated by Move, please check-in and do not edit manually.

[move]
version = 3
manifest_digest = "5A891D3A21D0F8C4C1145573EB634315F2F924B473BA78903941E40DC9A1B9F7"
deps_digest = "F8BBB0CCB2491CA29A3DF03D6F92277A4F3574266507ACD77214D37ECA3F3082"
dependencies = [
  { id = "Sui", name = "Sui" },
]

[[move.package]]
id = "MoveStdlib"
source = { git = "https://github.com/MystenLabs/sui.git", rev = "framework/testnet", subdir = "crates/sui-framework/packages/move-stdlib" }

[[move.package]]
id = "Sui"
source = { git = "https://github.com/MystenLabs/sui.git", rev = "framework/testnet", subdir = "crates/sui-framework/packages/sui-framework" }

dependencies = [
  { id = "MoveStdlib", name = "MoveStdlib" },
]

[move.toolchain-version]
compiler-version = "1.37.1"
edition = "2024.beta"
flavor = "sui"

[env]

[env.testnet]
chain-id = "4c78adac"
original-published-id = "0x26f0c969332b78d295defe743e870508202b5d2781a186a1ebf8d49ee645399b"
latest-published-id = "0x26f0c969332b78d295defe743e870508202b5d2781a186a1ebf8d49ee645399b"
published-version = "1"

[env.devnet]
chain-id = "0fc07bbe"
original-published-id = "0x63ba1aff356125696ce8ac2bf23b6ca5e241f9d25192b46e8324d7f24d21cf2a"
latest-published-id = "0x63ba1aff356125696ce8ac2bf23b6ca5e241f9d25192b46e8324d7f24d21cf2a"
published-version = "1"

[env.mainnet]
chain-id = "35834a8a"
original-published-id = "0x136f02ff814bb100b4d39d0dae658272183d1c9ca1142368a7c3ce0f0386a365"
latest-published-id = "0x136f02ff814bb100b4d39d0dae658272183d1c9ca1142368a7c3ce0f0386a365"
published-version = "1"
