# @generated by Move, please check-in and do not edit manually.

[move]
version = 3
manifest_digest = "8CDDD3EB99E7666ECC6577B02948FCDAC402135C37B5D4534E97852DA6960722"
deps_digest = "3C4103934B1E040BB6B23F1D610B4EF9F2F1166A50A104EADCF77467C004C600"
dependencies = [
  { id = "Sui", name = "Sui" },
  { id = "singmin_faucet", name = "singmin_faucet" },
]

[[move.package]]
id = "MoveStdlib"
source = { git = "https://gitee.com/MystenLabs/sui.git", rev = "framework/testnet", subdir = "crates\\sui-framework\\packages\\move-stdlib" }

[[move.package]]
id = "Sui"
source = { git = "https://gitee.com/MystenLabs/sui.git", rev = "framework/testnet", subdir = "crates/sui-framework/packages/sui-framework" }

dependencies = [
  { id = "MoveStdlib", name = "MoveStdlib" },
]

[[move.package]]
id = "singmin_faucet"
source = { local = "..\\..\\task2\\singmin_faucet" }

dependencies = [
  { id = "Sui", name = "Sui" },
]

[move.toolchain-version]
compiler-version = "1.43.1"
edition = "2024.beta"
flavor = "sui"

[env]

[env.mainnet]
chain-id = "35834a8a"
original-published-id = "0x7bbeb180448aefd8db3ece67a89acdf690862a83e22f14b0ef972391cf7513f3"
latest-published-id = "0x7bbeb180448aefd8db3ece67a89acdf690862a83e22f14b0ef972391cf7513f3"
published-version = "1"
