# @generated by Move, please check-in and do not edit manually.

[move]
version = 2
manifest_digest = "53D63BF37A5A75E12B16FA15616621B9469CA2B028AD484BE07CBC84DEE64DCE"
deps_digest = "F8BBB0CCB2491CA29A3DF03D6F92277A4F3574266507ACD77214D37ECA3F3082"
dependencies = [
  { name = "Sui" },
]

[[move.package]]
name = "MoveStdlib"
source = { git = "https://gitee.com/MystenLabs/sui.git", rev = "framework/testnet", subdir = "crates\\sui-framework\\packages\\move-stdlib" }

[[move.package]]
name = "Sui"
source = { git = "https://gitee.com/MystenLabs/sui.git", rev = "framework/testnet", subdir = "crates/sui-framework/packages/sui-framework" }

dependencies = [
  { name = "MoveStdlib" },
]

[move.toolchain-version]
compiler-version = "1.28.0"
edition = "2024.beta"
flavor = "sui"

[env]

[env.testnet]
chain-id = "4c78adac"
original-published-id = "0xd4b2828593f15e40a33bf1524113debcbfd551c8831a5b0e8a25d4e2f4676a30"
latest-published-id = "0xd4b2828593f15e40a33bf1524113debcbfd551c8831a5b0e8a25d4e2f4676a30"
published-version = "1"

[env.mainnet]
chain-id = "35834a8a"
original-published-id = "0x88c45b95b24e19453fe0b5b7801655442f3c04609eb7734bb6d5ffcf58e72841"
latest-published-id = "0x88c45b95b24e19453fe0b5b7801655442f3c04609eb7734bb6d5ffcf58e72841"
published-version = "1"
