# @generated by Move, please check-in and do not edit manually.

[move]
version = 1
manifest_digest = "C9074628C1840ABBFC431C503B4491CA366647292DE116FC92B976D7080E583E"
deps_digest = "F8BBB0CCB2491CA29A3DF03D6F92277A4F3574266507ACD77214D37ECA3F3082"
dependencies = [
  { name = "Sui" },
]

[[move.package]]
name = "MoveStdlib"
source = { git = "https://gitee.com/WGB5445/sui.git", rev = "framework/testnet", subdir = "crates\\sui-framework\\packages\\move-stdlib" }

[[move.package]]
name = "Sui"
source = { git = "https://gitee.com/WGB5445/sui.git", rev = "framework/testnet", subdir = "crates/sui-framework/packages/sui-framework" }

dependencies = [
  { name = "MoveStdlib" },
]

[move.toolchain-version]
compiler-version = "1.27.0"
edition = "2024.alpha"
flavor = "sui"

[env]

[env.devnet]
chain-id = "49fe5305"
original-published-id = "0x8ee80fa6f910cbbf62b735426572216a697f91f64051e123bb7b954b44451c25"
latest-published-id = "0x8ee80fa6f910cbbf62b735426572216a697f91f64051e123bb7b954b44451c25"
published-version = "1"
