# @generated by Move, please check-in and do not edit manually.

[move]
version = 2
manifest_digest = "759D5BBA961C7BD0C265B42CE2CE995EB9A05D5E4C74EAF83D084518BD03BB0F"
deps_digest = "F8BBB0CCB2491CA29A3DF03D6F92277A4F3574266507ACD77214D37ECA3F3082"
dependencies = [
  { name = "Sui" },
]

[[move.package]]
name = "MoveStdlib"
source = { git = "https://github.com/MystenLabs/sui.git", rev = "framework/testnet", subdir = "crates/sui-framework/packages/move-stdlib" }

[[move.package]]
name = "Sui"
source = { git = "https://github.com/MystenLabs/sui.git", rev = "framework/testnet", subdir = "crates/sui-framework/packages/sui-framework" }

dependencies = [
  { name = "MoveStdlib" },
]

[move.toolchain-version]
compiler-version = "1.25.1"
edition = "2024.beta"
flavor = "sui"

[env]

[env.mainnet]
chain-id = "35834a8a"
original-published-id = "0xc60adef0aaa6304737d333161c096ec51077e33cde1074a7a9fdd298a013d391"
latest-published-id = "0xc60adef0aaa6304737d333161c096ec51077e33cde1074a7a9fdd298a013d391"
published-version = "1"
