# @generated by Move, please check-in and do not edit manually.

[move]
version = 2
manifest_digest = "574A3AE5EDB98429855D33A1AC0C93432D8AECDBD1ADBA4236652545720384CB"
deps_digest = "F8BBB0CCB2491CA29A3DF03D6F92277A4F3574266507ACD77214D37ECA3F3082"
dependencies = [
  { name = "Sui" },
]

[[move.package]]
name = "MoveStdlib"
source = { git = "https://gitee.com/WGB5445/sui.git", rev = "framework/testnet", subdir = "crates/sui-framework/packages/move-stdlib" }

[[move.package]]
name = "Sui"
source = { git = "https://gitee.com/WGB5445/sui.git", rev = "framework/testnet", subdir = "crates/sui-framework/packages/sui-framework" }

dependencies = [
  { name = "MoveStdlib" },
]

[move.toolchain-version]
compiler-version = "1.30.1"
edition = "2024.beta"
flavor = "sui"

[env]

[env.mainnet]
chain-id = "35834a8a"
original-published-id = "0x0d7ab1d386f90eb2bc708479afe6b9773e5d958bb7338aee24b7788e62cc9f1a"
latest-published-id = "0x0d7ab1d386f90eb2bc708479afe6b9773e5d958bb7338aee24b7788e62cc9f1a"
published-version = "1"

[env.testnet]
chain-id = "4c78adac"
original-published-id = "0x78da6448962def322918b84f7ffed0164de07edad2f3141a96fa36267613ca57"
latest-published-id = "0x78da6448962def322918b84f7ffed0164de07edad2f3141a96fa36267613ca57"
published-version = "1"
