# @generated by Move, please check-in and do not edit manually.

[move]
version = 3
manifest_digest = "F0D85DC219524751B35E76E7D4EA91F3A360D59E0DF01349676FA2FF1F996909"
deps_digest = "F8BBB0CCB2491CA29A3DF03D6F92277A4F3574266507ACD77214D37ECA3F3082"
dependencies = [
  { id = "Sui", name = "Sui" },
]

[[move.package]]
id = "MoveStdlib"
source = { git = "https://github.com/MystenLabs/sui.git", rev = "framework/testnet", subdir = "crates/sui-framework/packages/move-stdlib" }

[[move.package]]
id = "Sui"
source = { git = "https://github.com/MystenLabs/sui.git", rev = "framework/testnet", subdir = "crates/sui-framework/packages/sui-framework" }

dependencies = [
  { id = "MoveStdlib", name = "MoveStdlib" },
]

[move.toolchain-version]
compiler-version = "1.45.0"
edition = "2024"
flavor = "sui"

[env]

[env.testnet]
chain-id = "4c78adac"
original-published-id = "0x729842981db66e88e3582ee08089d075096af85aa3a66c132185f554d7351c8e"
latest-published-id = "0x729842981db66e88e3582ee08089d075096af85aa3a66c132185f554d7351c8e"
published-version = "1"

[env.mainnet]
chain-id = "35834a8a"
original-published-id = "0x5bfc7604744180b2555ad6031bd3a381441a5aaad883ea7618ca200dd4a462f6"
latest-published-id = "0x5bfc7604744180b2555ad6031bd3a381441a5aaad883ea7618ca200dd4a462f6"
published-version = "1"
