# @generated by Move, please check-in and do not edit manually.

[move]
version = 3
manifest_digest = "E602B0A9D264412FC58309F77F8541C9B21E72AA03A806FB3DCD28F54B80F65A"
deps_digest = "F8BBB0CCB2491CA29A3DF03D6F92277A4F3574266507ACD77214D37ECA3F3082"
dependencies = [
  { id = "Sui", name = "Sui" },
]

[[move.package]]
id = "MoveStdlib"
source = { git = "https://gitee.com/MystenLabs/sui.git", rev = "framework/testnet", subdir = "crates\\sui-framework\\packages\\move-stdlib" }

[[move.package]]
id = "Sui"
source = { git = "https://gitee.com/MystenLabs/sui.git", rev = "framework/testnet", subdir = "crates/sui-framework/packages/sui-framework" }

dependencies = [
  { id = "MoveStdlib", name = "MoveStdlib" },
]

[move.toolchain-version]
compiler-version = "1.37.1"
edition = "2024.beta"
flavor = "sui"

[env]

[env.mainnet]
chain-id = "35834a8a"
original-published-id = "0xc3209494d8c52b2c44444fc34d47bbcc9156bc539eab602993f187bcad4dfe36"
latest-published-id = "0xc3209494d8c52b2c44444fc34d47bbcc9156bc539eab602993f187bcad4dfe36"
published-version = "1"
