# @generated by Move, please check-in and do not edit manually.

[move]
version = 2
manifest_digest = "558B6BCD92B4F15FCCD8D42692B17F4CE8CC7E89CBEC187441080D8D3D5F5B35"
deps_digest = "F8BBB0CCB2491CA29A3DF03D6F92277A4F3574266507ACD77214D37ECA3F3082"
dependencies = [
  { name = "Sui" },
]

[[move.package]]
name = "MoveStdlib"
source = { git = "https://gitee.com/mystenLabs/sui.git", rev = "main", subdir = "crates/sui-framework/packages/move-stdlib" }

[[move.package]]
name = "Sui"
source = { git = "https://gitee.com/mystenLabs/sui.git", rev = "main", subdir = "crates/sui-framework/packages/sui-framework" }

dependencies = [
  { name = "MoveStdlib" },
]

[move.toolchain-version]
compiler-version = "1.26.0"
edition = "2024.beta"
flavor = "sui"

[env]

[env.main]
chain-id = "35834a8a"
original-published-id = "0xb74760b134c2cbf8ffa65bf8ed64570851eb238d4b8647bb2f228803d31a2137"
latest-published-id = "0xb74760b134c2cbf8ffa65bf8ed64570851eb238d4b8647bb2f228803d31a2137"
published-version = "1"
