# @generated by Move, please check-in and do not edit manually.

[move]
version = 2
manifest_digest = "2C5CDCE9B31A02D8FD30CD9D7CBC85309B6272FB17A5C7CB475CB23FD05DA473"
deps_digest = "3C4103934B1E040BB6B23F1D610B4EF9F2F1166A50A104EADCF77467C004C600"
dependencies = [
  { name = "Sui" },
  { name = "move_coin" },
]

[[move.package]]
name = "MoveStdlib"
source = { git = "https://gitee.com/MystenLabs/sui.git", rev = "framework/testnet", subdir = "crates\\sui-framework\\packages\\move-stdlib" }

[[move.package]]
name = "Sui"
source = { git = "https://gitee.com/MystenLabs/sui.git", rev = "framework/testnet", subdir = "crates/sui-framework/packages/sui-framework" }

dependencies = [
  { name = "MoveStdlib" },
]

[[move.package]]
name = "move_coin"
source = { local = "..\\move_coin" }

dependencies = [
  { name = "Sui" },
]

[move.toolchain-version]
compiler-version = "1.30.1"
edition = "2024.beta"
flavor = "sui"

[env]

[env.mainnet]
chain-id = "35834a8a"
original-published-id = "0xf1b6b704d6fd679736d3704a7278d4ad5c0dfff348f85a547c9c7f37b4d9d6f5"
latest-published-id = "0xf1b6b704d6fd679736d3704a7278d4ad5c0dfff348f85a547c9c7f37b4d9d6f5"
published-version = "1"
