# @generated by Move, please check-in and do not edit manually.

[move]
version = 2
manifest_digest = "2B6AF9E4A868A2B23CCDD37FF985E1D0F11899BAE63E60DF9EAC22A6B4E8AE3B"
deps_digest = "F8BBB0CCB2491CA29A3DF03D6F92277A4F3574266507ACD77214D37ECA3F3082"
dependencies = [
  { name = "Sui" },
]

[[move.package]]
name = "MoveStdlib"
source = { git = "https://gitee.com/MystenLabs/sui.git", rev = "framework/testnet", subdir = "crates\\sui-framework\\packages\\move-stdlib" }

[[move.package]]
name = "Sui"
source = { git = "https://gitee.com/MystenLabs/sui.git", rev = "framework/testnet", subdir = "crates/sui-framework/packages/sui-framework" }

dependencies = [
  { name = "MoveStdlib" },
]

[move.toolchain-version]
compiler-version = "1.24.1"
edition = "2024.beta"
flavor = "sui"

[env]

[env.mainnet]
chain-id = "35834a8a"
original-published-id = "0xbc7b3b81d3d3f8932e5e7148074b29b55433fae8d969c86815534df5e5f9c133"
latest-published-id = "0xbc7b3b81d3d3f8932e5e7148074b29b55433fae8d969c86815534df5e5f9c133"
published-version = "1"
