# @generated by Move, please check-in and do not edit manually.

[move]
version = 3
manifest_digest = "92F44C604A6E960DF34F97B0984FBA62E030DA9FF933DC77C4F6F5BBB714C24D"
deps_digest = "F8BBB0CCB2491CA29A3DF03D6F92277A4F3574266507ACD77214D37ECA3F3082"
dependencies = [
  { id = "Sui", name = "Sui" },
]

[[move.package]]
id = "MoveStdlib"
source = { git = "https://gitee.com/MystenLabs/sui.git", rev = "framework/testnet", subdir = "crates/sui-framework/packages/move-stdlib" }

[[move.package]]
id = "Sui"
source = { git = "https://gitee.com/MystenLabs/sui.git", rev = "framework/testnet", subdir = "crates/sui-framework/packages/sui-framework" }

dependencies = [
  { id = "MoveStdlib", name = "MoveStdlib" },
]

[move.toolchain-version]
compiler-version = "1.44.3"
edition = "2024.beta"
flavor = "sui"

[env]

[env.testnet]
chain-id = "4c78adac"
original-published-id = "0x255c0105977a60cb7cf18019f63962e4e4ba8c30f3c8c61b528bd815ec7849f3"
latest-published-id = "0x255c0105977a60cb7cf18019f63962e4e4ba8c30f3c8c61b528bd815ec7849f3"
published-version = "1"

[env.mainnet]
chain-id = "35834a8a"
original-published-id = "0xe4678e82a0fd385064989fa25e9175168baa2a3a00509b6d0cdbe6257059e6a2"
latest-published-id = "0xe4678e82a0fd385064989fa25e9175168baa2a3a00509b6d0cdbe6257059e6a2"
published-version = "1"
