# @generated by Move, please check-in and do not edit manually.

[move]
version = 2
manifest_digest = "647C1D48BAF57284AF70D94048937EC104CF757BD8FEB91D889C43C6DECCBC39"
deps_digest = "3C4103934B1E040BB6B23F1D610B4EF9F2F1166A50A104EADCF77467C004C600"
dependencies = [
  { name = "Sui" },
  { name = "lazy_forever_coin" },
]

[[move.package]]
name = "MoveStdlib"
source = { git = "https://gitee.com/mystenLabs/sui.git", rev = "framework/testnet", subdir = "crates\\sui-framework\\packages\\move-stdlib" }

[[move.package]]
name = "Sui"
source = { git = "https://gitee.com/mystenLabs/sui.git", rev = "framework/testnet", subdir = "crates/sui-framework/packages/sui-framework" }

dependencies = [
  { name = "MoveStdlib" },
]

[[move.package]]
name = "lazy_forever_coin"
source = { local = "..\\..\\2_coin\\lazy_forever_coin" }

dependencies = [
  { name = "Sui" },
]

[move.toolchain-version]
compiler-version = "1.26.2"
edition = "2024.beta"
flavor = "sui"

[env]

[env.mainnet]
chain-id = "35834a8a"
original-published-id = "0x4623775b932a4bbd5b3c6b93ab61ddc492c0ed19c81e9d6da59c4815aa7981de"
latest-published-id = "0x4623775b932a4bbd5b3c6b93ab61ddc492c0ed19c81e9d6da59c4815aa7981de"
published-version = "1"
