# @generated by Move, please check-in and do not edit manually.

[move]
version = 2
manifest_digest = "D5EDEAFDDE5D5222CD6E0111A755BFED9E8CCA7C84C18CEA36E6DEB6FB5C5F17"
deps_digest = "F8BBB0CCB2491CA29A3DF03D6F92277A4F3574266507ACD77214D37ECA3F3082"
dependencies = [
  { name = "Sui" },
]

[[move.package]]
name = "MoveStdlib"
source = { git = "https://github.com/MystenLabs/sui.git", rev = "framework/testnet", subdir = "crates\\sui-framework\\packages\\move-stdlib" }

[[move.package]]
name = "Sui"
source = { git = "https://github.com/MystenLabs/sui.git", rev = "framework/testnet", subdir = "crates/sui-framework/packages/sui-framework" }

dependencies = [
  { name = "MoveStdlib" },
]

[move.toolchain-version]
compiler-version = "1.29.1"
edition = "2024.beta"
flavor = "sui"

[env]

[env.testnet]
chain-id = "4c78adac"
original-published-id = "0xa8376a9a796495e42a8f8a8d7aacd98d51aef349f10d02d5bbca3cb3ebcbefbc"
latest-published-id = "0xa8376a9a796495e42a8f8a8d7aacd98d51aef349f10d02d5bbca3cb3ebcbefbc"
published-version = "1"
