# @generated by Move, please check-in and do not edit manually.

[move]
version = 2
manifest_digest = "0A4652D38CF3C3FDB79EC6C1C98FCFF7B2E933E12B84A1DA267DB28F66AFECE3"
deps_digest = "F8BBB0CCB2491CA29A3DF03D6F92277A4F3574266507ACD77214D37ECA3F3082"
dependencies = [
  { name = "Sui" },
]

[[move.package]]
name = "MoveStdlib"
source = { git = "https://github.com/MystenLabs/sui.git", rev = "framework/testnet", subdir = "crates/sui-framework/packages/move-stdlib" }

[[move.package]]
name = "Sui"
source = { git = "https://github.com/MystenLabs/sui.git", rev = "framework/testnet", subdir = "crates/sui-framework/packages/sui-framework" }

dependencies = [
  { name = "MoveStdlib" },
]

[move.toolchain-version]
compiler-version = "1.24.0"
edition = "2024.beta"
flavor = "sui"

[env]

[env.testnet]
chain-id = "4c78adac"
original-published-id = "0x703d2a8a9fc38f71d96ccf9c15a7c26b6367eb56123e045a4b4b63489b0474d8"
latest-published-id = "0x703d2a8a9fc38f71d96ccf9c15a7c26b6367eb56123e045a4b4b63489b0474d8"
published-version = "1"

[env.mainnet]
chain-id = "35834a8a"
original-published-id = "0xde8707e80311ed50aea112ecacc299a005abbc3512159dddcc0ceda20d1dc0fb"
latest-published-id = "0xde8707e80311ed50aea112ecacc299a005abbc3512159dddcc0ceda20d1dc0fb"
published-version = "1"
