# @generated by Move, please check-in and do not edit manually.

[move]
version = 3
manifest_digest = "E7A65BF39B740E195045E87B46B06936199C063AFE29D8948B9C6B9B853033A8"
deps_digest = "F8BBB0CCB2491CA29A3DF03D6F92277A4F3574266507ACD77214D37ECA3F3082"
dependencies = [
  { id = "Sui", name = "Sui" },
]

[[move.package]]
id = "MoveStdlib"
source = { git = "https://github.com/MystenLabs/sui.git", rev = "framework/testnet", subdir = "crates/sui-framework/packages/move-stdlib" }

[[move.package]]
id = "Sui"
source = { git = "https://github.com/MystenLabs/sui.git", rev = "framework/testnet", subdir = "crates/sui-framework/packages/sui-framework" }

dependencies = [
  { id = "MoveStdlib", name = "MoveStdlib" },
]

[move.toolchain-version]
compiler-version = "1.37.3"
edition = "2024.beta"
flavor = "sui"

[env]

[env.testnet]
chain-id = "4c78adac"
original-published-id = "0x92e2c8604429789bdb504505c82d1d8e9a14aaf7eb5ebd5434efade956c47260"
latest-published-id = "0x92e2c8604429789bdb504505c82d1d8e9a14aaf7eb5ebd5434efade956c47260"
published-version = "1"

[env.mainnet]
chain-id = "35834a8a"
original-published-id = "0x32de70fc2e92a7abddf1675afc56b37c5403a4a846d68de328c44d528450754e"
latest-published-id = "0x32de70fc2e92a7abddf1675afc56b37c5403a4a846d68de328c44d528450754e"
published-version = "1"
