# @generated by Move, please check-in and do not edit manually.

[move]
version = 2
manifest_digest = "BF0A2EF978C844F021E112D75EA98640008D947885AAF03ABB080ADCB93DD7ED"
deps_digest = "3C4103934B1E040BB6B23F1D610B4EF9F2F1166A50A104EADCF77467C004C600"
dependencies = [
  { name = "Sui" },
  { name = "task2" },
]

[[move.package]]
name = "MoveStdlib"
source = { git = "https://github.com/MystenLabs/sui.git", rev = "framework/testnet", subdir = "crates/sui-framework/packages/move-stdlib" }

[[move.package]]
name = "Sui"
source = { git = "https://github.com/MystenLabs/sui.git", rev = "framework/testnet", subdir = "crates/sui-framework/packages/sui-framework" }

dependencies = [
  { name = "MoveStdlib" },
]

[[move.package]]
name = "task2"
source = { local = "../task2" }

dependencies = [
  { name = "Sui" },
]

[move.toolchain-version]
compiler-version = "1.27.2"
edition = "2024.beta"
flavor = "sui"

[env]

[env.devnet]
chain-id = "8d1e8102"
original-published-id = "0x0bea90ad64d922e4774d659d608923ad2acf2a499774f481355d310901a75b9b"
latest-published-id = "0x0bea90ad64d922e4774d659d608923ad2acf2a499774f481355d310901a75b9b"
published-version = "1"

[env.mainnet]
chain-id = "35834a8a"
original-published-id = "0xd047c569341da17a09510a4f06229b6e1f05dab1e219377bdad93c887b2dcee4"
latest-published-id = "0xd047c569341da17a09510a4f06229b6e1f05dab1e219377bdad93c887b2dcee4"
published-version = "1"
