# @generated by Move, please check-in and do not edit manually.

[move]
version = 3
manifest_digest = "198F8D2C6C9494D80E47F5DA94532E105BCDFC1DFC3B4C6E03849FBF9803D9BE"
deps_digest = "F9B494B64F0615AED0E98FC12A85B85ECD2BC5185C22D30E7F67786BB52E507C"
dependencies = [
  { id = "Bridge", name = "Bridge" },
  { id = "MoveStdlib", name = "MoveStdlib" },
  { id = "Sui", name = "Sui" },
  { id = "SuiSystem", name = "SuiSystem" },
]

[[move.package]]
id = "Bridge"
source = { git = "https://github.com/MystenLabs/sui.git", rev = "79918a3f1357", subdir = "crates/sui-framework/packages/bridge" }

dependencies = [
  { id = "MoveStdlib", name = "MoveStdlib" },
  { id = "Sui", name = "Sui" },
  { id = "SuiSystem", name = "SuiSystem" },
]

[[move.package]]
id = "MoveStdlib"
source = { git = "https://github.com/MystenLabs/sui.git", rev = "79918a3f1357", subdir = "crates/sui-framework/packages/move-stdlib" }

[[move.package]]
id = "Sui"
source = { git = "https://github.com/MystenLabs/sui.git", rev = "79918a3f1357", subdir = "crates/sui-framework/packages/sui-framework" }

dependencies = [
  { id = "MoveStdlib", name = "MoveStdlib" },
]

[[move.package]]
id = "SuiSystem"
source = { git = "https://github.com/MystenLabs/sui.git", rev = "79918a3f1357", subdir = "crates/sui-framework/packages/sui-system" }

dependencies = [
  { id = "MoveStdlib", name = "MoveStdlib" },
  { id = "Sui", name = "Sui" },
]

[move.toolchain-version]
compiler-version = "1.52.3"
edition = "2024.beta"
flavor = "sui"

[env]

[env.local]
chain-id = "b2791071"
original-published-id = "0x471ffb842d91567c2da27fa371027f5f4fbb97814696ae2568084a6193d67e50"
latest-published-id = "0x471ffb842d91567c2da27fa371027f5f4fbb97814696ae2568084a6193d67e50"
published-version = "1"

[env.testnet]
chain-id = "4c78adac"
original-published-id = "0x20c220a003214fa03d5569766bc081b50746884b530e77bd8830eda234f534d9"
latest-published-id = "0x20c220a003214fa03d5569766bc081b50746884b530e77bd8830eda234f534d9"
published-version = "1"

[env.mainnet]
chain-id = "35834a8a"
original-published-id = "0xe847bdadab781e87f566ecffae050c26772f6ceb1976f4dbdc6020c2351e1ea7"
latest-published-id = "0xe847bdadab781e87f566ecffae050c26772f6ceb1976f4dbdc6020c2351e1ea7"
published-version = "1"
