# @generated by Move, please check-in and do not edit manually.

[move]
version = 3
manifest_digest = "5D3ECDA049AA3E8D48BA4400B9AB0D45B01D68F59E76EBB5553B6877A1CC70EE"
deps_digest = "F8BBB0CCB2491CA29A3DF03D6F92277A4F3574266507ACD77214D37ECA3F3082"
dependencies = [
  { id = "Sui", name = "Sui" },
]

[[move.package]]
id = "MoveStdlib"
source = { git = "https://github.com/MystenLabs/sui.git", rev = "framework/testnet", subdir = "crates/sui-framework/packages/move-stdlib" }

[[move.package]]
id = "Sui"
source = { git = "https://github.com/MystenLabs/sui.git", rev = "framework/testnet", subdir = "crates/sui-framework/packages/sui-framework" }

dependencies = [
  { id = "MoveStdlib", name = "MoveStdlib" },
]

[move.toolchain-version]
compiler-version = "1.37.1"
edition = "2024.beta"
flavor = "sui"

[env]

[env.suiscan-testnet-rpc]
chain-id = "4c78adac"
original-published-id = "0x46519907cdb0196f7b8b214210bab98fcc6f8918c391d9dceaf9aeb512d2bd5a"
latest-published-id = "0x46519907cdb0196f7b8b214210bab98fcc6f8918c391d9dceaf9aeb512d2bd5a"
published-version = "1"

[env.suiscan-mainnet-rpc]
chain-id = "35834a8a"
original-published-id = "0xf04859a1e5ddceaa04fd8e60e2dae7aafd44a71b51feb003d9c792ea79f53dfd"
latest-published-id = "0xf04859a1e5ddceaa04fd8e60e2dae7aafd44a71b51feb003d9c792ea79f53dfd"
published-version = "1"
