# @generated by Move, please check-in and do not edit manually.

[move]
version = 3
manifest_digest = "9C6BB38E4B353CE5BBCD6B378CED360DE2BE8AFA09C22723E93EAF321EDB2FFD"
deps_digest = "F8BBB0CCB2491CA29A3DF03D6F92277A4F3574266507ACD77214D37ECA3F3082"
dependencies = [
  { id = "Sui", name = "Sui" },
]

[[move.package]]
id = "MoveStdlib"
source = { git = "https://gitee.com/MystenLabs/sui.git", rev = "framework/testnet", subdir = "crates/sui-framework/packages/move-stdlib" }

[[move.package]]
id = "Sui"
source = { git = "https://gitee.com/MystenLabs/sui.git", rev = "framework/testnet", subdir = "crates/sui-framework/packages/sui-framework" }

dependencies = [
  { id = "MoveStdlib", name = "MoveStdlib" },
]

[move.toolchain-version]
compiler-version = "1.37.3"
edition = "2024.beta"
flavor = "sui"

[env]

[env.testnet]
chain-id = "4c78adac"
original-published-id = "0xf6a53a51fd195b9edc80356cc3d9011d010bf5ea0ddc95755a8aa9e10805abdb"
latest-published-id = "0xf6a53a51fd195b9edc80356cc3d9011d010bf5ea0ddc95755a8aa9e10805abdb"
published-version = "1"

[env.mainnet]
chain-id = "35834a8a"
original-published-id = "0xe73a2c3f093cc3aa9c984fcfc714b08d5f4cc682fc683efecbd345fb4eaf27c9"
latest-published-id = "0xe73a2c3f093cc3aa9c984fcfc714b08d5f4cc682fc683efecbd345fb4eaf27c9"
published-version = "1"
